// !$*UTF8*$!
{
	archiveVersion = 1;
	classes = {
	};
	objectVersion = 50;
	objects = {

/* Begin PBXBuildFile section */
		9811518124265B1700CA8E63 /* GuessTheFlag.swift in Sources */ = {isa = PBXBuildFile; fileRef = 9811518024265B1700CA8E63 /* GuessTheFlag.swift */; };
		98115183242667F800CA8E63 /* WordScamble.swift in Sources */ = {isa = PBXBuildFile; fileRef = 98115182242667F800CA8E63 /* WordScamble.swift */; };
		981151852426684700CA8E63 /* start.txt in Resources */ = {isa = PBXBuildFile; fileRef = 981151842426684700CA8E63 /* start.txt */; };
		9811518824266DAF00CA8E63 /* EmojiRatingView.swift in Sources */ = {isa = PBXBuildFile; fileRef = 9811518724266DAF00CA8E63 /* EmojiRatingView.swift */; };
		9811518A24266DF800CA8E63 /* AddBookView.swift in Sources */ = {isa = PBXBuildFile; fileRef = 9811518924266DF800CA8E63 /* AddBookView.swift */; };
		9811518C24266E2600CA8E63 /* DetailView.swift in Sources */ = {isa = PBXBuildFile; fileRef = 9811518B24266E2600CA8E63 /* DetailView.swift */; };
		9811518E24266E5500CA8E63 /* RatingView.swift in Sources */ = {isa = PBXBuildFile; fileRef = 9811518D24266E5500CA8E63 /* RatingView.swift */; };
		9811519024266EC700CA8E63 /* Bookworm.swift in Sources */ = {isa = PBXBuildFile; fileRef = 9811518F24266EC700CA8E63 /* Bookworm.swift */; };
		981151952426A55800CA8E63 /* CupcakeCorner.swift in Sources */ = {isa = PBXBuildFile; fileRef = 981151942426A55800CA8E63 /* CupcakeCorner.swift */; };
		981151972426A58700CA8E63 /* Order.swift in Sources */ = {isa = PBXBuildFile; fileRef = 981151962426A58700CA8E63 /* Order.swift */; };
		981151992426A5B900CA8E63 /* AddressView.swift in Sources */ = {isa = PBXBuildFile; fileRef = 981151982426A5B900CA8E63 /* AddressView.swift */; };
		9811519B2426A5DE00CA8E63 /* CheckoutView.swift in Sources */ = {isa = PBXBuildFile; fileRef = 9811519A2426A5DE00CA8E63 /* CheckoutView.swift */; };
		984604CD2425E9440009CCDD /* IdentifyingView.swift in Sources */ = {isa = PBXBuildFile; fileRef = 984604CC2425E9440009CCDD /* IdentifyingView.swift */; };
		984604CF2425EA4E0009CCDD /* HidingAndGrouping.swift in Sources */ = {isa = PBXBuildFile; fileRef = 984604CE2425EA4E0009CCDD /* HidingAndGrouping.swift */; };
		984604D12425ECA20009CCDD /* ReadingTheValueOfControls.swift in Sources */ = {isa = PBXBuildFile; fileRef = 984604D02425ECA20009CCDD /* ReadingTheValueOfControls.swift */; };
		985BD95F2425236A007B7A74 /* AppDelegate.swift in Sources */ = {isa = PBXBuildFile; fileRef = 985BD95E2425236A007B7A74 /* AppDelegate.swift */; };
		985BD9612425236A007B7A74 /* SceneDelegate.swift in Sources */ = {isa = PBXBuildFile; fileRef = 985BD9602425236A007B7A74 /* SceneDelegate.swift */; };
		985BD9642425236A007B7A74 /* Accessibility.xcdatamodeld in Sources */ = {isa = PBXBuildFile; fileRef = 985BD9622425236A007B7A74 /* Accessibility.xcdatamodeld */; };
		985BD9662425236A007B7A74 /* ContentView.swift in Sources */ = {isa = PBXBuildFile; fileRef = 985BD9652425236A007B7A74 /* ContentView.swift */; };
		985BD9682425236C007B7A74 /* Assets.xcassets in Resources */ = {isa = PBXBuildFile; fileRef = 985BD9672425236C007B7A74 /* Assets.xcassets */; };
		985BD96B2425236C007B7A74 /* Preview Assets.xcassets in Resources */ = {isa = PBXBuildFile; fileRef = 985BD96A2425236C007B7A74 /* Preview Assets.xcassets */; };
		985BD96E2425236C007B7A74 /* LaunchScreen.storyboard in Resources */ = {isa = PBXBuildFile; fileRef = 985BD96C2425236C007B7A74 /* LaunchScreen.storyboard */; };
/* End PBXBuildFile section */

/* Begin PBXFileReference section */
		9811518024265B1700CA8E63 /* GuessTheFlag.swift */ = {isa = PBXFileReference; lastKnownFileType = sourcecode.swift; path = GuessTheFlag.swift; sourceTree = "<group>"; };
		98115182242667F800CA8E63 /* WordScamble.swift */ = {isa = PBXFileReference; lastKnownFileType = sourcecode.swift; path = WordScamble.swift; sourceTree = "<group>"; };
		981151842426684700CA8E63 /* start.txt */ = {isa = PBXFileReference; fileEncoding = 4; lastKnownFileType = text; name = start.txt; path = "../../../Days 29 - 31 Project 5/WordScramble/WordScramble/start.txt"; sourceTree = "<group>"; };
		9811518724266DAF00CA8E63 /* EmojiRatingView.swift */ = {isa = PBXFileReference; lastKnownFileType = sourcecode.swift; path = EmojiRatingView.swift; sourceTree = "<group>"; };
		9811518924266DF800CA8E63 /* AddBookView.swift */ = {isa = PBXFileReference; lastKnownFileType = sourcecode.swift; path = AddBookView.swift; sourceTree = "<group>"; };
		9811518B24266E2600CA8E63 /* DetailView.swift */ = {isa = PBXFileReference; lastKnownFileType = sourcecode.swift; path = DetailView.swift; sourceTree = "<group>"; };
		9811518D24266E5500CA8E63 /* RatingView.swift */ = {isa = PBXFileReference; lastKnownFileType = sourcecode.swift; path = RatingView.swift; sourceTree = "<group>"; };
		9811518F24266EC700CA8E63 /* Bookworm.swift */ = {isa = PBXFileReference; lastKnownFileType = sourcecode.swift; path = Bookworm.swift; sourceTree = "<group>"; };
		981151942426A55800CA8E63 /* CupcakeCorner.swift */ = {isa = PBXFileReference; lastKnownFileType = sourcecode.swift; path = CupcakeCorner.swift; sourceTree = "<group>"; };
		981151962426A58700CA8E63 /* Order.swift */ = {isa = PBXFileReference; lastKnownFileType = sourcecode.swift; path = Order.swift; sourceTree = "<group>"; };
		981151982426A5B900CA8E63 /* AddressView.swift */ = {isa = PBXFileReference; lastKnownFileType = sourcecode.swift; path = AddressView.swift; sourceTree = "<group>"; };
		9811519A2426A5DE00CA8E63 /* CheckoutView.swift */ = {isa = PBXFileReference; lastKnownFileType = sourcecode.swift; path = CheckoutView.swift; sourceTree = "<group>"; };
		984604CC2425E9440009CCDD /* IdentifyingView.swift */ = {isa = PBXFileReference; lastKnownFileType = sourcecode.swift; path = IdentifyingView.swift; sourceTree = "<group>"; };
		984604CE2425EA4E0009CCDD /* HidingAndGrouping.swift */ = {isa = PBXFileReference; lastKnownFileType = sourcecode.swift; path = HidingAndGrouping.swift; sourceTree = "<group>"; };
		984604D02425ECA20009CCDD /* ReadingTheValueOfControls.swift */ = {isa = PBXFileReference; lastKnownFileType = sourcecode.swift; path = ReadingTheValueOfControls.swift; sourceTree = "<group>"; };
		985BD95B2425236A007B7A74 /* Accessibility.app */ = {isa = PBXFileReference; explicitFileType = wrapper.application; includeInIndex = 0; path = Accessibility.app; sourceTree = BUILT_PRODUCTS_DIR; };
		985BD95E2425236A007B7A74 /* AppDelegate.swift */ = {isa = PBXFileReference; lastKnownFileType = sourcecode.swift; path = AppDelegate.swift; sourceTree = "<group>"; };
		985BD9602425236A007B7A74 /* SceneDelegate.swift */ = {isa = PBXFileReference; lastKnownFileType = sourcecode.swift; path = SceneDelegate.swift; sourceTree = "<group>"; };
		985BD9632425236A007B7A74 /* Accessibility.xcdatamodel */ = {isa = PBXFileReference; lastKnownFileType = wrapper.xcdatamodel; path = Accessibility.xcdatamodel; sourceTree = "<group>"; };
		985BD9652425236A007B7A74 /* ContentView.swift */ = {isa = PBXFileReference; lastKnownFileType = sourcecode.swift; path = ContentView.swift; sourceTree = "<group>"; };
		985BD9672425236C007B7A74 /* Assets.xcassets */ = {isa = PBXFileReference; lastKnownFileType = folder.assetcatalog; path = Assets.xcassets; sourceTree = "<group>"; };
		985BD96A2425236C007B7A74 /* Preview Assets.xcassets */ = {isa = PBXFileReference; lastKnownFileType = folder.assetcatalog; path = "Preview Assets.xcassets"; sourceTree = "<group>"; };
		985BD96D2425236C007B7A74 /* Base */ = {isa = PBXFileReference; lastKnownFileType = file.storyboard; name = Base; path = Base.lproj/LaunchScreen.storyboard; sourceTree = "<group>"; };
		985BD96F2425236C007B7A74 /* Info.plist */ = {isa = PBXFileReference; lastKnownFileType = text.plist.xml; path = Info.plist; sourceTree = "<group>"; };
/* End PBXFileReference section */

/* Begin PBXFrameworksBuildPhase section */
		985BD9582425236A007B7A74 /* Frameworks */ = {
			isa = PBXFrameworksBuildPhase;
			buildActionMask = 2147483647;
			files = (
			);
			runOnlyForDeploymentPostprocessing = 0;
		};
/* End PBXFrameworksBuildPhase section */

/* Begin PBXGroup section */
		9811518624266D4E00CA8E63 /* Bookworm */ = {
			isa = PBXGroup;
			children = (
				9811518F24266EC700CA8E63 /* Bookworm.swift */,
				9811518724266DAF00CA8E63 /* EmojiRatingView.swift */,
				9811518924266DF800CA8E63 /* AddBookView.swift */,
				9811518B24266E2600CA8E63 /* DetailView.swift */,
				9811518D24266E5500CA8E63 /* RatingView.swift */,
			);
			path = Bookworm;
			sourceTree = "<group>";
		};
		981151932426A4CD00CA8E63 /* CupcakeCorner */ = {
			isa = PBXGroup;
			children = (
				981151942426A55800CA8E63 /* CupcakeCorner.swift */,
				981151962426A58700CA8E63 /* Order.swift */,
				981151982426A5B900CA8E63 /* AddressView.swift */,
				9811519A2426A5DE00CA8E63 /* CheckoutView.swift */,
			);
			path = CupcakeCorner;
			sourceTree = "<group>";
		};
		984604CB2425E9080009CCDD /* Views */ = {
			isa = PBXGroup;
			children = (
				981151932426A4CD00CA8E63 /* CupcakeCorner */,
				9811518624266D4E00CA8E63 /* Bookworm */,
				984604CC2425E9440009CCDD /* IdentifyingView.swift */,
				984604CE2425EA4E0009CCDD /* HidingAndGrouping.swift */,
				984604D02425ECA20009CCDD /* ReadingTheValueOfControls.swift */,
				9811518024265B1700CA8E63 /* GuessTheFlag.swift */,
				98115182242667F800CA8E63 /* WordScamble.swift */,
			);
			path = Views;
			sourceTree = "<group>";
		};
		985BD9522425236A007B7A74 = {
			isa = PBXGroup;
			children = (
				985BD95D2425236A007B7A74 /* Accessibility */,
				985BD95C2425236A007B7A74 /* Products */,
			);
			sourceTree = "<group>";
		};
		985BD95C2425236A007B7A74 /* Products */ = {
			isa = PBXGroup;
			children = (
				985BD95B2425236A007B7A74 /* Accessibility.app */,
			);
			name = Products;
			sourceTree = "<group>";
		};
		985BD95D2425236A007B7A74 /* Accessibility */ = {
			isa = PBXGroup;
			children = (
				985BD95E2425236A007B7A74 /* AppDelegate.swift */,
				985BD9602425236A007B7A74 /* SceneDelegate.swift */,
				985BD9652425236A007B7A74 /* ContentView.swift */,
				984604CB2425E9080009CCDD /* Views */,
				985BD9672425236C007B7A74 /* Assets.xcassets */,
				985BD96C2425236C007B7A74 /* LaunchScreen.storyboard */,
				985BD96F2425236C007B7A74 /* Info.plist */,
				985BD9622425236A007B7A74 /* Accessibility.xcdatamodeld */,
				981151842426684700CA8E63 /* start.txt */,
				985BD9692425236C007B7A74 /* Preview Content */,
			);
			path = Accessibility;
			sourceTree = "<group>";
		};
		985BD9692425236C007B7A74 /* Preview Content */ = {
			isa = PBXGroup;
			children = (
				985BD96A2425236C007B7A74 /* Preview Assets.xcassets */,
			);
			path = "Preview Content";
			sourceTree = "<group>";
		};
/* End PBXGroup section */

/* Begin PBXNativeTarget section */
		985BD95A2425236A007B7A74 /* Accessibility */ = {
			isa = PBXNativeTarget;
			buildConfigurationList = 985BD9722425236C007B7A74 /* Build configuration list for PBXNativeTarget "Accessibility" */;
			buildPhases = (
				985BD9572425236A007B7A74 /* Sources */,
				985BD9582425236A007B7A74 /* Frameworks */,
				985BD9592425236A007B7A74 /* Resources */,
			);
			buildRules = (
			);
			dependencies = (
			);
			name = Accessibility;
			productName = Accessibility;
			productReference = 985BD95B2425236A007B7A74 /* Accessibility.app */;
			productType = "com.apple.product-type.application";
		};
/* End PBXNativeTarget section */

/* Begin PBXProject section */
		985BD9532425236A007B7A74 /* Project object */ = {
			isa = PBXProject;
			attributes = {
				LastSwiftUpdateCheck = 1140;
				LastUpgradeCheck = 1140;
				ORGANIZATIONNAME = "Petro Onishchuk";
				TargetAttributes = {
					985BD95A2425236A007B7A74 = {
						CreatedOnToolsVersion = 11.4;
					};
				};
			};
			buildConfigurationList = 985BD9562425236A007B7A74 /* Build configuration list for PBXProject "Accessibility" */;
			compatibilityVersion = "Xcode 9.3";
			developmentRegion = en;
			hasScannedForEncodings = 0;
			knownRegions = (
				en,
				Base,
			);
			mainGroup = 985BD9522425236A007B7A74;
			productRefGroup = 985BD95C2425236A007B7A74 /* Products */;
			projectDirPath = "";
			projectRoot = "";
			targets = (
				985BD95A2425236A007B7A74 /* Accessibility */,
			);
		};
/* End PBXProject section */

/* Begin PBXResourcesBuildPhase section */
		985BD9592425236A007B7A74 /* Resources */ = {
			isa = PBXResourcesBuildPhase;
			buildActionMask = 2147483647;
			files = (
				985BD96E2425236C007B7A74 /* LaunchScreen.storyboard in Resources */,
				981151852426684700CA8E63 /* start.txt in Resources */,
				985BD96B2425236C007B7A74 /* Preview Assets.xcassets in Resources */,
				985BD9682425236C007B7A74 /* Assets.xcassets in Resources */,
			);
			runOnlyForDeploymentPostprocessing = 0;
		};
/* End PBXResourcesBuildPhase section */

/* Begin PBXSourcesBuildPhase section */
		985BD9572425236A007B7A74 /* Sources */ = {
			isa = PBXSourcesBuildPhase;
			buildActionMask = 2147483647;
			files = (
				9811518824266DAF00CA8E63 /* EmojiRatingView.swift in Sources */,
				9811518C24266E2600CA8E63 /* DetailView.swift in Sources */,
				981151972426A58700CA8E63 /* Order.swift in Sources */,
				981151952426A55800CA8E63 /* CupcakeCorner.swift in Sources */,
				984604D12425ECA20009CCDD /* ReadingTheValueOfControls.swift in Sources */,
				985BD95F2425236A007B7A74 /* AppDelegate.swift in Sources */,
				985BD9642425236A007B7A74 /* Accessibility.xcdatamodeld in Sources */,
				985BD9662425236A007B7A74 /* ContentView.swift in Sources */,
				9811519B2426A5DE00CA8E63 /* CheckoutView.swift in Sources */,
				984604CF2425EA4E0009CCDD /* HidingAndGrouping.swift in Sources */,
				9811518E24266E5500CA8E63 /* RatingView.swift in Sources */,
				984604CD2425E9440009CCDD /* IdentifyingView.swift in Sources */,
				9811519024266EC700CA8E63 /* Bookworm.swift in Sources */,
				9811518A24266DF800CA8E63 /* AddBookView.swift in Sources */,
				985BD9612425236A007B7A74 /* SceneDelegate.swift in Sources */,
				981151992426A5B900CA8E63 /* AddressView.swift in Sources */,
				98115183242667F800CA8E63 /* WordScamble.swift in Sources */,
				9811518124265B1700CA8E63 /* GuessTheFlag.swift in Sources */,
			);
			runOnlyForDeploymentPostprocessing = 0;
		};
/* End PBXSourcesBuildPhase section */

/* Begin PBXVariantGroup section */
		985BD96C2425236C007B7A74 /* LaunchScreen.storyboard */ = {
			isa = PBXVariantGroup;
			children = (
				985BD96D2425236C007B7A74 /* Base */,
			);
			name = LaunchScreen.storyboard;
			sourceTree = "<group>";
		};
/* End PBXVariantGroup section */

/* Begin XCBuildConfiguration section */
		985BD9702425236C007B7A74 /* Debug */ = {
			isa = XCBuildConfiguration;
			buildSettings = {
				ALWAYS_SEARCH_USER_PATHS = NO;
				CLANG_ANALYZER_NONNULL = YES;
				CLANG_ANALYZER_NUMBER_OBJECT_CONVERSION = YES_AGGRESSIVE;
				CLANG_CXX_LANGUAGE_STANDARD = "gnu++14";
				CLANG_CXX_LIBRARY = "libc++";
				CLANG_ENABLE_MODULES = YES;
				CLANG_ENABLE_OBJC_ARC = YES;
				CLANG_ENABLE_OBJC_WEAK = YES;
				CLANG_WARN_BLOCK_CAPTURE_AUTORELEASING = YES;
				CLANG_WARN_BOOL_CONVERSION = YES;
				CLANG_WARN_COMMA = YES;
				CLANG_WARN_CONSTANT_CONVERSION = YES;
				CLANG_WARN_DEPRECATED_OBJC_IMPLEMENTATIONS = YES;
				CLANG_WARN_DIRECT_OBJC_ISA_USAGE = YES_ERROR;
				CLANG_WARN_DOCUMENTATION_COMMENTS = YES;
				CLANG_WARN_EMPTY_BODY = YES;
				CLANG_WARN_ENUM_CONVERSION = YES;
				CLANG_WARN_INFINITE_RECURSION = YES;
				CLANG_WARN_INT_CONVERSION = YES;
				CLANG_WARN_NON_LITERAL_NULL_CONVERSION = YES;
				CLANG_WARN_OBJC_IMPLICIT_RETAIN_SELF = YES;
				CLANG_WARN_OBJC_LITERAL_CONVERSION = YES;
				CLANG_WARN_OBJC_ROOT_CLASS = YES_ERROR;
				CLANG_WARN_RANGE_LOOP_ANALYSIS = YES;
				CLANG_WARN_STRICT_PROTOTYPES = YES;
				CLANG_WARN_SUSPICIOUS_MOVE = YES;
				CLANG_WARN_UNGUARDED_AVAILABILITY = YES_AGGRESSIVE;
				CLANG_WARN_UNREACHABLE_CODE = YES;
				CLANG_WARN__DUPLICATE_METHOD_MATCH = YES;
				COPY_PHASE_STRIP = NO;
				DEBUG_INFORMATION_FORMAT = dwarf;
				ENABLE_STRICT_OBJC_MSGSEND = YES;
				ENABLE_TESTABILITY = YES;
				GCC_C_LANGUAGE_STANDARD = gnu11;
				GCC_DYNAMIC_NO_PIC = NO;
				GCC_NO_COMMON_BLOCKS = YES;
				GCC_OPTIMIZATION_LEVEL = 0;
				GCC_PREPROCESSOR_DEFINITIONS = (
					"DEBUG=1",
					"$(inherited)",
				);
				GCC_WARN_64_TO_32_BIT_CONVERSION = YES;
				GCC_WARN_ABOUT_RETURN_TYPE = YES_ERROR;
				GCC_WARN_UNDECLARED_SELECTOR = YES;
				GCC_WARN_UNINITIALIZED_AUTOS = YES_AGGRESSIVE;
				GCC_WARN_UNUSED_FUNCTION = YES;
				GCC_WARN_UNUSED_VARIABLE = YES;
				IPHONEOS_DEPLOYMENT_TARGET = 13.4;
				MTL_ENABLE_DEBUG_INFO = INCLUDE_SOURCE;
				MTL_FAST_MATH = YES;
				ONLY_ACTIVE_ARCH = YES;
				SDKROOT = iphoneos;
				SWIFT_ACTIVE_COMPILATION_CONDITIONS = DEBUG;
				SWIFT_OPTIMIZATION_LEVEL = "-Onone";
			};
			name = Debug;
		};
		985BD9712425236C007B7A74 /* Release */ = {
			isa = XCBuildConfiguration;
			buildSettings = {
				ALWAYS_SEARCH_USER_PATHS = NO;
				CLANG_ANALYZER_NONNULL = YES;
				CLANG_ANALYZER_NUMBER_OBJECT_CONVERSION = YES_AGGRESSIVE;
				CLANG_CXX_LANGUAGE_STANDARD = "gnu++14";
				CLANG_CXX_LIBRARY = "libc++";
				CLANG_ENABLE_MODULES = YES;
				CLANG_ENABLE_OBJC_ARC = YES;
				CLANG_ENABLE_OBJC_WEAK = YES;
				CLANG_WARN_BLOCK_CAPTURE_AUTORELEASING = YES;
				CLANG_WARN_BOOL_CONVERSION = YES;
				CLANG_WARN_COMMA = YES;
				CLANG_WARN_CONSTANT_CONVERSION = YES;
				CLANG_WARN_DEPRECATED_OBJC_IMPLEMENTATIONS = YES;
				CLANG_WARN_DIRECT_OBJC_ISA_USAGE = YES_ERROR;
				CLANG_WARN_DOCUMENTATION_COMMENTS = YES;
				CLANG_WARN_EMPTY_BODY = YES;
				CLANG_WARN_ENUM_CONVERSION = YES;
				CLANG_WARN_INFINITE_RECURSION = YES;
				CLANG_WARN_INT_CONVERSION = YES;
				CLANG_WARN_NON_LITERAL_NULL_CONVERSION = YES;
				CLANG_WARN_OBJC_IMPLICIT_RETAIN_SELF = YES;
				CLANG_WARN_OBJC_LITERAL_CONVERSION = YES;
				CLANG_WARN_OBJC_ROOT_CLASS = YES_ERROR;
				CLANG_WARN_RANGE_LOOP_ANALYSIS = YES;
				CLANG_WARN_STRICT_PROTOTYPES = YES;
				CLANG_WARN_SUSPICIOUS_MOVE = YES;
				CLANG_WARN_UNGUARDED_AVAILABILITY = YES_AGGRESSIVE;
				CLANG_WARN_UNREACHABLE_CODE = YES;
				CLANG_WARN__DUPLICATE_METHOD_MATCH = YES;
				COPY_PHASE_STRIP = NO;
				DEBUG_INFORMATION_FORMAT = "dwarf-with-dsym";
				ENABLE_NS_ASSERTIONS = NO;
				ENABLE_STRICT_OBJC_MSGSEND = YES;
				GCC_C_LANGUAGE_STANDARD = gnu11;
				GCC_NO_COMMON_BLOCKS = YES;
				GCC_WARN_64_TO_32_BIT_CONVERSION = YES;
				GCC_WARN_ABOUT_RETURN_TYPE = YES_ERROR;
				GCC_WARN_UNDECLARED_SELECTOR = YES;
				GCC_WARN_UNINITIALIZED_AUTOS = YES_AGGRESSIVE;
				GCC_WARN_UNUSED_FUNCTION = YES;
				GCC_WARN_UNUSED_VARIABLE = YES;
				IPHONEOS_DEPLOYMENT_TARGET = 13.4;
				MTL_ENABLE_DEBUG_INFO = NO;
				MTL_FAST_MATH = YES;
				SDKROOT = iphoneos;
				SWIFT_COMPILATION_MODE = wholemodule;
				SWIFT_OPTIMIZATION_LEVEL = "-O";
				VALIDATE_PRODUCT = YES;
			};
			name = Release;
		};
		985BD9732425236C007B7A74 /* Debug */ = {
			isa = XCBuildConfiguration;
			buildSettings = {
				ASSETCATALOG_COMPILER_APPICON_NAME = AppIcon;
				CODE_SIGN_STYLE = Automatic;
				DEVELOPMENT_ASSET_PATHS = "\"Accessibility/Preview Content\"";
				DEVELOPMENT_TEAM = JQVSXS5J2X;
				ENABLE_PREVIEWS = YES;
				INFOPLIST_FILE = Accessibility/Info.plist;
				LD_RUNPATH_SEARCH_PATHS = (
					"$(inherited)",
					"@executable_path/Frameworks",
				);
				PRODUCT_BUNDLE_IDENTIFIER = me.petroonishchuk.Accessibility;
				PRODUCT_NAME = "$(TARGET_NAME)";
				SWIFT_VERSION = 5.0;
				TARGETED_DEVICE_FAMILY = "1,2";
			};
			name = Debug;
		};
		985BD9742425236C007B7A74 /* Release */ = {
			isa = XCBuildConfiguration;
			buildSettings = {
				ASSETCATALOG_COMPILER_APPICON_NAME = AppIcon;
				CODE_SIGN_STYLE = Automatic;
				DEVELOPMENT_ASSET_PATHS = "\"Accessibility/Preview Content\"";
				DEVELOPMENT_TEAM = JQVSXS5J2X;
				ENABLE_PREVIEWS = YES;
				INFOPLIST_FILE = Accessibility/Info.plist;
				LD_RUNPATH_SEARCH_PATHS = (
					"$(inherited)",
					"@executable_path/Frameworks",
				);
				PRODUCT_BUNDLE_IDENTIFIER = me.petroonishchuk.Accessibility;
				PRODUCT_NAME = "$(TARGET_NAME)";
				SWIFT_VERSION = 5.0;
				TARGETED_DEVICE_FAMILY = "1,2";
			};
			name = Release;
		};
/* End XCBuildConfiguration section */

/* Begin XCConfigurationList section */
		985BD9562425236A007B7A74 /* Build configuration list for PBXProject "Accessibility" */ = {
			isa = XCConfigurationList;
			buildConfigurations = (
				985BD9702425236C007B7A74 /* Debug */,
				985BD9712425236C007B7A74 /* Release */,
			);
			defaultConfigurationIsVisible = 0;
			defaultConfigurationName = Release;
		};
		985BD9722425236C007B7A74 /* Build configuration list for PBXNativeTarget "Accessibility" */ = {
			isa = XCConfigurationList;
			buildConfigurations = (
				985BD9732425236C007B7A74 /* Debug */,
				985BD9742425236C007B7A74 /* Release */,
			);
			defaultConfigurationIsVisible = 0;
			defaultConfigurationName = Release;
		};
/* End XCConfigurationList section */

/* Begin XCVersionGroup section */
		985BD9622425236A007B7A74 /* Accessibility.xcdatamodeld */ = {
			isa = XCVersionGroup;
			children = (
				985BD9632425236A007B7A74 /* Accessibility.xcdatamodel */,
			);
			currentVersion = 985BD9632425236A007B7A74 /* Accessibility.xcdatamodel */;
			path = Accessibility.xcdatamodeld;
			sourceTree = "<group>";
			versionGroupType = wrapper.xcdatamodel;
		};
/* End XCVersionGroup section */
	};
	rootObject = 985BD9532425236A007B7A74 /* Project object */;
}
