// !$*UTF8*$!
{
	archiveVersion = 1;
	classes = {
	};
	objectVersion = 50;
	objects = {

/* Begin PBXBuildFile section */
		9873C9802460493C00F0337E /* AppDelegate.swift in Sources */ = {isa = PBXBuildFile; fileRef = 9873C97F2460493C00F0337E /* AppDelegate.swift */; };
		9873C9822460493C00F0337E /* SceneDelegate.swift in Sources */ = {isa = PBXBuildFile; fileRef = 9873C9812460493C00F0337E /* SceneDelegate.swift */; };
		9873C9852460493C00F0337E /* RollDice.xcdatamodeld in Sources */ = {isa = PBXBuildFile; fileRef = 9873C9832460493C00F0337E /* RollDice.xcdatamodeld */; };
		9873C9872460493C00F0337E /* ContentView.swift in Sources */ = {isa = PBXBuildFile; fileRef = 9873C9862460493C00F0337E /* ContentView.swift */; };
		9873C9892460493D00F0337E /* Assets.xcassets in Resources */ = {isa = PBXBuildFile; fileRef = 9873C9882460493D00F0337E /* Assets.xcassets */; };
		9873C98C2460493D00F0337E /* Preview Assets.xcassets in Resources */ = {isa = PBXBuildFile; fileRef = 9873C98B2460493D00F0337E /* Preview Assets.xcassets */; };
		9873C98F2460493D00F0337E /* LaunchScreen.storyboard in Resources */ = {isa = PBXBuildFile; fileRef = 9873C98D2460493D00F0337E /* LaunchScreen.storyboard */; };
		9873C99C24604DFC00F0337E /* Die+CoreDataClass.swift in Sources */ = {isa = PBXBuildFile; fileRef = 9873C99824604DFC00F0337E /* Die+CoreDataClass.swift */; };
		9873C99D24604DFC00F0337E /* Die+CoreDataProperties.swift in Sources */ = {isa = PBXBuildFile; fileRef = 9873C99924604DFC00F0337E /* Die+CoreDataProperties.swift */; };
		9873C99E24604DFC00F0337E /* Result+CoreDataClass.swift in Sources */ = {isa = PBXBuildFile; fileRef = 9873C99A24604DFC00F0337E /* Result+CoreDataClass.swift */; };
		9873C99F24604DFC00F0337E /* Result+CoreDataProperties.swift in Sources */ = {isa = PBXBuildFile; fileRef = 9873C99B24604DFC00F0337E /* Result+CoreDataProperties.swift */; };
		9873C9A12460598A00F0337E /* TextView.swift in Sources */ = {isa = PBXBuildFile; fileRef = 9873C9A02460598A00F0337E /* TextView.swift */; };
		9873C9A324605D6A00F0337E /* DiceRollButtonView.swift in Sources */ = {isa = PBXBuildFile; fileRef = 9873C9A224605D6A00F0337E /* DiceRollButtonView.swift */; };
		9873C9A524605EA700F0337E /* DieView.swift in Sources */ = {isa = PBXBuildFile; fileRef = 9873C9A424605EA700F0337E /* DieView.swift */; };
		9873C9AB2460625500F0337E /* ResultsView.swift in Sources */ = {isa = PBXBuildFile; fileRef = 9873C9AA2460625500F0337E /* ResultsView.swift */; };
		9873C9AD246088AF00F0337E /* EditDiceView.swift in Sources */ = {isa = PBXBuildFile; fileRef = 9873C9AC246088AF00F0337E /* EditDiceView.swift */; };
		9873C9AF246090DF00F0337E /* RollDiceView.swift in Sources */ = {isa = PBXBuildFile; fileRef = 9873C9AE246090DF00F0337E /* RollDiceView.swift */; };
		9873C9B124609BAC00F0337E /* MainView.swift in Sources */ = {isa = PBXBuildFile; fileRef = 9873C9B024609BAC00F0337E /* MainView.swift */; };
/* End PBXBuildFile section */

/* Begin PBXFileReference section */
		9873C97C2460493C00F0337E /* RollDice.app */ = {isa = PBXFileReference; explicitFileType = wrapper.application; includeInIndex = 0; path = RollDice.app; sourceTree = BUILT_PRODUCTS_DIR; };
		9873C97F2460493C00F0337E /* AppDelegate.swift */ = {isa = PBXFileReference; lastKnownFileType = sourcecode.swift; path = AppDelegate.swift; sourceTree = "<group>"; };
		9873C9812460493C00F0337E /* SceneDelegate.swift */ = {isa = PBXFileReference; lastKnownFileType = sourcecode.swift; path = SceneDelegate.swift; sourceTree = "<group>"; };
		9873C9842460493C00F0337E /* RollDice.xcdatamodel */ = {isa = PBXFileReference; lastKnownFileType = wrapper.xcdatamodel; path = RollDice.xcdatamodel; sourceTree = "<group>"; };
		9873C9862460493C00F0337E /* ContentView.swift */ = {isa = PBXFileReference; lastKnownFileType = sourcecode.swift; path = ContentView.swift; sourceTree = "<group>"; };
		9873C9882460493D00F0337E /* Assets.xcassets */ = {isa = PBXFileReference; lastKnownFileType = folder.assetcatalog; path = Assets.xcassets; sourceTree = "<group>"; };
		9873C98B2460493D00F0337E /* Preview Assets.xcassets */ = {isa = PBXFileReference; lastKnownFileType = folder.assetcatalog; path = "Preview Assets.xcassets"; sourceTree = "<group>"; };
		9873C98E2460493D00F0337E /* Base */ = {isa = PBXFileReference; lastKnownFileType = file.storyboard; name = Base; path = Base.lproj/LaunchScreen.storyboard; sourceTree = "<group>"; };
		9873C9902460493D00F0337E /* Info.plist */ = {isa = PBXFileReference; lastKnownFileType = text.plist.xml; path = Info.plist; sourceTree = "<group>"; };
		9873C99824604DFC00F0337E /* Die+CoreDataClass.swift */ = {isa = PBXFileReference; lastKnownFileType = sourcecode.swift; path = "Die+CoreDataClass.swift"; sourceTree = SOURCE_ROOT; };
		9873C99924604DFC00F0337E /* Die+CoreDataProperties.swift */ = {isa = PBXFileReference; lastKnownFileType = sourcecode.swift; path = "Die+CoreDataProperties.swift"; sourceTree = SOURCE_ROOT; };
		9873C99A24604DFC00F0337E /* Result+CoreDataClass.swift */ = {isa = PBXFileReference; lastKnownFileType = sourcecode.swift; path = "Result+CoreDataClass.swift"; sourceTree = SOURCE_ROOT; };
		9873C99B24604DFC00F0337E /* Result+CoreDataProperties.swift */ = {isa = PBXFileReference; lastKnownFileType = sourcecode.swift; path = "Result+CoreDataProperties.swift"; sourceTree = SOURCE_ROOT; };
		9873C9A02460598A00F0337E /* TextView.swift */ = {isa = PBXFileReference; lastKnownFileType = sourcecode.swift; path = TextView.swift; sourceTree = "<group>"; };
		9873C9A224605D6A00F0337E /* DiceRollButtonView.swift */ = {isa = PBXFileReference; lastKnownFileType = sourcecode.swift; path = DiceRollButtonView.swift; sourceTree = "<group>"; };
		9873C9A424605EA700F0337E /* DieView.swift */ = {isa = PBXFileReference; lastKnownFileType = sourcecode.swift; path = DieView.swift; sourceTree = "<group>"; };
		9873C9AA2460625500F0337E /* ResultsView.swift */ = {isa = PBXFileReference; lastKnownFileType = sourcecode.swift; path = ResultsView.swift; sourceTree = "<group>"; };
		9873C9AC246088AF00F0337E /* EditDiceView.swift */ = {isa = PBXFileReference; lastKnownFileType = sourcecode.swift; path = EditDiceView.swift; sourceTree = "<group>"; };
		9873C9AE246090DF00F0337E /* RollDiceView.swift */ = {isa = PBXFileReference; lastKnownFileType = sourcecode.swift; path = RollDiceView.swift; sourceTree = "<group>"; };
		9873C9B024609BAC00F0337E /* MainView.swift */ = {isa = PBXFileReference; lastKnownFileType = sourcecode.swift; path = MainView.swift; sourceTree = "<group>"; };
/* End PBXFileReference section */

/* Begin PBXFrameworksBuildPhase section */
		9873C9792460493C00F0337E /* Frameworks */ = {
			isa = PBXFrameworksBuildPhase;
			buildActionMask = 2147483647;
			files = (
			);
			runOnlyForDeploymentPostprocessing = 0;
		};
/* End PBXFrameworksBuildPhase section */

/* Begin PBXGroup section */
		9873C9732460493C00F0337E = {
			isa = PBXGroup;
			children = (
				9873C97E2460493C00F0337E /* RollDice */,
				9873C97D2460493C00F0337E /* Products */,
			);
			sourceTree = "<group>";
		};
		9873C97D2460493C00F0337E /* Products */ = {
			isa = PBXGroup;
			children = (
				9873C97C2460493C00F0337E /* RollDice.app */,
			);
			name = Products;
			sourceTree = "<group>";
		};
		9873C97E2460493C00F0337E /* RollDice */ = {
			isa = PBXGroup;
			children = (
				9873C996246049F300F0337E /* Core Data */,
				9873C99724604A0000F0337E /* View */,
				9873C97F2460493C00F0337E /* AppDelegate.swift */,
				9873C9812460493C00F0337E /* SceneDelegate.swift */,
				9873C9862460493C00F0337E /* ContentView.swift */,
				9873C9882460493D00F0337E /* Assets.xcassets */,
				9873C98D2460493D00F0337E /* LaunchScreen.storyboard */,
				9873C9902460493D00F0337E /* Info.plist */,
				9873C9832460493C00F0337E /* RollDice.xcdatamodeld */,
				9873C98A2460493D00F0337E /* Preview Content */,
			);
			path = RollDice;
			sourceTree = "<group>";
		};
		9873C98A2460493D00F0337E /* Preview Content */ = {
			isa = PBXGroup;
			children = (
				9873C98B2460493D00F0337E /* Preview Assets.xcassets */,
			);
			path = "Preview Content";
			sourceTree = "<group>";
		};
		9873C996246049F300F0337E /* Core Data */ = {
			isa = PBXGroup;
			children = (
				9873C99824604DFC00F0337E /* Die+CoreDataClass.swift */,
				9873C99924604DFC00F0337E /* Die+CoreDataProperties.swift */,
				9873C99A24604DFC00F0337E /* Result+CoreDataClass.swift */,
				9873C99B24604DFC00F0337E /* Result+CoreDataProperties.swift */,
			);
			path = "Core Data";
			sourceTree = "<group>";
		};
		9873C99724604A0000F0337E /* View */ = {
			isa = PBXGroup;
			children = (
				9873C9A02460598A00F0337E /* TextView.swift */,
				9873C9A224605D6A00F0337E /* DiceRollButtonView.swift */,
				9873C9A424605EA700F0337E /* DieView.swift */,
				9873C9AA2460625500F0337E /* ResultsView.swift */,
				9873C9AC246088AF00F0337E /* EditDiceView.swift */,
				9873C9AE246090DF00F0337E /* RollDiceView.swift */,
				9873C9B024609BAC00F0337E /* MainView.swift */,
			);
			path = View;
			sourceTree = "<group>";
		};
/* End PBXGroup section */

/* Begin PBXNativeTarget section */
		9873C97B2460493C00F0337E /* RollDice */ = {
			isa = PBXNativeTarget;
			buildConfigurationList = 9873C9932460493D00F0337E /* Build configuration list for PBXNativeTarget "RollDice" */;
			buildPhases = (
				9873C9782460493C00F0337E /* Sources */,
				9873C9792460493C00F0337E /* Frameworks */,
				9873C97A2460493C00F0337E /* Resources */,
			);
			buildRules = (
			);
			dependencies = (
			);
			name = RollDice;
			productName = RollDice;
			productReference = 9873C97C2460493C00F0337E /* RollDice.app */;
			productType = "com.apple.product-type.application";
		};
/* End PBXNativeTarget section */

/* Begin PBXProject section */
		9873C9742460493C00F0337E /* Project object */ = {
			isa = PBXProject;
			attributes = {
				LastSwiftUpdateCheck = 1150;
				LastUpgradeCheck = 1150;
				ORGANIZATIONNAME = "Petro Onishchuk";
				TargetAttributes = {
					9873C97B2460493C00F0337E = {
						CreatedOnToolsVersion = 11.5;
					};
				};
			};
			buildConfigurationList = 9873C9772460493C00F0337E /* Build configuration list for PBXProject "RollDice" */;
			compatibilityVersion = "Xcode 9.3";
			developmentRegion = en;
			hasScannedForEncodings = 0;
			knownRegions = (
				en,
				Base,
			);
			mainGroup = 9873C9732460493C00F0337E;
			productRefGroup = 9873C97D2460493C00F0337E /* Products */;
			projectDirPath = "";
			projectRoot = "";
			targets = (
				9873C97B2460493C00F0337E /* RollDice */,
			);
		};
/* End PBXProject section */

/* Begin PBXResourcesBuildPhase section */
		9873C97A2460493C00F0337E /* Resources */ = {
			isa = PBXResourcesBuildPhase;
			buildActionMask = 2147483647;
			files = (
				9873C98F2460493D00F0337E /* LaunchScreen.storyboard in Resources */,
				9873C98C2460493D00F0337E /* Preview Assets.xcassets in Resources */,
				9873C9892460493D00F0337E /* Assets.xcassets in Resources */,
			);
			runOnlyForDeploymentPostprocessing = 0;
		};
/* End PBXResourcesBuildPhase section */

/* Begin PBXSourcesBuildPhase section */
		9873C9782460493C00F0337E /* Sources */ = {
			isa = PBXSourcesBuildPhase;
			buildActionMask = 2147483647;
			files = (
				9873C99D24604DFC00F0337E /* Die+CoreDataProperties.swift in Sources */,
				9873C9AB2460625500F0337E /* ResultsView.swift in Sources */,
				9873C9802460493C00F0337E /* AppDelegate.swift in Sources */,
				9873C9AD246088AF00F0337E /* EditDiceView.swift in Sources */,
				9873C99E24604DFC00F0337E /* Result+CoreDataClass.swift in Sources */,
				9873C99C24604DFC00F0337E /* Die+CoreDataClass.swift in Sources */,
				9873C9AF246090DF00F0337E /* RollDiceView.swift in Sources */,
				9873C9A324605D6A00F0337E /* DiceRollButtonView.swift in Sources */,
				9873C9A524605EA700F0337E /* DieView.swift in Sources */,
				9873C99F24604DFC00F0337E /* Result+CoreDataProperties.swift in Sources */,
				9873C9822460493C00F0337E /* SceneDelegate.swift in Sources */,
				9873C9A12460598A00F0337E /* TextView.swift in Sources */,
				9873C9872460493C00F0337E /* ContentView.swift in Sources */,
				9873C9B124609BAC00F0337E /* MainView.swift in Sources */,
				9873C9852460493C00F0337E /* RollDice.xcdatamodeld in Sources */,
			);
			runOnlyForDeploymentPostprocessing = 0;
		};
/* End PBXSourcesBuildPhase section */

/* Begin PBXVariantGroup section */
		9873C98D2460493D00F0337E /* LaunchScreen.storyboard */ = {
			isa = PBXVariantGroup;
			children = (
				9873C98E2460493D00F0337E /* Base */,
			);
			name = LaunchScreen.storyboard;
			sourceTree = "<group>";
		};
/* End PBXVariantGroup section */

/* Begin XCBuildConfiguration section */
		9873C9912460493D00F0337E /* Debug */ = {
			isa = XCBuildConfiguration;
			buildSettings = {
				ALWAYS_SEARCH_USER_PATHS = NO;
				CLANG_ANALYZER_NONNULL = YES;
				CLANG_ANALYZER_NUMBER_OBJECT_CONVERSION = YES_AGGRESSIVE;
				CLANG_CXX_LANGUAGE_STANDARD = "gnu++14";
				CLANG_CXX_LIBRARY = "libc++";
				CLANG_ENABLE_MODULES = YES;
				CLANG_ENABLE_OBJC_ARC = YES;
				CLANG_ENABLE_OBJC_WEAK = YES;
				CLANG_WARN_BLOCK_CAPTURE_AUTORELEASING = YES;
				CLANG_WARN_BOOL_CONVERSION = YES;
				CLANG_WARN_COMMA = YES;
				CLANG_WARN_CONSTANT_CONVERSION = YES;
				CLANG_WARN_DEPRECATED_OBJC_IMPLEMENTATIONS = YES;
				CLANG_WARN_DIRECT_OBJC_ISA_USAGE = YES_ERROR;
				CLANG_WARN_DOCUMENTATION_COMMENTS = YES;
				CLANG_WARN_EMPTY_BODY = YES;
				CLANG_WARN_ENUM_CONVERSION = YES;
				CLANG_WARN_INFINITE_RECURSION = YES;
				CLANG_WARN_INT_CONVERSION = YES;
				CLANG_WARN_NON_LITERAL_NULL_CONVERSION = YES;
				CLANG_WARN_OBJC_IMPLICIT_RETAIN_SELF = YES;
				CLANG_WARN_OBJC_LITERAL_CONVERSION = YES;
				CLANG_WARN_OBJC_ROOT_CLASS = YES_ERROR;
				CLANG_WARN_RANGE_LOOP_ANALYSIS = YES;
				CLANG_WARN_STRICT_PROTOTYPES = YES;
				CLANG_WARN_SUSPICIOUS_MOVE = YES;
				CLANG_WARN_UNGUARDED_AVAILABILITY = YES_AGGRESSIVE;
				CLANG_WARN_UNREACHABLE_CODE = YES;
				CLANG_WARN__DUPLICATE_METHOD_MATCH = YES;
				COPY_PHASE_STRIP = NO;
				DEBUG_INFORMATION_FORMAT = dwarf;
				ENABLE_STRICT_OBJC_MSGSEND = YES;
				ENABLE_TESTABILITY = YES;
				GCC_C_LANGUAGE_STANDARD = gnu11;
				GCC_DYNAMIC_NO_PIC = NO;
				GCC_NO_COMMON_BLOCKS = YES;
				GCC_OPTIMIZATION_LEVEL = 0;
				GCC_PREPROCESSOR_DEFINITIONS = (
					"DEBUG=1",
					"$(inherited)",
				);
				GCC_WARN_64_TO_32_BIT_CONVERSION = YES;
				GCC_WARN_ABOUT_RETURN_TYPE = YES_ERROR;
				GCC_WARN_UNDECLARED_SELECTOR = YES;
				GCC_WARN_UNINITIALIZED_AUTOS = YES_AGGRESSIVE;
				GCC_WARN_UNUSED_FUNCTION = YES;
				GCC_WARN_UNUSED_VARIABLE = YES;
				IPHONEOS_DEPLOYMENT_TARGET = 13.5;
				MTL_ENABLE_DEBUG_INFO = INCLUDE_SOURCE;
				MTL_FAST_MATH = YES;
				ONLY_ACTIVE_ARCH = YES;
				SDKROOT = iphoneos;
				SWIFT_ACTIVE_COMPILATION_CONDITIONS = DEBUG;
				SWIFT_OPTIMIZATION_LEVEL = "-Onone";
			};
			name = Debug;
		};
		9873C9922460493D00F0337E /* Release */ = {
			isa = XCBuildConfiguration;
			buildSettings = {
				ALWAYS_SEARCH_USER_PATHS = NO;
				CLANG_ANALYZER_NONNULL = YES;
				CLANG_ANALYZER_NUMBER_OBJECT_CONVERSION = YES_AGGRESSIVE;
				CLANG_CXX_LANGUAGE_STANDARD = "gnu++14";
				CLANG_CXX_LIBRARY = "libc++";
				CLANG_ENABLE_MODULES = YES;
				CLANG_ENABLE_OBJC_ARC = YES;
				CLANG_ENABLE_OBJC_WEAK = YES;
				CLANG_WARN_BLOCK_CAPTURE_AUTORELEASING = YES;
				CLANG_WARN_BOOL_CONVERSION = YES;
				CLANG_WARN_COMMA = YES;
				CLANG_WARN_CONSTANT_CONVERSION = YES;
				CLANG_WARN_DEPRECATED_OBJC_IMPLEMENTATIONS = YES;
				CLANG_WARN_DIRECT_OBJC_ISA_USAGE = YES_ERROR;
				CLANG_WARN_DOCUMENTATION_COMMENTS = YES;
				CLANG_WARN_EMPTY_BODY = YES;
				CLANG_WARN_ENUM_CONVERSION = YES;
				CLANG_WARN_INFINITE_RECURSION = YES;
				CLANG_WARN_INT_CONVERSION = YES;
				CLANG_WARN_NON_LITERAL_NULL_CONVERSION = YES;
				CLANG_WARN_OBJC_IMPLICIT_RETAIN_SELF = YES;
				CLANG_WARN_OBJC_LITERAL_CONVERSION = YES;
				CLANG_WARN_OBJC_ROOT_CLASS = YES_ERROR;
				CLANG_WARN_RANGE_LOOP_ANALYSIS = YES;
				CLANG_WARN_STRICT_PROTOTYPES = YES;
				CLANG_WARN_SUSPICIOUS_MOVE = YES;
				CLANG_WARN_UNGUARDED_AVAILABILITY = YES_AGGRESSIVE;
				CLANG_WARN_UNREACHABLE_CODE = YES;
				CLANG_WARN__DUPLICATE_METHOD_MATCH = YES;
				COPY_PHASE_STRIP = NO;
				DEBUG_INFORMATION_FORMAT = "dwarf-with-dsym";
				ENABLE_NS_ASSERTIONS = NO;
				ENABLE_STRICT_OBJC_MSGSEND = YES;
				GCC_C_LANGUAGE_STANDARD = gnu11;
				GCC_NO_COMMON_BLOCKS = YES;
				GCC_WARN_64_TO_32_BIT_CONVERSION = YES;
				GCC_WARN_ABOUT_RETURN_TYPE = YES_ERROR;
				GCC_WARN_UNDECLARED_SELECTOR = YES;
				GCC_WARN_UNINITIALIZED_AUTOS = YES_AGGRESSIVE;
				GCC_WARN_UNUSED_FUNCTION = YES;
				GCC_WARN_UNUSED_VARIABLE = YES;
				IPHONEOS_DEPLOYMENT_TARGET = 13.5;
				MTL_ENABLE_DEBUG_INFO = NO;
				MTL_FAST_MATH = YES;
				SDKROOT = iphoneos;
				SWIFT_COMPILATION_MODE = wholemodule;
				SWIFT_OPTIMIZATION_LEVEL = "-O";
				VALIDATE_PRODUCT = YES;
			};
			name = Release;
		};
		9873C9942460493D00F0337E /* Debug */ = {
			isa = XCBuildConfiguration;
			buildSettings = {
				ASSETCATALOG_COMPILER_APPICON_NAME = AppIcon;
				CODE_SIGN_STYLE = Automatic;
				DEVELOPMENT_ASSET_PATHS = "\"RollDice/Preview Content\"";
				DEVELOPMENT_TEAM = JQVSXS5J2X;
				ENABLE_PREVIEWS = YES;
				INFOPLIST_FILE = RollDice/Info.plist;
				LD_RUNPATH_SEARCH_PATHS = (
					"$(inherited)",
					"@executable_path/Frameworks",
				);
				PRODUCT_BUNDLE_IDENTIFIER = me.petroonishchuk.RollDice;
				PRODUCT_NAME = "$(TARGET_NAME)";
				SWIFT_VERSION = 5.0;
				TARGETED_DEVICE_FAMILY = "1,2";
			};
			name = Debug;
		};
		9873C9952460493D00F0337E /* Release */ = {
			isa = XCBuildConfiguration;
			buildSettings = {
				ASSETCATALOG_COMPILER_APPICON_NAME = AppIcon;
				CODE_SIGN_STYLE = Automatic;
				DEVELOPMENT_ASSET_PATHS = "\"RollDice/Preview Content\"";
				DEVELOPMENT_TEAM = JQVSXS5J2X;
				ENABLE_PREVIEWS = YES;
				INFOPLIST_FILE = RollDice/Info.plist;
				LD_RUNPATH_SEARCH_PATHS = (
					"$(inherited)",
					"@executable_path/Frameworks",
				);
				PRODUCT_BUNDLE_IDENTIFIER = me.petroonishchuk.RollDice;
				PRODUCT_NAME = "$(TARGET_NAME)";
				SWIFT_VERSION = 5.0;
				TARGETED_DEVICE_FAMILY = "1,2";
			};
			name = Release;
		};
/* End XCBuildConfiguration section */

/* Begin XCConfigurationList section */
		9873C9772460493C00F0337E /* Build configuration list for PBXProject "RollDice" */ = {
			isa = XCConfigurationList;
			buildConfigurations = (
				9873C9912460493D00F0337E /* Debug */,
				9873C9922460493D00F0337E /* Release */,
			);
			defaultConfigurationIsVisible = 0;
			defaultConfigurationName = Release;
		};
		9873C9932460493D00F0337E /* Build configuration list for PBXNativeTarget "RollDice" */ = {
			isa = XCConfigurationList;
			buildConfigurations = (
				9873C9942460493D00F0337E /* Debug */,
				9873C9952460493D00F0337E /* Release */,
			);
			defaultConfigurationIsVisible = 0;
			defaultConfigurationName = Release;
		};
/* End XCConfigurationList section */

/* Begin XCVersionGroup section */
		9873C9832460493C00F0337E /* RollDice.xcdatamodeld */ = {
			isa = XCVersionGroup;
			children = (
				9873C9842460493C00F0337E /* RollDice.xcdatamodel */,
			);
			currentVersion = 9873C9842460493C00F0337E /* RollDice.xcdatamodel */;
			path = RollDice.xcdatamodeld;
			sourceTree = "<group>";
			versionGroupType = wrapper.xcdatamodel;
		};
/* End XCVersionGroup section */
	};
	rootObject = 9873C9742460493C00F0337E /* Project object */;
}
