// !$*UTF8*$!
{
	archiveVersion = 1;
	classes = {
	};
	objectVersion = 50;
	objects = {

/* Begin PBXBuildFile section */
		9813D41924057042001B3CAD /* Candy+CoreDataClass.swift in Sources */ = {isa = PBXBuildFile; fileRef = 9813D41524057042001B3CAD /* Candy+CoreDataClass.swift */; };
		9813D41A24057042001B3CAD /* Candy+CoreDataProperties.swift in Sources */ = {isa = PBXBuildFile; fileRef = 9813D41624057042001B3CAD /* Candy+CoreDataProperties.swift */; };
		9813D41B24057042001B3CAD /* Country+CoreDataClass.swift in Sources */ = {isa = PBXBuildFile; fileRef = 9813D41724057042001B3CAD /* Country+CoreDataClass.swift */; };
		9813D41C24057042001B3CAD /* Country+CoreDataProperties.swift in Sources */ = {isa = PBXBuildFile; fileRef = 9813D41824057042001B3CAD /* Country+CoreDataProperties.swift */; };
		9829F6652406C657006910BF /* FilteringType.swift in Sources */ = {isa = PBXBuildFile; fileRef = 9829F6642406C657006910BF /* FilteringType.swift */; };
		98336BCF2403944F0048E48C /* AppDelegate.swift in Sources */ = {isa = PBXBuildFile; fileRef = 98336BCE2403944F0048E48C /* AppDelegate.swift */; };
		98336BD12403944F0048E48C /* SceneDelegate.swift in Sources */ = {isa = PBXBuildFile; fileRef = 98336BD02403944F0048E48C /* SceneDelegate.swift */; };
		98336BD42403944F0048E48C /* CoreDataProject.xcdatamodeld in Sources */ = {isa = PBXBuildFile; fileRef = 98336BD22403944F0048E48C /* CoreDataProject.xcdatamodeld */; };
		98336BD62403944F0048E48C /* ContentView.swift in Sources */ = {isa = PBXBuildFile; fileRef = 98336BD52403944F0048E48C /* ContentView.swift */; };
		98336BD8240394510048E48C /* Assets.xcassets in Resources */ = {isa = PBXBuildFile; fileRef = 98336BD7240394510048E48C /* Assets.xcassets */; };
		98336BDB240394510048E48C /* Preview Assets.xcassets in Resources */ = {isa = PBXBuildFile; fileRef = 98336BDA240394510048E48C /* Preview Assets.xcassets */; };
		98336BDE240394510048E48C /* LaunchScreen.storyboard in Resources */ = {isa = PBXBuildFile; fileRef = 98336BDC240394510048E48C /* LaunchScreen.storyboard */; };
		98A79E9C24063B82008AFEE7 /* Singer+CoreDataClass.swift in Sources */ = {isa = PBXBuildFile; fileRef = 98A79E9A24063B82008AFEE7 /* Singer+CoreDataClass.swift */; };
		98A79E9D24063B82008AFEE7 /* Singer+CoreDataProperties.swift in Sources */ = {isa = PBXBuildFile; fileRef = 98A79E9B24063B82008AFEE7 /* Singer+CoreDataProperties.swift */; };
		98B24075240460B000F0A279 /* FilteredList.swift in Sources */ = {isa = PBXBuildFile; fileRef = 98B24074240460B000F0A279 /* FilteredList.swift */; };
/* End PBXBuildFile section */

/* Begin PBXFileReference section */
		9813D41524057042001B3CAD /* Candy+CoreDataClass.swift */ = {isa = PBXFileReference; lastKnownFileType = sourcecode.swift; path = "Candy+CoreDataClass.swift"; sourceTree = "<group>"; };
		9813D41624057042001B3CAD /* Candy+CoreDataProperties.swift */ = {isa = PBXFileReference; lastKnownFileType = sourcecode.swift; path = "Candy+CoreDataProperties.swift"; sourceTree = "<group>"; };
		9813D41724057042001B3CAD /* Country+CoreDataClass.swift */ = {isa = PBXFileReference; lastKnownFileType = sourcecode.swift; path = "Country+CoreDataClass.swift"; sourceTree = "<group>"; };
		9813D41824057042001B3CAD /* Country+CoreDataProperties.swift */ = {isa = PBXFileReference; lastKnownFileType = sourcecode.swift; path = "Country+CoreDataProperties.swift"; sourceTree = "<group>"; };
		9829F6642406C657006910BF /* FilteringType.swift */ = {isa = PBXFileReference; lastKnownFileType = sourcecode.swift; path = FilteringType.swift; sourceTree = "<group>"; };
		98336BCB2403944F0048E48C /* CoreDataProject.app */ = {isa = PBXFileReference; explicitFileType = wrapper.application; includeInIndex = 0; path = CoreDataProject.app; sourceTree = BUILT_PRODUCTS_DIR; };
		98336BCE2403944F0048E48C /* AppDelegate.swift */ = {isa = PBXFileReference; lastKnownFileType = sourcecode.swift; path = AppDelegate.swift; sourceTree = "<group>"; };
		98336BD02403944F0048E48C /* SceneDelegate.swift */ = {isa = PBXFileReference; lastKnownFileType = sourcecode.swift; path = SceneDelegate.swift; sourceTree = "<group>"; };
		98336BD32403944F0048E48C /* CoreDataProject.xcdatamodel */ = {isa = PBXFileReference; lastKnownFileType = wrapper.xcdatamodel; path = CoreDataProject.xcdatamodel; sourceTree = "<group>"; };
		98336BD52403944F0048E48C /* ContentView.swift */ = {isa = PBXFileReference; lastKnownFileType = sourcecode.swift; path = ContentView.swift; sourceTree = "<group>"; };
		98336BD7240394510048E48C /* Assets.xcassets */ = {isa = PBXFileReference; lastKnownFileType = folder.assetcatalog; path = Assets.xcassets; sourceTree = "<group>"; };
		98336BDA240394510048E48C /* Preview Assets.xcassets */ = {isa = PBXFileReference; lastKnownFileType = folder.assetcatalog; path = "Preview Assets.xcassets"; sourceTree = "<group>"; };
		98336BDD240394510048E48C /* Base */ = {isa = PBXFileReference; lastKnownFileType = file.storyboard; name = Base; path = Base.lproj/LaunchScreen.storyboard; sourceTree = "<group>"; };
		98336BDF240394510048E48C /* Info.plist */ = {isa = PBXFileReference; lastKnownFileType = text.plist.xml; path = Info.plist; sourceTree = "<group>"; };
		98A79E9A24063B82008AFEE7 /* Singer+CoreDataClass.swift */ = {isa = PBXFileReference; lastKnownFileType = sourcecode.swift; path = "Singer+CoreDataClass.swift"; sourceTree = "<group>"; };
		98A79E9B24063B82008AFEE7 /* Singer+CoreDataProperties.swift */ = {isa = PBXFileReference; lastKnownFileType = sourcecode.swift; path = "Singer+CoreDataProperties.swift"; sourceTree = "<group>"; };
		98B24074240460B000F0A279 /* FilteredList.swift */ = {isa = PBXFileReference; lastKnownFileType = sourcecode.swift; path = FilteredList.swift; sourceTree = "<group>"; };
/* End PBXFileReference section */

/* Begin PBXFrameworksBuildPhase section */
		98336BC82403944F0048E48C /* Frameworks */ = {
			isa = PBXFrameworksBuildPhase;
			buildActionMask = 2147483647;
			files = (
			);
			runOnlyForDeploymentPostprocessing = 0;
		};
/* End PBXFrameworksBuildPhase section */

/* Begin PBXGroup section */
		98336BC22403944F0048E48C = {
			isa = PBXGroup;
			children = (
				98A79E9A24063B82008AFEE7 /* Singer+CoreDataClass.swift */,
				98A79E9B24063B82008AFEE7 /* Singer+CoreDataProperties.swift */,
				9813D41524057042001B3CAD /* Candy+CoreDataClass.swift */,
				9813D41624057042001B3CAD /* Candy+CoreDataProperties.swift */,
				9813D41724057042001B3CAD /* Country+CoreDataClass.swift */,
				9813D41824057042001B3CAD /* Country+CoreDataProperties.swift */,
				98336BCD2403944F0048E48C /* CoreDataProject */,
				98336BCC2403944F0048E48C /* Products */,
			);
			sourceTree = "<group>";
		};
		98336BCC2403944F0048E48C /* Products */ = {
			isa = PBXGroup;
			children = (
				98336BCB2403944F0048E48C /* CoreDataProject.app */,
			);
			name = Products;
			sourceTree = "<group>";
		};
		98336BCD2403944F0048E48C /* CoreDataProject */ = {
			isa = PBXGroup;
			children = (
				98336BCE2403944F0048E48C /* AppDelegate.swift */,
				98336BD02403944F0048E48C /* SceneDelegate.swift */,
				98336BD52403944F0048E48C /* ContentView.swift */,
				98B24074240460B000F0A279 /* FilteredList.swift */,
				9829F6642406C657006910BF /* FilteringType.swift */,
				98336BD7240394510048E48C /* Assets.xcassets */,
				98336BDC240394510048E48C /* LaunchScreen.storyboard */,
				98336BDF240394510048E48C /* Info.plist */,
				98336BD22403944F0048E48C /* CoreDataProject.xcdatamodeld */,
				98336BD9240394510048E48C /* Preview Content */,
			);
			path = CoreDataProject;
			sourceTree = "<group>";
		};
		98336BD9240394510048E48C /* Preview Content */ = {
			isa = PBXGroup;
			children = (
				98336BDA240394510048E48C /* Preview Assets.xcassets */,
			);
			path = "Preview Content";
			sourceTree = "<group>";
		};
/* End PBXGroup section */

/* Begin PBXNativeTarget section */
		98336BCA2403944F0048E48C /* CoreDataProject */ = {
			isa = PBXNativeTarget;
			buildConfigurationList = 98336BE2240394510048E48C /* Build configuration list for PBXNativeTarget "CoreDataProject" */;
			buildPhases = (
				98336BC72403944F0048E48C /* Sources */,
				98336BC82403944F0048E48C /* Frameworks */,
				98336BC92403944F0048E48C /* Resources */,
			);
			buildRules = (
			);
			dependencies = (
			);
			name = CoreDataProject;
			productName = CoreDataProject;
			productReference = 98336BCB2403944F0048E48C /* CoreDataProject.app */;
			productType = "com.apple.product-type.application";
		};
/* End PBXNativeTarget section */

/* Begin PBXProject section */
		98336BC32403944F0048E48C /* Project object */ = {
			isa = PBXProject;
			attributes = {
				LastSwiftUpdateCheck = 1140;
				LastUpgradeCheck = 1140;
				ORGANIZATIONNAME = "Petro Onishchuk";
				TargetAttributes = {
					98336BCA2403944F0048E48C = {
						CreatedOnToolsVersion = 11.4;
					};
				};
			};
			buildConfigurationList = 98336BC62403944F0048E48C /* Build configuration list for PBXProject "CoreDataProject" */;
			compatibilityVersion = "Xcode 9.3";
			developmentRegion = en;
			hasScannedForEncodings = 0;
			knownRegions = (
				en,
				Base,
			);
			mainGroup = 98336BC22403944F0048E48C;
			productRefGroup = 98336BCC2403944F0048E48C /* Products */;
			projectDirPath = "";
			projectRoot = "";
			targets = (
				98336BCA2403944F0048E48C /* CoreDataProject */,
			);
		};
/* End PBXProject section */

/* Begin PBXResourcesBuildPhase section */
		98336BC92403944F0048E48C /* Resources */ = {
			isa = PBXResourcesBuildPhase;
			buildActionMask = 2147483647;
			files = (
				98336BDE240394510048E48C /* LaunchScreen.storyboard in Resources */,
				98336BDB240394510048E48C /* Preview Assets.xcassets in Resources */,
				98336BD8240394510048E48C /* Assets.xcassets in Resources */,
			);
			runOnlyForDeploymentPostprocessing = 0;
		};
/* End PBXResourcesBuildPhase section */

/* Begin PBXSourcesBuildPhase section */
		98336BC72403944F0048E48C /* Sources */ = {
			isa = PBXSourcesBuildPhase;
			buildActionMask = 2147483647;
			files = (
				98336BCF2403944F0048E48C /* AppDelegate.swift in Sources */,
				98B24075240460B000F0A279 /* FilteredList.swift in Sources */,
				98336BD12403944F0048E48C /* SceneDelegate.swift in Sources */,
				98336BD62403944F0048E48C /* ContentView.swift in Sources */,
				98A79E9D24063B82008AFEE7 /* Singer+CoreDataProperties.swift in Sources */,
				9813D41A24057042001B3CAD /* Candy+CoreDataProperties.swift in Sources */,
				98336BD42403944F0048E48C /* CoreDataProject.xcdatamodeld in Sources */,
				9813D41B24057042001B3CAD /* Country+CoreDataClass.swift in Sources */,
				9829F6652406C657006910BF /* FilteringType.swift in Sources */,
				98A79E9C24063B82008AFEE7 /* Singer+CoreDataClass.swift in Sources */,
				9813D41924057042001B3CAD /* Candy+CoreDataClass.swift in Sources */,
				9813D41C24057042001B3CAD /* Country+CoreDataProperties.swift in Sources */,
			);
			runOnlyForDeploymentPostprocessing = 0;
		};
/* End PBXSourcesBuildPhase section */

/* Begin PBXVariantGroup section */
		98336BDC240394510048E48C /* LaunchScreen.storyboard */ = {
			isa = PBXVariantGroup;
			children = (
				98336BDD240394510048E48C /* Base */,
			);
			name = LaunchScreen.storyboard;
			sourceTree = "<group>";
		};
/* End PBXVariantGroup section */

/* Begin XCBuildConfiguration section */
		98336BE0240394510048E48C /* Debug */ = {
			isa = XCBuildConfiguration;
			buildSettings = {
				ALWAYS_SEARCH_USER_PATHS = NO;
				CLANG_ANALYZER_NONNULL = YES;
				CLANG_ANALYZER_NUMBER_OBJECT_CONVERSION = YES_AGGRESSIVE;
				CLANG_CXX_LANGUAGE_STANDARD = "gnu++14";
				CLANG_CXX_LIBRARY = "libc++";
				CLANG_ENABLE_MODULES = YES;
				CLANG_ENABLE_OBJC_ARC = YES;
				CLANG_ENABLE_OBJC_WEAK = YES;
				CLANG_WARN_BLOCK_CAPTURE_AUTORELEASING = YES;
				CLANG_WARN_BOOL_CONVERSION = YES;
				CLANG_WARN_COMMA = YES;
				CLANG_WARN_CONSTANT_CONVERSION = YES;
				CLANG_WARN_DEPRECATED_OBJC_IMPLEMENTATIONS = YES;
				CLANG_WARN_DIRECT_OBJC_ISA_USAGE = YES_ERROR;
				CLANG_WARN_DOCUMENTATION_COMMENTS = YES;
				CLANG_WARN_EMPTY_BODY = YES;
				CLANG_WARN_ENUM_CONVERSION = YES;
				CLANG_WARN_INFINITE_RECURSION = YES;
				CLANG_WARN_INT_CONVERSION = YES;
				CLANG_WARN_NON_LITERAL_NULL_CONVERSION = YES;
				CLANG_WARN_OBJC_IMPLICIT_RETAIN_SELF = YES;
				CLANG_WARN_OBJC_LITERAL_CONVERSION = YES;
				CLANG_WARN_OBJC_ROOT_CLASS = YES_ERROR;
				CLANG_WARN_RANGE_LOOP_ANALYSIS = YES;
				CLANG_WARN_STRICT_PROTOTYPES = YES;
				CLANG_WARN_SUSPICIOUS_MOVE = YES;
				CLANG_WARN_UNGUARDED_AVAILABILITY = YES_AGGRESSIVE;
				CLANG_WARN_UNREACHABLE_CODE = YES;
				CLANG_WARN__DUPLICATE_METHOD_MATCH = YES;
				COPY_PHASE_STRIP = NO;
				DEBUG_INFORMATION_FORMAT = dwarf;
				ENABLE_STRICT_OBJC_MSGSEND = YES;
				ENABLE_TESTABILITY = YES;
				GCC_C_LANGUAGE_STANDARD = gnu11;
				GCC_DYNAMIC_NO_PIC = NO;
				GCC_NO_COMMON_BLOCKS = YES;
				GCC_OPTIMIZATION_LEVEL = 0;
				GCC_PREPROCESSOR_DEFINITIONS = (
					"DEBUG=1",
					"$(inherited)",
				);
				GCC_WARN_64_TO_32_BIT_CONVERSION = YES;
				GCC_WARN_ABOUT_RETURN_TYPE = YES_ERROR;
				GCC_WARN_UNDECLARED_SELECTOR = YES;
				GCC_WARN_UNINITIALIZED_AUTOS = YES_AGGRESSIVE;
				GCC_WARN_UNUSED_FUNCTION = YES;
				GCC_WARN_UNUSED_VARIABLE = YES;
				IPHONEOS_DEPLOYMENT_TARGET = 13.4;
				MTL_ENABLE_DEBUG_INFO = INCLUDE_SOURCE;
				MTL_FAST_MATH = YES;
				ONLY_ACTIVE_ARCH = YES;
				SDKROOT = iphoneos;
				SWIFT_ACTIVE_COMPILATION_CONDITIONS = DEBUG;
				SWIFT_OPTIMIZATION_LEVEL = "-Onone";
			};
			name = Debug;
		};
		98336BE1240394510048E48C /* Release */ = {
			isa = XCBuildConfiguration;
			buildSettings = {
				ALWAYS_SEARCH_USER_PATHS = NO;
				CLANG_ANALYZER_NONNULL = YES;
				CLANG_ANALYZER_NUMBER_OBJECT_CONVERSION = YES_AGGRESSIVE;
				CLANG_CXX_LANGUAGE_STANDARD = "gnu++14";
				CLANG_CXX_LIBRARY = "libc++";
				CLANG_ENABLE_MODULES = YES;
				CLANG_ENABLE_OBJC_ARC = YES;
				CLANG_ENABLE_OBJC_WEAK = YES;
				CLANG_WARN_BLOCK_CAPTURE_AUTORELEASING = YES;
				CLANG_WARN_BOOL_CONVERSION = YES;
				CLANG_WARN_COMMA = YES;
				CLANG_WARN_CONSTANT_CONVERSION = YES;
				CLANG_WARN_DEPRECATED_OBJC_IMPLEMENTATIONS = YES;
				CLANG_WARN_DIRECT_OBJC_ISA_USAGE = YES_ERROR;
				CLANG_WARN_DOCUMENTATION_COMMENTS = YES;
				CLANG_WARN_EMPTY_BODY = YES;
				CLANG_WARN_ENUM_CONVERSION = YES;
				CLANG_WARN_INFINITE_RECURSION = YES;
				CLANG_WARN_INT_CONVERSION = YES;
				CLANG_WARN_NON_LITERAL_NULL_CONVERSION = YES;
				CLANG_WARN_OBJC_IMPLICIT_RETAIN_SELF = YES;
				CLANG_WARN_OBJC_LITERAL_CONVERSION = YES;
				CLANG_WARN_OBJC_ROOT_CLASS = YES_ERROR;
				CLANG_WARN_RANGE_LOOP_ANALYSIS = YES;
				CLANG_WARN_STRICT_PROTOTYPES = YES;
				CLANG_WARN_SUSPICIOUS_MOVE = YES;
				CLANG_WARN_UNGUARDED_AVAILABILITY = YES_AGGRESSIVE;
				CLANG_WARN_UNREACHABLE_CODE = YES;
				CLANG_WARN__DUPLICATE_METHOD_MATCH = YES;
				COPY_PHASE_STRIP = NO;
				DEBUG_INFORMATION_FORMAT = "dwarf-with-dsym";
				ENABLE_NS_ASSERTIONS = NO;
				ENABLE_STRICT_OBJC_MSGSEND = YES;
				GCC_C_LANGUAGE_STANDARD = gnu11;
				GCC_NO_COMMON_BLOCKS = YES;
				GCC_WARN_64_TO_32_BIT_CONVERSION = YES;
				GCC_WARN_ABOUT_RETURN_TYPE = YES_ERROR;
				GCC_WARN_UNDECLARED_SELECTOR = YES;
				GCC_WARN_UNINITIALIZED_AUTOS = YES_AGGRESSIVE;
				GCC_WARN_UNUSED_FUNCTION = YES;
				GCC_WARN_UNUSED_VARIABLE = YES;
				IPHONEOS_DEPLOYMENT_TARGET = 13.4;
				MTL_ENABLE_DEBUG_INFO = NO;
				MTL_FAST_MATH = YES;
				SDKROOT = iphoneos;
				SWIFT_COMPILATION_MODE = wholemodule;
				SWIFT_OPTIMIZATION_LEVEL = "-O";
				VALIDATE_PRODUCT = YES;
			};
			name = Release;
		};
		98336BE3240394510048E48C /* Debug */ = {
			isa = XCBuildConfiguration;
			buildSettings = {
				ASSETCATALOG_COMPILER_APPICON_NAME = AppIcon;
				CODE_SIGN_STYLE = Automatic;
				DEVELOPMENT_ASSET_PATHS = "\"CoreDataProject/Preview Content\"";
				DEVELOPMENT_TEAM = JQVSXS5J2X;
				ENABLE_PREVIEWS = YES;
				INFOPLIST_FILE = CoreDataProject/Info.plist;
				LD_RUNPATH_SEARCH_PATHS = (
					"$(inherited)",
					"@executable_path/Frameworks",
				);
				PRODUCT_BUNDLE_IDENTIFIER = me.petroonishchuk.CoreDataProject;
				PRODUCT_NAME = "$(TARGET_NAME)";
				SWIFT_VERSION = 5.0;
				TARGETED_DEVICE_FAMILY = "1,2";
			};
			name = Debug;
		};
		98336BE4240394510048E48C /* Release */ = {
			isa = XCBuildConfiguration;
			buildSettings = {
				ASSETCATALOG_COMPILER_APPICON_NAME = AppIcon;
				CODE_SIGN_STYLE = Automatic;
				DEVELOPMENT_ASSET_PATHS = "\"CoreDataProject/Preview Content\"";
				DEVELOPMENT_TEAM = JQVSXS5J2X;
				ENABLE_PREVIEWS = YES;
				INFOPLIST_FILE = CoreDataProject/Info.plist;
				LD_RUNPATH_SEARCH_PATHS = (
					"$(inherited)",
					"@executable_path/Frameworks",
				);
				PRODUCT_BUNDLE_IDENTIFIER = me.petroonishchuk.CoreDataProject;
				PRODUCT_NAME = "$(TARGET_NAME)";
				SWIFT_VERSION = 5.0;
				TARGETED_DEVICE_FAMILY = "1,2";
			};
			name = Release;
		};
/* End XCBuildConfiguration section */

/* Begin XCConfigurationList section */
		98336BC62403944F0048E48C /* Build configuration list for PBXProject "CoreDataProject" */ = {
			isa = XCConfigurationList;
			buildConfigurations = (
				98336BE0240394510048E48C /* Debug */,
				98336BE1240394510048E48C /* Release */,
			);
			defaultConfigurationIsVisible = 0;
			defaultConfigurationName = Release;
		};
		98336BE2240394510048E48C /* Build configuration list for PBXNativeTarget "CoreDataProject" */ = {
			isa = XCConfigurationList;
			buildConfigurations = (
				98336BE3240394510048E48C /* Debug */,
				98336BE4240394510048E48C /* Release */,
			);
			defaultConfigurationIsVisible = 0;
			defaultConfigurationName = Release;
		};
/* End XCConfigurationList section */

/* Begin XCVersionGroup section */
		98336BD22403944F0048E48C /* CoreDataProject.xcdatamodeld */ = {
			isa = XCVersionGroup;
			children = (
				98336BD32403944F0048E48C /* CoreDataProject.xcdatamodel */,
			);
			currentVersion = 98336BD32403944F0048E48C /* CoreDataProject.xcdatamodel */;
			path = CoreDataProject.xcdatamodeld;
			sourceTree = "<group>";
			versionGroupType = wrapper.xcdatamodel;
		};
/* End XCVersionGroup section */
	};
	rootObject = 98336BC32403944F0048E48C /* Project object */;
}
