// !$*UTF8*$!
{
	archiveVersion = 1;
	classes = {
	};
	objectVersion = 50;
	objects = {

/* Begin PBXBuildFile section */
		98313C82240AE2BA009C5B13 /* User.swift in Sources */ = {isa = PBXBuildFile; fileRef = 98313C81240AE2BA009C5B13 /* User.swift */; };
		98313C84240AF51D009C5B13 /* Users.swift in Sources */ = {isa = PBXBuildFile; fileRef = 98313C83240AF51D009C5B13 /* Users.swift */; };
		983B09212409A87800D601BF /* AppDelegate.swift in Sources */ = {isa = PBXBuildFile; fileRef = 983B09202409A87800D601BF /* AppDelegate.swift */; };
		983B09232409A87800D601BF /* SceneDelegate.swift in Sources */ = {isa = PBXBuildFile; fileRef = 983B09222409A87800D601BF /* SceneDelegate.swift */; };
		983B09262409A87800D601BF /* UsersList.xcdatamodeld in Sources */ = {isa = PBXBuildFile; fileRef = 983B09242409A87800D601BF /* UsersList.xcdatamodeld */; };
		983B09282409A87800D601BF /* ContentView.swift in Sources */ = {isa = PBXBuildFile; fileRef = 983B09272409A87800D601BF /* ContentView.swift */; };
		983B092A2409A87900D601BF /* Assets.xcassets in Resources */ = {isa = PBXBuildFile; fileRef = 983B09292409A87900D601BF /* Assets.xcassets */; };
		983B092D2409A87900D601BF /* Preview Assets.xcassets in Resources */ = {isa = PBXBuildFile; fileRef = 983B092C2409A87900D601BF /* Preview Assets.xcassets */; };
		983B09302409A87900D601BF /* LaunchScreen.storyboard in Resources */ = {isa = PBXBuildFile; fileRef = 983B092E2409A87900D601BF /* LaunchScreen.storyboard */; };
		9853FC2E240C12AA0008BEB1 /* DetailUserView.swift in Sources */ = {isa = PBXBuildFile; fileRef = 9853FC2D240C12AA0008BEB1 /* DetailUserView.swift */; };
		98E89B94240B85B60039D410 /* FriendsListView.swift in Sources */ = {isa = PBXBuildFile; fileRef = 98E89B93240B85B60039D410 /* FriendsListView.swift */; };
/* End PBXBuildFile section */

/* Begin PBXFileReference section */
		98313C81240AE2BA009C5B13 /* User.swift */ = {isa = PBXFileReference; lastKnownFileType = sourcecode.swift; path = User.swift; sourceTree = "<group>"; };
		98313C83240AF51D009C5B13 /* Users.swift */ = {isa = PBXFileReference; lastKnownFileType = sourcecode.swift; path = Users.swift; sourceTree = "<group>"; };
		983B091D2409A87800D601BF /* UsersList.app */ = {isa = PBXFileReference; explicitFileType = wrapper.application; includeInIndex = 0; path = UsersList.app; sourceTree = BUILT_PRODUCTS_DIR; };
		983B09202409A87800D601BF /* AppDelegate.swift */ = {isa = PBXFileReference; lastKnownFileType = sourcecode.swift; path = AppDelegate.swift; sourceTree = "<group>"; };
		983B09222409A87800D601BF /* SceneDelegate.swift */ = {isa = PBXFileReference; lastKnownFileType = sourcecode.swift; path = SceneDelegate.swift; sourceTree = "<group>"; };
		983B09252409A87800D601BF /* UsersList.xcdatamodel */ = {isa = PBXFileReference; lastKnownFileType = wrapper.xcdatamodel; path = UsersList.xcdatamodel; sourceTree = "<group>"; };
		983B09272409A87800D601BF /* ContentView.swift */ = {isa = PBXFileReference; lastKnownFileType = sourcecode.swift; path = ContentView.swift; sourceTree = "<group>"; };
		983B09292409A87900D601BF /* Assets.xcassets */ = {isa = PBXFileReference; lastKnownFileType = folder.assetcatalog; path = Assets.xcassets; sourceTree = "<group>"; };
		983B092C2409A87900D601BF /* Preview Assets.xcassets */ = {isa = PBXFileReference; lastKnownFileType = folder.assetcatalog; path = "Preview Assets.xcassets"; sourceTree = "<group>"; };
		983B092F2409A87900D601BF /* Base */ = {isa = PBXFileReference; lastKnownFileType = file.storyboard; name = Base; path = Base.lproj/LaunchScreen.storyboard; sourceTree = "<group>"; };
		983B09312409A87900D601BF /* Info.plist */ = {isa = PBXFileReference; lastKnownFileType = text.plist.xml; path = Info.plist; sourceTree = "<group>"; };
		9853FC2D240C12AA0008BEB1 /* DetailUserView.swift */ = {isa = PBXFileReference; lastKnownFileType = sourcecode.swift; path = DetailUserView.swift; sourceTree = "<group>"; };
		98E89B93240B85B60039D410 /* FriendsListView.swift */ = {isa = PBXFileReference; lastKnownFileType = sourcecode.swift; path = FriendsListView.swift; sourceTree = "<group>"; };
/* End PBXFileReference section */

/* Begin PBXFrameworksBuildPhase section */
		983B091A2409A87800D601BF /* Frameworks */ = {
			isa = PBXFrameworksBuildPhase;
			buildActionMask = 2147483647;
			files = (
			);
			runOnlyForDeploymentPostprocessing = 0;
		};
/* End PBXFrameworksBuildPhase section */

/* Begin PBXGroup section */
		983B09142409A87800D601BF = {
			isa = PBXGroup;
			children = (
				983B091F2409A87800D601BF /* UsersList */,
				983B091E2409A87800D601BF /* Products */,
			);
			sourceTree = "<group>";
		};
		983B091E2409A87800D601BF /* Products */ = {
			isa = PBXGroup;
			children = (
				983B091D2409A87800D601BF /* UsersList.app */,
			);
			name = Products;
			sourceTree = "<group>";
		};
		983B091F2409A87800D601BF /* UsersList */ = {
			isa = PBXGroup;
			children = (
				983B09202409A87800D601BF /* AppDelegate.swift */,
				983B09222409A87800D601BF /* SceneDelegate.swift */,
				983B09272409A87800D601BF /* ContentView.swift */,
				9853FC2D240C12AA0008BEB1 /* DetailUserView.swift */,
				98E89B93240B85B60039D410 /* FriendsListView.swift */,
				98313C83240AF51D009C5B13 /* Users.swift */,
				98313C81240AE2BA009C5B13 /* User.swift */,
				983B09292409A87900D601BF /* Assets.xcassets */,
				983B092E2409A87900D601BF /* LaunchScreen.storyboard */,
				983B09312409A87900D601BF /* Info.plist */,
				983B09242409A87800D601BF /* UsersList.xcdatamodeld */,
				983B092B2409A87900D601BF /* Preview Content */,
			);
			path = UsersList;
			sourceTree = "<group>";
		};
		983B092B2409A87900D601BF /* Preview Content */ = {
			isa = PBXGroup;
			children = (
				983B092C2409A87900D601BF /* Preview Assets.xcassets */,
			);
			path = "Preview Content";
			sourceTree = "<group>";
		};
/* End PBXGroup section */

/* Begin PBXNativeTarget section */
		983B091C2409A87800D601BF /* UsersList */ = {
			isa = PBXNativeTarget;
			buildConfigurationList = 983B09342409A87900D601BF /* Build configuration list for PBXNativeTarget "UsersList" */;
			buildPhases = (
				983B09192409A87800D601BF /* Sources */,
				983B091A2409A87800D601BF /* Frameworks */,
				983B091B2409A87800D601BF /* Resources */,
			);
			buildRules = (
			);
			dependencies = (
			);
			name = UsersList;
			productName = UsersList;
			productReference = 983B091D2409A87800D601BF /* UsersList.app */;
			productType = "com.apple.product-type.application";
		};
/* End PBXNativeTarget section */

/* Begin PBXProject section */
		983B09152409A87800D601BF /* Project object */ = {
			isa = PBXProject;
			attributes = {
				LastSwiftUpdateCheck = 1140;
				LastUpgradeCheck = 1140;
				ORGANIZATIONNAME = "Petro Onishchuk";
				TargetAttributes = {
					983B091C2409A87800D601BF = {
						CreatedOnToolsVersion = 11.4;
					};
				};
			};
			buildConfigurationList = 983B09182409A87800D601BF /* Build configuration list for PBXProject "UsersList" */;
			compatibilityVersion = "Xcode 9.3";
			developmentRegion = en;
			hasScannedForEncodings = 0;
			knownRegions = (
				en,
				Base,
			);
			mainGroup = 983B09142409A87800D601BF;
			productRefGroup = 983B091E2409A87800D601BF /* Products */;
			projectDirPath = "";
			projectRoot = "";
			targets = (
				983B091C2409A87800D601BF /* UsersList */,
			);
		};
/* End PBXProject section */

/* Begin PBXResourcesBuildPhase section */
		983B091B2409A87800D601BF /* Resources */ = {
			isa = PBXResourcesBuildPhase;
			buildActionMask = 2147483647;
			files = (
				983B09302409A87900D601BF /* LaunchScreen.storyboard in Resources */,
				983B092D2409A87900D601BF /* Preview Assets.xcassets in Resources */,
				983B092A2409A87900D601BF /* Assets.xcassets in Resources */,
			);
			runOnlyForDeploymentPostprocessing = 0;
		};
/* End PBXResourcesBuildPhase section */

/* Begin PBXSourcesBuildPhase section */
		983B09192409A87800D601BF /* Sources */ = {
			isa = PBXSourcesBuildPhase;
			buildActionMask = 2147483647;
			files = (
				98E89B94240B85B60039D410 /* FriendsListView.swift in Sources */,
				983B09212409A87800D601BF /* AppDelegate.swift in Sources */,
				983B09262409A87800D601BF /* UsersList.xcdatamodeld in Sources */,
				98313C82240AE2BA009C5B13 /* User.swift in Sources */,
				983B09282409A87800D601BF /* ContentView.swift in Sources */,
				983B09232409A87800D601BF /* SceneDelegate.swift in Sources */,
				9853FC2E240C12AA0008BEB1 /* DetailUserView.swift in Sources */,
				98313C84240AF51D009C5B13 /* Users.swift in Sources */,
			);
			runOnlyForDeploymentPostprocessing = 0;
		};
/* End PBXSourcesBuildPhase section */

/* Begin PBXVariantGroup section */
		983B092E2409A87900D601BF /* LaunchScreen.storyboard */ = {
			isa = PBXVariantGroup;
			children = (
				983B092F2409A87900D601BF /* Base */,
			);
			name = LaunchScreen.storyboard;
			sourceTree = "<group>";
		};
/* End PBXVariantGroup section */

/* Begin XCBuildConfiguration section */
		983B09322409A87900D601BF /* Debug */ = {
			isa = XCBuildConfiguration;
			buildSettings = {
				ALWAYS_SEARCH_USER_PATHS = NO;
				CLANG_ANALYZER_NONNULL = YES;
				CLANG_ANALYZER_NUMBER_OBJECT_CONVERSION = YES_AGGRESSIVE;
				CLANG_CXX_LANGUAGE_STANDARD = "gnu++14";
				CLANG_CXX_LIBRARY = "libc++";
				CLANG_ENABLE_MODULES = YES;
				CLANG_ENABLE_OBJC_ARC = YES;
				CLANG_ENABLE_OBJC_WEAK = YES;
				CLANG_WARN_BLOCK_CAPTURE_AUTORELEASING = YES;
				CLANG_WARN_BOOL_CONVERSION = YES;
				CLANG_WARN_COMMA = YES;
				CLANG_WARN_CONSTANT_CONVERSION = YES;
				CLANG_WARN_DEPRECATED_OBJC_IMPLEMENTATIONS = YES;
				CLANG_WARN_DIRECT_OBJC_ISA_USAGE = YES_ERROR;
				CLANG_WARN_DOCUMENTATION_COMMENTS = YES;
				CLANG_WARN_EMPTY_BODY = YES;
				CLANG_WARN_ENUM_CONVERSION = YES;
				CLANG_WARN_INFINITE_RECURSION = YES;
				CLANG_WARN_INT_CONVERSION = YES;
				CLANG_WARN_NON_LITERAL_NULL_CONVERSION = YES;
				CLANG_WARN_OBJC_IMPLICIT_RETAIN_SELF = YES;
				CLANG_WARN_OBJC_LITERAL_CONVERSION = YES;
				CLANG_WARN_OBJC_ROOT_CLASS = YES_ERROR;
				CLANG_WARN_RANGE_LOOP_ANALYSIS = YES;
				CLANG_WARN_STRICT_PROTOTYPES = YES;
				CLANG_WARN_SUSPICIOUS_MOVE = YES;
				CLANG_WARN_UNGUARDED_AVAILABILITY = YES_AGGRESSIVE;
				CLANG_WARN_UNREACHABLE_CODE = YES;
				CLANG_WARN__DUPLICATE_METHOD_MATCH = YES;
				COPY_PHASE_STRIP = NO;
				DEBUG_INFORMATION_FORMAT = dwarf;
				ENABLE_STRICT_OBJC_MSGSEND = YES;
				ENABLE_TESTABILITY = YES;
				GCC_C_LANGUAGE_STANDARD = gnu11;
				GCC_DYNAMIC_NO_PIC = NO;
				GCC_NO_COMMON_BLOCKS = YES;
				GCC_OPTIMIZATION_LEVEL = 0;
				GCC_PREPROCESSOR_DEFINITIONS = (
					"DEBUG=1",
					"$(inherited)",
				);
				GCC_WARN_64_TO_32_BIT_CONVERSION = YES;
				GCC_WARN_ABOUT_RETURN_TYPE = YES_ERROR;
				GCC_WARN_UNDECLARED_SELECTOR = YES;
				GCC_WARN_UNINITIALIZED_AUTOS = YES_AGGRESSIVE;
				GCC_WARN_UNUSED_FUNCTION = YES;
				GCC_WARN_UNUSED_VARIABLE = YES;
				IPHONEOS_DEPLOYMENT_TARGET = 13.4;
				MTL_ENABLE_DEBUG_INFO = INCLUDE_SOURCE;
				MTL_FAST_MATH = YES;
				ONLY_ACTIVE_ARCH = YES;
				SDKROOT = iphoneos;
				SWIFT_ACTIVE_COMPILATION_CONDITIONS = DEBUG;
				SWIFT_OPTIMIZATION_LEVEL = "-Onone";
			};
			name = Debug;
		};
		983B09332409A87900D601BF /* Release */ = {
			isa = XCBuildConfiguration;
			buildSettings = {
				ALWAYS_SEARCH_USER_PATHS = NO;
				CLANG_ANALYZER_NONNULL = YES;
				CLANG_ANALYZER_NUMBER_OBJECT_CONVERSION = YES_AGGRESSIVE;
				CLANG_CXX_LANGUAGE_STANDARD = "gnu++14";
				CLANG_CXX_LIBRARY = "libc++";
				CLANG_ENABLE_MODULES = YES;
				CLANG_ENABLE_OBJC_ARC = YES;
				CLANG_ENABLE_OBJC_WEAK = YES;
				CLANG_WARN_BLOCK_CAPTURE_AUTORELEASING = YES;
				CLANG_WARN_BOOL_CONVERSION = YES;
				CLANG_WARN_COMMA = YES;
				CLANG_WARN_CONSTANT_CONVERSION = YES;
				CLANG_WARN_DEPRECATED_OBJC_IMPLEMENTATIONS = YES;
				CLANG_WARN_DIRECT_OBJC_ISA_USAGE = YES_ERROR;
				CLANG_WARN_DOCUMENTATION_COMMENTS = YES;
				CLANG_WARN_EMPTY_BODY = YES;
				CLANG_WARN_ENUM_CONVERSION = YES;
				CLANG_WARN_INFINITE_RECURSION = YES;
				CLANG_WARN_INT_CONVERSION = YES;
				CLANG_WARN_NON_LITERAL_NULL_CONVERSION = YES;
				CLANG_WARN_OBJC_IMPLICIT_RETAIN_SELF = YES;
				CLANG_WARN_OBJC_LITERAL_CONVERSION = YES;
				CLANG_WARN_OBJC_ROOT_CLASS = YES_ERROR;
				CLANG_WARN_RANGE_LOOP_ANALYSIS = YES;
				CLANG_WARN_STRICT_PROTOTYPES = YES;
				CLANG_WARN_SUSPICIOUS_MOVE = YES;
				CLANG_WARN_UNGUARDED_AVAILABILITY = YES_AGGRESSIVE;
				CLANG_WARN_UNREACHABLE_CODE = YES;
				CLANG_WARN__DUPLICATE_METHOD_MATCH = YES;
				COPY_PHASE_STRIP = NO;
				DEBUG_INFORMATION_FORMAT = "dwarf-with-dsym";
				ENABLE_NS_ASSERTIONS = NO;
				ENABLE_STRICT_OBJC_MSGSEND = YES;
				GCC_C_LANGUAGE_STANDARD = gnu11;
				GCC_NO_COMMON_BLOCKS = YES;
				GCC_WARN_64_TO_32_BIT_CONVERSION = YES;
				GCC_WARN_ABOUT_RETURN_TYPE = YES_ERROR;
				GCC_WARN_UNDECLARED_SELECTOR = YES;
				GCC_WARN_UNINITIALIZED_AUTOS = YES_AGGRESSIVE;
				GCC_WARN_UNUSED_FUNCTION = YES;
				GCC_WARN_UNUSED_VARIABLE = YES;
				IPHONEOS_DEPLOYMENT_TARGET = 13.4;
				MTL_ENABLE_DEBUG_INFO = NO;
				MTL_FAST_MATH = YES;
				SDKROOT = iphoneos;
				SWIFT_COMPILATION_MODE = wholemodule;
				SWIFT_OPTIMIZATION_LEVEL = "-O";
				VALIDATE_PRODUCT = YES;
			};
			name = Release;
		};
		983B09352409A87900D601BF /* Debug */ = {
			isa = XCBuildConfiguration;
			buildSettings = {
				ASSETCATALOG_COMPILER_APPICON_NAME = AppIcon;
				CODE_SIGN_STYLE = Automatic;
				DEVELOPMENT_ASSET_PATHS = "\"UsersList/Preview Content\"";
				DEVELOPMENT_TEAM = JQVSXS5J2X;
				ENABLE_PREVIEWS = YES;
				INFOPLIST_FILE = UsersList/Info.plist;
				LD_RUNPATH_SEARCH_PATHS = (
					"$(inherited)",
					"@executable_path/Frameworks",
				);
				PRODUCT_BUNDLE_IDENTIFIER = me.petroonishchuk.UsersList;
				PRODUCT_NAME = "$(TARGET_NAME)";
				SWIFT_VERSION = 5.0;
				TARGETED_DEVICE_FAMILY = "1,2";
			};
			name = Debug;
		};
		983B09362409A87900D601BF /* Release */ = {
			isa = XCBuildConfiguration;
			buildSettings = {
				ASSETCATALOG_COMPILER_APPICON_NAME = AppIcon;
				CODE_SIGN_STYLE = Automatic;
				DEVELOPMENT_ASSET_PATHS = "\"UsersList/Preview Content\"";
				DEVELOPMENT_TEAM = JQVSXS5J2X;
				ENABLE_PREVIEWS = YES;
				INFOPLIST_FILE = UsersList/Info.plist;
				LD_RUNPATH_SEARCH_PATHS = (
					"$(inherited)",
					"@executable_path/Frameworks",
				);
				PRODUCT_BUNDLE_IDENTIFIER = me.petroonishchuk.UsersList;
				PRODUCT_NAME = "$(TARGET_NAME)";
				SWIFT_VERSION = 5.0;
				TARGETED_DEVICE_FAMILY = "1,2";
			};
			name = Release;
		};
/* End XCBuildConfiguration section */

/* Begin XCConfigurationList section */
		983B09182409A87800D601BF /* Build configuration list for PBXProject "UsersList" */ = {
			isa = XCConfigurationList;
			buildConfigurations = (
				983B09322409A87900D601BF /* Debug */,
				983B09332409A87900D601BF /* Release */,
			);
			defaultConfigurationIsVisible = 0;
			defaultConfigurationName = Release;
		};
		983B09342409A87900D601BF /* Build configuration list for PBXNativeTarget "UsersList" */ = {
			isa = XCConfigurationList;
			buildConfigurations = (
				983B09352409A87900D601BF /* Debug */,
				983B09362409A87900D601BF /* Release */,
			);
			defaultConfigurationIsVisible = 0;
			defaultConfigurationName = Release;
		};
/* End XCConfigurationList section */

/* Begin XCVersionGroup section */
		983B09242409A87800D601BF /* UsersList.xcdatamodeld */ = {
			isa = XCVersionGroup;
			children = (
				983B09252409A87800D601BF /* UsersList.xcdatamodel */,
			);
			currentVersion = 983B09252409A87800D601BF /* UsersList.xcdatamodel */;
			path = UsersList.xcdatamodeld;
			sourceTree = "<group>";
			versionGroupType = wrapper.xcdatamodel;
		};
/* End XCVersionGroup section */
	};
	rootObject = 983B09152409A87800D601BF /* Project object */;
}
