// !$*UTF8*$!
{
	archiveVersion = 1;
	classes = {
	};
	objectVersion = 50;
	objects = {

/* Begin PBXBuildFile section */
		982176A12464468700474F8A /* Resort.swift in Sources */ = {isa = PBXBuildFile; fileRef = 982176A02464468700474F8A /* Resort.swift */; };
		982176A32464486E00474F8A /* Bundle-Decodable.swift.swift in Sources */ = {isa = PBXBuildFile; fileRef = 982176A22464486E00474F8A /* Bundle-Decodable.swift.swift */; };
		982176A62464524E00474F8A /* WelcomeView.swift in Sources */ = {isa = PBXBuildFile; fileRef = 982176A52464524E00474F8A /* WelcomeView.swift */; };
		9846611924632AA800026EF6 /* AlertAndSheetOptionals.swift in Sources */ = {isa = PBXBuildFile; fileRef = 9846611824632AA800026EF6 /* AlertAndSheetOptionals.swift */; };
		9846611B24633CF100026EF6 /* UsingGroup.swift in Sources */ = {isa = PBXBuildFile; fileRef = 9846611A24633CF100026EF6 /* UsingGroup.swift */; };
		9846611D24633D5700026EF6 /* resorts.json in Resources */ = {isa = PBXBuildFile; fileRef = 9846611C24633D5700026EF6 /* resorts.json */; };
		98879CE12462EBC40001C08A /* AppDelegate.swift in Sources */ = {isa = PBXBuildFile; fileRef = 98879CE02462EBC40001C08A /* AppDelegate.swift */; };
		98879CE32462EBC40001C08A /* SceneDelegate.swift in Sources */ = {isa = PBXBuildFile; fileRef = 98879CE22462EBC40001C08A /* SceneDelegate.swift */; };
		98879CE62462EBC40001C08A /* SnowSeeker.xcdatamodeld in Sources */ = {isa = PBXBuildFile; fileRef = 98879CE42462EBC40001C08A /* SnowSeeker.xcdatamodeld */; };
		98879CE82462EBC40001C08A /* ContentView.swift in Sources */ = {isa = PBXBuildFile; fileRef = 98879CE72462EBC40001C08A /* ContentView.swift */; };
		98879CEA2462EBC60001C08A /* Assets.xcassets in Resources */ = {isa = PBXBuildFile; fileRef = 98879CE92462EBC60001C08A /* Assets.xcassets */; };
		98879CED2462EBC60001C08A /* Preview Assets.xcassets in Resources */ = {isa = PBXBuildFile; fileRef = 98879CEC2462EBC60001C08A /* Preview Assets.xcassets */; };
		98879CF02462EBC60001C08A /* LaunchScreen.storyboard in Resources */ = {isa = PBXBuildFile; fileRef = 98879CEE2462EBC60001C08A /* LaunchScreen.storyboard */; };
		98879CF82462EC100001C08A /* WorkingWithTwoSIde.swift in Sources */ = {isa = PBXBuildFile; fileRef = 98879CF72462EC100001C08A /* WorkingWithTwoSIde.swift */; };
/* End PBXBuildFile section */

/* Begin PBXFileReference section */
		982176A02464468700474F8A /* Resort.swift */ = {isa = PBXFileReference; lastKnownFileType = sourcecode.swift; path = Resort.swift; sourceTree = "<group>"; };
		982176A22464486E00474F8A /* Bundle-Decodable.swift.swift */ = {isa = PBXFileReference; lastKnownFileType = sourcecode.swift; path = "Bundle-Decodable.swift.swift"; sourceTree = "<group>"; };
		982176A52464524E00474F8A /* WelcomeView.swift */ = {isa = PBXFileReference; lastKnownFileType = sourcecode.swift; path = WelcomeView.swift; sourceTree = "<group>"; };
		9846611824632AA800026EF6 /* AlertAndSheetOptionals.swift */ = {isa = PBXFileReference; lastKnownFileType = sourcecode.swift; path = AlertAndSheetOptionals.swift; sourceTree = "<group>"; };
		9846611A24633CF100026EF6 /* UsingGroup.swift */ = {isa = PBXFileReference; lastKnownFileType = sourcecode.swift; path = UsingGroup.swift; sourceTree = "<group>"; };
		9846611C24633D5700026EF6 /* resorts.json */ = {isa = PBXFileReference; fileEncoding = 4; lastKnownFileType = text.json; path = resorts.json; sourceTree = "<group>"; };
		98879CDD2462EBC40001C08A /* SnowSeeker.app */ = {isa = PBXFileReference; explicitFileType = wrapper.application; includeInIndex = 0; path = SnowSeeker.app; sourceTree = BUILT_PRODUCTS_DIR; };
		98879CE02462EBC40001C08A /* AppDelegate.swift */ = {isa = PBXFileReference; lastKnownFileType = sourcecode.swift; path = AppDelegate.swift; sourceTree = "<group>"; };
		98879CE22462EBC40001C08A /* SceneDelegate.swift */ = {isa = PBXFileReference; lastKnownFileType = sourcecode.swift; path = SceneDelegate.swift; sourceTree = "<group>"; };
		98879CE52462EBC40001C08A /* SnowSeeker.xcdatamodel */ = {isa = PBXFileReference; lastKnownFileType = wrapper.xcdatamodel; path = SnowSeeker.xcdatamodel; sourceTree = "<group>"; };
		98879CE72462EBC40001C08A /* ContentView.swift */ = {isa = PBXFileReference; lastKnownFileType = sourcecode.swift; path = ContentView.swift; sourceTree = "<group>"; };
		98879CE92462EBC60001C08A /* Assets.xcassets */ = {isa = PBXFileReference; lastKnownFileType = folder.assetcatalog; path = Assets.xcassets; sourceTree = "<group>"; };
		98879CEC2462EBC60001C08A /* Preview Assets.xcassets */ = {isa = PBXFileReference; lastKnownFileType = folder.assetcatalog; path = "Preview Assets.xcassets"; sourceTree = "<group>"; };
		98879CEF2462EBC60001C08A /* Base */ = {isa = PBXFileReference; lastKnownFileType = file.storyboard; name = Base; path = Base.lproj/LaunchScreen.storyboard; sourceTree = "<group>"; };
		98879CF12462EBC60001C08A /* Info.plist */ = {isa = PBXFileReference; lastKnownFileType = text.plist.xml; path = Info.plist; sourceTree = "<group>"; };
		98879CF72462EC100001C08A /* WorkingWithTwoSIde.swift */ = {isa = PBXFileReference; lastKnownFileType = sourcecode.swift; path = WorkingWithTwoSIde.swift; sourceTree = "<group>"; };
/* End PBXFileReference section */

/* Begin PBXFrameworksBuildPhase section */
		98879CDA2462EBC40001C08A /* Frameworks */ = {
			isa = PBXFrameworksBuildPhase;
			buildActionMask = 2147483647;
			files = (
			);
			runOnlyForDeploymentPostprocessing = 0;
		};
/* End PBXFrameworksBuildPhase section */

/* Begin PBXGroup section */
		9821769F2464464F00474F8A /* Model */ = {
			isa = PBXGroup;
			children = (
				982176A02464468700474F8A /* Resort.swift */,
				982176A22464486E00474F8A /* Bundle-Decodable.swift.swift */,
			);
			path = Model;
			sourceTree = "<group>";
		};
		982176A42464521D00474F8A /* Project View */ = {
			isa = PBXGroup;
			children = (
				98879CE72462EBC40001C08A /* ContentView.swift */,
				982176A52464524E00474F8A /* WelcomeView.swift */,
			);
			path = "Project View";
			sourceTree = "<group>";
		};
		9846611724632A7B00026EF6 /* View */ = {
			isa = PBXGroup;
			children = (
				98879CF72462EC100001C08A /* WorkingWithTwoSIde.swift */,
				9846611824632AA800026EF6 /* AlertAndSheetOptionals.swift */,
				9846611A24633CF100026EF6 /* UsingGroup.swift */,
			);
			path = View;
			sourceTree = "<group>";
		};
		98879CD42462EBC40001C08A = {
			isa = PBXGroup;
			children = (
				98879CDF2462EBC40001C08A /* SnowSeeker */,
				98879CDE2462EBC40001C08A /* Products */,
			);
			sourceTree = "<group>";
		};
		98879CDE2462EBC40001C08A /* Products */ = {
			isa = PBXGroup;
			children = (
				98879CDD2462EBC40001C08A /* SnowSeeker.app */,
			);
			name = Products;
			sourceTree = "<group>";
		};
		98879CDF2462EBC40001C08A /* SnowSeeker */ = {
			isa = PBXGroup;
			children = (
				9821769F2464464F00474F8A /* Model */,
				982176A42464521D00474F8A /* Project View */,
				9846611724632A7B00026EF6 /* View */,
				98879CE02462EBC40001C08A /* AppDelegate.swift */,
				98879CE22462EBC40001C08A /* SceneDelegate.swift */,
				98879CE92462EBC60001C08A /* Assets.xcassets */,
				98879CEE2462EBC60001C08A /* LaunchScreen.storyboard */,
				98879CF12462EBC60001C08A /* Info.plist */,
				98879CE42462EBC40001C08A /* SnowSeeker.xcdatamodeld */,
				9846611C24633D5700026EF6 /* resorts.json */,
				98879CEB2462EBC60001C08A /* Preview Content */,
			);
			path = SnowSeeker;
			sourceTree = "<group>";
		};
		98879CEB2462EBC60001C08A /* Preview Content */ = {
			isa = PBXGroup;
			children = (
				98879CEC2462EBC60001C08A /* Preview Assets.xcassets */,
			);
			path = "Preview Content";
			sourceTree = "<group>";
		};
/* End PBXGroup section */

/* Begin PBXNativeTarget section */
		98879CDC2462EBC40001C08A /* SnowSeeker */ = {
			isa = PBXNativeTarget;
			buildConfigurationList = 98879CF42462EBC60001C08A /* Build configuration list for PBXNativeTarget "SnowSeeker" */;
			buildPhases = (
				98879CD92462EBC40001C08A /* Sources */,
				98879CDA2462EBC40001C08A /* Frameworks */,
				98879CDB2462EBC40001C08A /* Resources */,
			);
			buildRules = (
			);
			dependencies = (
			);
			name = SnowSeeker;
			productName = SnowSeeker;
			productReference = 98879CDD2462EBC40001C08A /* SnowSeeker.app */;
			productType = "com.apple.product-type.application";
		};
/* End PBXNativeTarget section */

/* Begin PBXProject section */
		98879CD52462EBC40001C08A /* Project object */ = {
			isa = PBXProject;
			attributes = {
				LastSwiftUpdateCheck = 1150;
				LastUpgradeCheck = 1150;
				ORGANIZATIONNAME = "Petro Onishchuk";
				TargetAttributes = {
					98879CDC2462EBC40001C08A = {
						CreatedOnToolsVersion = 11.5;
					};
				};
			};
			buildConfigurationList = 98879CD82462EBC40001C08A /* Build configuration list for PBXProject "SnowSeeker" */;
			compatibilityVersion = "Xcode 9.3";
			developmentRegion = en;
			hasScannedForEncodings = 0;
			knownRegions = (
				en,
				Base,
			);
			mainGroup = 98879CD42462EBC40001C08A;
			productRefGroup = 98879CDE2462EBC40001C08A /* Products */;
			projectDirPath = "";
			projectRoot = "";
			targets = (
				98879CDC2462EBC40001C08A /* SnowSeeker */,
			);
		};
/* End PBXProject section */

/* Begin PBXResourcesBuildPhase section */
		98879CDB2462EBC40001C08A /* Resources */ = {
			isa = PBXResourcesBuildPhase;
			buildActionMask = 2147483647;
			files = (
				98879CF02462EBC60001C08A /* LaunchScreen.storyboard in Resources */,
				98879CED2462EBC60001C08A /* Preview Assets.xcassets in Resources */,
				9846611D24633D5700026EF6 /* resorts.json in Resources */,
				98879CEA2462EBC60001C08A /* Assets.xcassets in Resources */,
			);
			runOnlyForDeploymentPostprocessing = 0;
		};
/* End PBXResourcesBuildPhase section */

/* Begin PBXSourcesBuildPhase section */
		98879CD92462EBC40001C08A /* Sources */ = {
			isa = PBXSourcesBuildPhase;
			buildActionMask = 2147483647;
			files = (
				982176A32464486E00474F8A /* Bundle-Decodable.swift.swift in Sources */,
				98879CE12462EBC40001C08A /* AppDelegate.swift in Sources */,
				9846611B24633CF100026EF6 /* UsingGroup.swift in Sources */,
				98879CE62462EBC40001C08A /* SnowSeeker.xcdatamodeld in Sources */,
				9846611924632AA800026EF6 /* AlertAndSheetOptionals.swift in Sources */,
				982176A62464524E00474F8A /* WelcomeView.swift in Sources */,
				98879CE82462EBC40001C08A /* ContentView.swift in Sources */,
				98879CE32462EBC40001C08A /* SceneDelegate.swift in Sources */,
				982176A12464468700474F8A /* Resort.swift in Sources */,
				98879CF82462EC100001C08A /* WorkingWithTwoSIde.swift in Sources */,
			);
			runOnlyForDeploymentPostprocessing = 0;
		};
/* End PBXSourcesBuildPhase section */

/* Begin PBXVariantGroup section */
		98879CEE2462EBC60001C08A /* LaunchScreen.storyboard */ = {
			isa = PBXVariantGroup;
			children = (
				98879CEF2462EBC60001C08A /* Base */,
			);
			name = LaunchScreen.storyboard;
			sourceTree = "<group>";
		};
/* End PBXVariantGroup section */

/* Begin XCBuildConfiguration section */
		98879CF22462EBC60001C08A /* Debug */ = {
			isa = XCBuildConfiguration;
			buildSettings = {
				ALWAYS_SEARCH_USER_PATHS = NO;
				CLANG_ANALYZER_NONNULL = YES;
				CLANG_ANALYZER_NUMBER_OBJECT_CONVERSION = YES_AGGRESSIVE;
				CLANG_CXX_LANGUAGE_STANDARD = "gnu++14";
				CLANG_CXX_LIBRARY = "libc++";
				CLANG_ENABLE_MODULES = YES;
				CLANG_ENABLE_OBJC_ARC = YES;
				CLANG_ENABLE_OBJC_WEAK = YES;
				CLANG_WARN_BLOCK_CAPTURE_AUTORELEASING = YES;
				CLANG_WARN_BOOL_CONVERSION = YES;
				CLANG_WARN_COMMA = YES;
				CLANG_WARN_CONSTANT_CONVERSION = YES;
				CLANG_WARN_DEPRECATED_OBJC_IMPLEMENTATIONS = YES;
				CLANG_WARN_DIRECT_OBJC_ISA_USAGE = YES_ERROR;
				CLANG_WARN_DOCUMENTATION_COMMENTS = YES;
				CLANG_WARN_EMPTY_BODY = YES;
				CLANG_WARN_ENUM_CONVERSION = YES;
				CLANG_WARN_INFINITE_RECURSION = YES;
				CLANG_WARN_INT_CONVERSION = YES;
				CLANG_WARN_NON_LITERAL_NULL_CONVERSION = YES;
				CLANG_WARN_OBJC_IMPLICIT_RETAIN_SELF = YES;
				CLANG_WARN_OBJC_LITERAL_CONVERSION = YES;
				CLANG_WARN_OBJC_ROOT_CLASS = YES_ERROR;
				CLANG_WARN_RANGE_LOOP_ANALYSIS = YES;
				CLANG_WARN_STRICT_PROTOTYPES = YES;
				CLANG_WARN_SUSPICIOUS_MOVE = YES;
				CLANG_WARN_UNGUARDED_AVAILABILITY = YES_AGGRESSIVE;
				CLANG_WARN_UNREACHABLE_CODE = YES;
				CLANG_WARN__DUPLICATE_METHOD_MATCH = YES;
				COPY_PHASE_STRIP = NO;
				DEBUG_INFORMATION_FORMAT = dwarf;
				ENABLE_STRICT_OBJC_MSGSEND = YES;
				ENABLE_TESTABILITY = YES;
				GCC_C_LANGUAGE_STANDARD = gnu11;
				GCC_DYNAMIC_NO_PIC = NO;
				GCC_NO_COMMON_BLOCKS = YES;
				GCC_OPTIMIZATION_LEVEL = 0;
				GCC_PREPROCESSOR_DEFINITIONS = (
					"DEBUG=1",
					"$(inherited)",
				);
				GCC_WARN_64_TO_32_BIT_CONVERSION = YES;
				GCC_WARN_ABOUT_RETURN_TYPE = YES_ERROR;
				GCC_WARN_UNDECLARED_SELECTOR = YES;
				GCC_WARN_UNINITIALIZED_AUTOS = YES_AGGRESSIVE;
				GCC_WARN_UNUSED_FUNCTION = YES;
				GCC_WARN_UNUSED_VARIABLE = YES;
				IPHONEOS_DEPLOYMENT_TARGET = 13.5;
				MTL_ENABLE_DEBUG_INFO = INCLUDE_SOURCE;
				MTL_FAST_MATH = YES;
				ONLY_ACTIVE_ARCH = YES;
				SDKROOT = iphoneos;
				SWIFT_ACTIVE_COMPILATION_CONDITIONS = DEBUG;
				SWIFT_OPTIMIZATION_LEVEL = "-Onone";
			};
			name = Debug;
		};
		98879CF32462EBC60001C08A /* Release */ = {
			isa = XCBuildConfiguration;
			buildSettings = {
				ALWAYS_SEARCH_USER_PATHS = NO;
				CLANG_ANALYZER_NONNULL = YES;
				CLANG_ANALYZER_NUMBER_OBJECT_CONVERSION = YES_AGGRESSIVE;
				CLANG_CXX_LANGUAGE_STANDARD = "gnu++14";
				CLANG_CXX_LIBRARY = "libc++";
				CLANG_ENABLE_MODULES = YES;
				CLANG_ENABLE_OBJC_ARC = YES;
				CLANG_ENABLE_OBJC_WEAK = YES;
				CLANG_WARN_BLOCK_CAPTURE_AUTORELEASING = YES;
				CLANG_WARN_BOOL_CONVERSION = YES;
				CLANG_WARN_COMMA = YES;
				CLANG_WARN_CONSTANT_CONVERSION = YES;
				CLANG_WARN_DEPRECATED_OBJC_IMPLEMENTATIONS = YES;
				CLANG_WARN_DIRECT_OBJC_ISA_USAGE = YES_ERROR;
				CLANG_WARN_DOCUMENTATION_COMMENTS = YES;
				CLANG_WARN_EMPTY_BODY = YES;
				CLANG_WARN_ENUM_CONVERSION = YES;
				CLANG_WARN_INFINITE_RECURSION = YES;
				CLANG_WARN_INT_CONVERSION = YES;
				CLANG_WARN_NON_LITERAL_NULL_CONVERSION = YES;
				CLANG_WARN_OBJC_IMPLICIT_RETAIN_SELF = YES;
				CLANG_WARN_OBJC_LITERAL_CONVERSION = YES;
				CLANG_WARN_OBJC_ROOT_CLASS = YES_ERROR;
				CLANG_WARN_RANGE_LOOP_ANALYSIS = YES;
				CLANG_WARN_STRICT_PROTOTYPES = YES;
				CLANG_WARN_SUSPICIOUS_MOVE = YES;
				CLANG_WARN_UNGUARDED_AVAILABILITY = YES_AGGRESSIVE;
				CLANG_WARN_UNREACHABLE_CODE = YES;
				CLANG_WARN__DUPLICATE_METHOD_MATCH = YES;
				COPY_PHASE_STRIP = NO;
				DEBUG_INFORMATION_FORMAT = "dwarf-with-dsym";
				ENABLE_NS_ASSERTIONS = NO;
				ENABLE_STRICT_OBJC_MSGSEND = YES;
				GCC_C_LANGUAGE_STANDARD = gnu11;
				GCC_NO_COMMON_BLOCKS = YES;
				GCC_WARN_64_TO_32_BIT_CONVERSION = YES;
				GCC_WARN_ABOUT_RETURN_TYPE = YES_ERROR;
				GCC_WARN_UNDECLARED_SELECTOR = YES;
				GCC_WARN_UNINITIALIZED_AUTOS = YES_AGGRESSIVE;
				GCC_WARN_UNUSED_FUNCTION = YES;
				GCC_WARN_UNUSED_VARIABLE = YES;
				IPHONEOS_DEPLOYMENT_TARGET = 13.5;
				MTL_ENABLE_DEBUG_INFO = NO;
				MTL_FAST_MATH = YES;
				SDKROOT = iphoneos;
				SWIFT_COMPILATION_MODE = wholemodule;
				SWIFT_OPTIMIZATION_LEVEL = "-O";
				VALIDATE_PRODUCT = YES;
			};
			name = Release;
		};
		98879CF52462EBC60001C08A /* Debug */ = {
			isa = XCBuildConfiguration;
			buildSettings = {
				ASSETCATALOG_COMPILER_APPICON_NAME = AppIcon;
				CODE_SIGN_STYLE = Automatic;
				DEVELOPMENT_ASSET_PATHS = "\"SnowSeeker/Preview Content\"";
				DEVELOPMENT_TEAM = JQVSXS5J2X;
				ENABLE_PREVIEWS = YES;
				INFOPLIST_FILE = SnowSeeker/Info.plist;
				LD_RUNPATH_SEARCH_PATHS = (
					"$(inherited)",
					"@executable_path/Frameworks",
				);
				PRODUCT_BUNDLE_IDENTIFIER = me.petroonishchuk.SnowSeeker;
				PRODUCT_NAME = "$(TARGET_NAME)";
				SWIFT_VERSION = 5.0;
				TARGETED_DEVICE_FAMILY = "1,2";
			};
			name = Debug;
		};
		98879CF62462EBC60001C08A /* Release */ = {
			isa = XCBuildConfiguration;
			buildSettings = {
				ASSETCATALOG_COMPILER_APPICON_NAME = AppIcon;
				CODE_SIGN_STYLE = Automatic;
				DEVELOPMENT_ASSET_PATHS = "\"SnowSeeker/Preview Content\"";
				DEVELOPMENT_TEAM = JQVSXS5J2X;
				ENABLE_PREVIEWS = YES;
				INFOPLIST_FILE = SnowSeeker/Info.plist;
				LD_RUNPATH_SEARCH_PATHS = (
					"$(inherited)",
					"@executable_path/Frameworks",
				);
				PRODUCT_BUNDLE_IDENTIFIER = me.petroonishchuk.SnowSeeker;
				PRODUCT_NAME = "$(TARGET_NAME)";
				SWIFT_VERSION = 5.0;
				TARGETED_DEVICE_FAMILY = "1,2";
			};
			name = Release;
		};
/* End XCBuildConfiguration section */

/* Begin XCConfigurationList section */
		98879CD82462EBC40001C08A /* Build configuration list for PBXProject "SnowSeeker" */ = {
			isa = XCConfigurationList;
			buildConfigurations = (
				98879CF22462EBC60001C08A /* Debug */,
				98879CF32462EBC60001C08A /* Release */,
			);
			defaultConfigurationIsVisible = 0;
			defaultConfigurationName = Release;
		};
		98879CF42462EBC60001C08A /* Build configuration list for PBXNativeTarget "SnowSeeker" */ = {
			isa = XCConfigurationList;
			buildConfigurations = (
				98879CF52462EBC60001C08A /* Debug */,
				98879CF62462EBC60001C08A /* Release */,
			);
			defaultConfigurationIsVisible = 0;
			defaultConfigurationName = Release;
		};
/* End XCConfigurationList section */

/* Begin XCVersionGroup section */
		98879CE42462EBC40001C08A /* SnowSeeker.xcdatamodeld */ = {
			isa = XCVersionGroup;
			children = (
				98879CE52462EBC40001C08A /* SnowSeeker.xcdatamodel */,
			);
			currentVersion = 98879CE52462EBC40001C08A /* SnowSeeker.xcdatamodel */;
			path = SnowSeeker.xcdatamodeld;
			sourceTree = "<group>";
			versionGroupType = wrapper.xcdatamodel;
		};
/* End XCVersionGroup section */
	};
	rootObject = 98879CD52462EBC40001C08A /* Project object */;
}
