// !$*UTF8*$!
{
	archiveVersion = 1;
	classes = {
	};
	objectVersion = 50;
	objects = {

/* Begin PBXBuildFile section */
		984A20F3244DDF7E002301BF /* AppDelegate.swift in Sources */ = {isa = PBXBuildFile; fileRef = 984A20F2244DDF7E002301BF /* AppDelegate.swift */; };
		984A20F5244DDF7E002301BF /* SceneDelegate.swift in Sources */ = {isa = PBXBuildFile; fileRef = 984A20F4244DDF7E002301BF /* SceneDelegate.swift */; };
		984A20F8244DDF7E002301BF /* LayoutAndGeometry.xcdatamodeld in Sources */ = {isa = PBXBuildFile; fileRef = 984A20F6244DDF7E002301BF /* LayoutAndGeometry.xcdatamodeld */; };
		984A20FA244DDF7E002301BF /* ContentView.swift in Sources */ = {isa = PBXBuildFile; fileRef = 984A20F9244DDF7E002301BF /* ContentView.swift */; };
		984A20FC244DDF7F002301BF /* Assets.xcassets in Resources */ = {isa = PBXBuildFile; fileRef = 984A20FB244DDF7F002301BF /* Assets.xcassets */; };
		984A20FF244DDF7F002301BF /* Preview Assets.xcassets in Resources */ = {isa = PBXBuildFile; fileRef = 984A20FE244DDF7F002301BF /* Preview Assets.xcassets */; };
		984A2102244DDF7F002301BF /* LaunchScreen.storyboard in Resources */ = {isa = PBXBuildFile; fileRef = 984A2100244DDF7F002301BF /* LaunchScreen.storyboard */; };
		985EC0FD244F401300F07B2A /* GeometryReaderBasic.swift in Sources */ = {isa = PBXBuildFile; fileRef = 985EC0FC244F401300F07B2A /* GeometryReaderBasic.swift */; };
		98AB5E59244F725A00852FA8 /* VerticalScrollView.swift in Sources */ = {isa = PBXBuildFile; fileRef = 98AB5E58244F725A00852FA8 /* VerticalScrollView.swift */; };
		98AB5E5B244F777100852FA8 /* HorizontalScrollView.swift in Sources */ = {isa = PBXBuildFile; fileRef = 98AB5E5A244F777100852FA8 /* HorizontalScrollView.swift */; };
		98AB5E5E244F7D6E00852FA8 /* astronauts.json in Resources */ = {isa = PBXBuildFile; fileRef = 98AB5E5D244F7D6E00852FA8 /* astronauts.json */; };
		98AB5E60244F7D9200852FA8 /* missions.json in Resources */ = {isa = PBXBuildFile; fileRef = 98AB5E5F244F7D9200852FA8 /* missions.json */; };
		98AB5E62244F7DB700852FA8 /* Moonshot.swift in Sources */ = {isa = PBXBuildFile; fileRef = 98AB5E61244F7DB700852FA8 /* Moonshot.swift */; };
		98AB5E64244F7DD000852FA8 /* AstronautView.swift in Sources */ = {isa = PBXBuildFile; fileRef = 98AB5E63244F7DD000852FA8 /* AstronautView.swift */; };
		98AB5E66244F7DEF00852FA8 /* MissionView.swift in Sources */ = {isa = PBXBuildFile; fileRef = 98AB5E65244F7DEF00852FA8 /* MissionView.swift */; };
		98AB5E68244F7E1900852FA8 /* Mission.swift in Sources */ = {isa = PBXBuildFile; fileRef = 98AB5E67244F7E1900852FA8 /* Mission.swift */; };
		98AB5E6A244F7E3400852FA8 /* Astrounaut.swift in Sources */ = {isa = PBXBuildFile; fileRef = 98AB5E69244F7E3400852FA8 /* Astrounaut.swift */; };
		98AB5E6C244F7E4C00852FA8 /*  Bundle-Decodable.swift in Sources */ = {isa = PBXBuildFile; fileRef = 98AB5E6B244F7E4C00852FA8 /*  Bundle-Decodable.swift */; };
		98DA9D47244E23FF00788F06 /* AlignmentAndAlignmentGuides.swift in Sources */ = {isa = PBXBuildFile; fileRef = 98DA9D46244E23FF00788F06 /* AlignmentAndAlignmentGuides.swift */; };
		98DA9D49244E2A8200788F06 /* CustomAlignment.swift in Sources */ = {isa = PBXBuildFile; fileRef = 98DA9D48244E2A8200788F06 /* CustomAlignment.swift */; };
/* End PBXBuildFile section */

/* Begin PBXFileReference section */
		984A20EF244DDF7E002301BF /* LayoutAndGeometry.app */ = {isa = PBXFileReference; explicitFileType = wrapper.application; includeInIndex = 0; path = LayoutAndGeometry.app; sourceTree = BUILT_PRODUCTS_DIR; };
		984A20F2244DDF7E002301BF /* AppDelegate.swift */ = {isa = PBXFileReference; lastKnownFileType = sourcecode.swift; path = AppDelegate.swift; sourceTree = "<group>"; };
		984A20F4244DDF7E002301BF /* SceneDelegate.swift */ = {isa = PBXFileReference; lastKnownFileType = sourcecode.swift; path = SceneDelegate.swift; sourceTree = "<group>"; };
		984A20F7244DDF7E002301BF /* LayoutAndGeometry.xcdatamodel */ = {isa = PBXFileReference; lastKnownFileType = wrapper.xcdatamodel; path = LayoutAndGeometry.xcdatamodel; sourceTree = "<group>"; };
		984A20F9244DDF7E002301BF /* ContentView.swift */ = {isa = PBXFileReference; lastKnownFileType = sourcecode.swift; path = ContentView.swift; sourceTree = "<group>"; };
		984A20FB244DDF7F002301BF /* Assets.xcassets */ = {isa = PBXFileReference; lastKnownFileType = folder.assetcatalog; path = Assets.xcassets; sourceTree = "<group>"; };
		984A20FE244DDF7F002301BF /* Preview Assets.xcassets */ = {isa = PBXFileReference; lastKnownFileType = folder.assetcatalog; path = "Preview Assets.xcassets"; sourceTree = "<group>"; };
		984A2101244DDF7F002301BF /* Base */ = {isa = PBXFileReference; lastKnownFileType = file.storyboard; name = Base; path = Base.lproj/LaunchScreen.storyboard; sourceTree = "<group>"; };
		984A2103244DDF7F002301BF /* Info.plist */ = {isa = PBXFileReference; lastKnownFileType = text.plist.xml; path = Info.plist; sourceTree = "<group>"; };
		985EC0FC244F401300F07B2A /* GeometryReaderBasic.swift */ = {isa = PBXFileReference; lastKnownFileType = sourcecode.swift; path = GeometryReaderBasic.swift; sourceTree = "<group>"; };
		98AB5E58244F725A00852FA8 /* VerticalScrollView.swift */ = {isa = PBXFileReference; lastKnownFileType = sourcecode.swift; path = VerticalScrollView.swift; sourceTree = "<group>"; };
		98AB5E5A244F777100852FA8 /* HorizontalScrollView.swift */ = {isa = PBXFileReference; lastKnownFileType = sourcecode.swift; path = HorizontalScrollView.swift; sourceTree = "<group>"; };
		98AB5E5D244F7D6E00852FA8 /* astronauts.json */ = {isa = PBXFileReference; lastKnownFileType = text.json; path = astronauts.json; sourceTree = "<group>"; };
		98AB5E5F244F7D9200852FA8 /* missions.json */ = {isa = PBXFileReference; lastKnownFileType = text.json; path = missions.json; sourceTree = "<group>"; };
		98AB5E61244F7DB700852FA8 /* Moonshot.swift */ = {isa = PBXFileReference; lastKnownFileType = sourcecode.swift; path = Moonshot.swift; sourceTree = "<group>"; };
		98AB5E63244F7DD000852FA8 /* AstronautView.swift */ = {isa = PBXFileReference; lastKnownFileType = sourcecode.swift; path = AstronautView.swift; sourceTree = "<group>"; };
		98AB5E65244F7DEF00852FA8 /* MissionView.swift */ = {isa = PBXFileReference; lastKnownFileType = sourcecode.swift; path = MissionView.swift; sourceTree = "<group>"; };
		98AB5E67244F7E1900852FA8 /* Mission.swift */ = {isa = PBXFileReference; lastKnownFileType = sourcecode.swift; path = Mission.swift; sourceTree = "<group>"; };
		98AB5E69244F7E3400852FA8 /* Astrounaut.swift */ = {isa = PBXFileReference; lastKnownFileType = sourcecode.swift; path = Astrounaut.swift; sourceTree = "<group>"; };
		98AB5E6B244F7E4C00852FA8 /*  Bundle-Decodable.swift */ = {isa = PBXFileReference; lastKnownFileType = sourcecode.swift; path = " Bundle-Decodable.swift"; sourceTree = "<group>"; };
		98DA9D46244E23FF00788F06 /* AlignmentAndAlignmentGuides.swift */ = {isa = PBXFileReference; lastKnownFileType = sourcecode.swift; path = AlignmentAndAlignmentGuides.swift; sourceTree = "<group>"; };
		98DA9D48244E2A8200788F06 /* CustomAlignment.swift */ = {isa = PBXFileReference; lastKnownFileType = sourcecode.swift; path = CustomAlignment.swift; sourceTree = "<group>"; };
/* End PBXFileReference section */

/* Begin PBXFrameworksBuildPhase section */
		984A20EC244DDF7E002301BF /* Frameworks */ = {
			isa = PBXFrameworksBuildPhase;
			buildActionMask = 2147483647;
			files = (
			);
			runOnlyForDeploymentPostprocessing = 0;
		};
/* End PBXFrameworksBuildPhase section */

/* Begin PBXGroup section */
		984A20E6244DDF7E002301BF = {
			isa = PBXGroup;
			children = (
				984A20F1244DDF7E002301BF /* LayoutAndGeometry */,
				984A20F0244DDF7E002301BF /* Products */,
			);
			sourceTree = "<group>";
		};
		984A20F0244DDF7E002301BF /* Products */ = {
			isa = PBXGroup;
			children = (
				984A20EF244DDF7E002301BF /* LayoutAndGeometry.app */,
			);
			name = Products;
			sourceTree = "<group>";
		};
		984A20F1244DDF7E002301BF /* LayoutAndGeometry */ = {
			isa = PBXGroup;
			children = (
				98AB5E5C244F7D3800852FA8 /* Moonshot */,
				98DA9D45244E23CF00788F06 /* AlignmentAndAlignmentGuides */,
				984A20F2244DDF7E002301BF /* AppDelegate.swift */,
				984A20F4244DDF7E002301BF /* SceneDelegate.swift */,
				984A20F9244DDF7E002301BF /* ContentView.swift */,
				984A20FB244DDF7F002301BF /* Assets.xcassets */,
				984A2100244DDF7F002301BF /* LaunchScreen.storyboard */,
				984A2103244DDF7F002301BF /* Info.plist */,
				984A20F6244DDF7E002301BF /* LayoutAndGeometry.xcdatamodeld */,
				984A20FD244DDF7F002301BF /* Preview Content */,
			);
			path = LayoutAndGeometry;
			sourceTree = "<group>";
		};
		984A20FD244DDF7F002301BF /* Preview Content */ = {
			isa = PBXGroup;
			children = (
				984A20FE244DDF7F002301BF /* Preview Assets.xcassets */,
			);
			path = "Preview Content";
			sourceTree = "<group>";
		};
		98AB5E5C244F7D3800852FA8 /* Moonshot */ = {
			isa = PBXGroup;
			children = (
				98AB5E5D244F7D6E00852FA8 /* astronauts.json */,
				98AB5E5F244F7D9200852FA8 /* missions.json */,
				98AB5E61244F7DB700852FA8 /* Moonshot.swift */,
				98AB5E63244F7DD000852FA8 /* AstronautView.swift */,
				98AB5E65244F7DEF00852FA8 /* MissionView.swift */,
				98AB5E67244F7E1900852FA8 /* Mission.swift */,
				98AB5E69244F7E3400852FA8 /* Astrounaut.swift */,
				98AB5E6B244F7E4C00852FA8 /*  Bundle-Decodable.swift */,
			);
			path = Moonshot;
			sourceTree = "<group>";
		};
		98DA9D45244E23CF00788F06 /* AlignmentAndAlignmentGuides */ = {
			isa = PBXGroup;
			children = (
				98DA9D46244E23FF00788F06 /* AlignmentAndAlignmentGuides.swift */,
				98DA9D48244E2A8200788F06 /* CustomAlignment.swift */,
				985EC0FC244F401300F07B2A /* GeometryReaderBasic.swift */,
				98AB5E58244F725A00852FA8 /* VerticalScrollView.swift */,
				98AB5E5A244F777100852FA8 /* HorizontalScrollView.swift */,
			);
			path = AlignmentAndAlignmentGuides;
			sourceTree = "<group>";
		};
/* End PBXGroup section */

/* Begin PBXNativeTarget section */
		984A20EE244DDF7E002301BF /* LayoutAndGeometry */ = {
			isa = PBXNativeTarget;
			buildConfigurationList = 984A2106244DDF7F002301BF /* Build configuration list for PBXNativeTarget "LayoutAndGeometry" */;
			buildPhases = (
				984A20EB244DDF7E002301BF /* Sources */,
				984A20EC244DDF7E002301BF /* Frameworks */,
				984A20ED244DDF7E002301BF /* Resources */,
			);
			buildRules = (
			);
			dependencies = (
			);
			name = LayoutAndGeometry;
			productName = LayoutAndGeometry;
			productReference = 984A20EF244DDF7E002301BF /* LayoutAndGeometry.app */;
			productType = "com.apple.product-type.application";
		};
/* End PBXNativeTarget section */

/* Begin PBXProject section */
		984A20E7244DDF7E002301BF /* Project object */ = {
			isa = PBXProject;
			attributes = {
				LastSwiftUpdateCheck = 1140;
				LastUpgradeCheck = 1140;
				ORGANIZATIONNAME = "Petro Onishchuk";
				TargetAttributes = {
					984A20EE244DDF7E002301BF = {
						CreatedOnToolsVersion = 11.4;
					};
				};
			};
			buildConfigurationList = 984A20EA244DDF7E002301BF /* Build configuration list for PBXProject "LayoutAndGeometry" */;
			compatibilityVersion = "Xcode 9.3";
			developmentRegion = en;
			hasScannedForEncodings = 0;
			knownRegions = (
				en,
				Base,
			);
			mainGroup = 984A20E6244DDF7E002301BF;
			productRefGroup = 984A20F0244DDF7E002301BF /* Products */;
			projectDirPath = "";
			projectRoot = "";
			targets = (
				984A20EE244DDF7E002301BF /* LayoutAndGeometry */,
			);
		};
/* End PBXProject section */

/* Begin PBXResourcesBuildPhase section */
		984A20ED244DDF7E002301BF /* Resources */ = {
			isa = PBXResourcesBuildPhase;
			buildActionMask = 2147483647;
			files = (
				984A2102244DDF7F002301BF /* LaunchScreen.storyboard in Resources */,
				98AB5E60244F7D9200852FA8 /* missions.json in Resources */,
				984A20FF244DDF7F002301BF /* Preview Assets.xcassets in Resources */,
				984A20FC244DDF7F002301BF /* Assets.xcassets in Resources */,
				98AB5E5E244F7D6E00852FA8 /* astronauts.json in Resources */,
			);
			runOnlyForDeploymentPostprocessing = 0;
		};
/* End PBXResourcesBuildPhase section */

/* Begin PBXSourcesBuildPhase section */
		984A20EB244DDF7E002301BF /* Sources */ = {
			isa = PBXSourcesBuildPhase;
			buildActionMask = 2147483647;
			files = (
				98DA9D49244E2A8200788F06 /* CustomAlignment.swift in Sources */,
				984A20F8244DDF7E002301BF /* LayoutAndGeometry.xcdatamodeld in Sources */,
				98AB5E59244F725A00852FA8 /* VerticalScrollView.swift in Sources */,
				984A20F3244DDF7E002301BF /* AppDelegate.swift in Sources */,
				985EC0FD244F401300F07B2A /* GeometryReaderBasic.swift in Sources */,
				98AB5E66244F7DEF00852FA8 /* MissionView.swift in Sources */,
				98DA9D47244E23FF00788F06 /* AlignmentAndAlignmentGuides.swift in Sources */,
				98AB5E6C244F7E4C00852FA8 /*  Bundle-Decodable.swift in Sources */,
				98AB5E64244F7DD000852FA8 /* AstronautView.swift in Sources */,
				98AB5E68244F7E1900852FA8 /* Mission.swift in Sources */,
				98AB5E62244F7DB700852FA8 /* Moonshot.swift in Sources */,
				984A20FA244DDF7E002301BF /* ContentView.swift in Sources */,
				98AB5E5B244F777100852FA8 /* HorizontalScrollView.swift in Sources */,
				984A20F5244DDF7E002301BF /* SceneDelegate.swift in Sources */,
				98AB5E6A244F7E3400852FA8 /* Astrounaut.swift in Sources */,
			);
			runOnlyForDeploymentPostprocessing = 0;
		};
/* End PBXSourcesBuildPhase section */

/* Begin PBXVariantGroup section */
		984A2100244DDF7F002301BF /* LaunchScreen.storyboard */ = {
			isa = PBXVariantGroup;
			children = (
				984A2101244DDF7F002301BF /* Base */,
			);
			name = LaunchScreen.storyboard;
			sourceTree = "<group>";
		};
/* End PBXVariantGroup section */

/* Begin XCBuildConfiguration section */
		984A2104244DDF7F002301BF /* Debug */ = {
			isa = XCBuildConfiguration;
			buildSettings = {
				ALWAYS_SEARCH_USER_PATHS = NO;
				CLANG_ANALYZER_NONNULL = YES;
				CLANG_ANALYZER_NUMBER_OBJECT_CONVERSION = YES_AGGRESSIVE;
				CLANG_CXX_LANGUAGE_STANDARD = "gnu++14";
				CLANG_CXX_LIBRARY = "libc++";
				CLANG_ENABLE_MODULES = YES;
				CLANG_ENABLE_OBJC_ARC = YES;
				CLANG_ENABLE_OBJC_WEAK = YES;
				CLANG_WARN_BLOCK_CAPTURE_AUTORELEASING = YES;
				CLANG_WARN_BOOL_CONVERSION = YES;
				CLANG_WARN_COMMA = YES;
				CLANG_WARN_CONSTANT_CONVERSION = YES;
				CLANG_WARN_DEPRECATED_OBJC_IMPLEMENTATIONS = YES;
				CLANG_WARN_DIRECT_OBJC_ISA_USAGE = YES_ERROR;
				CLANG_WARN_DOCUMENTATION_COMMENTS = YES;
				CLANG_WARN_EMPTY_BODY = YES;
				CLANG_WARN_ENUM_CONVERSION = YES;
				CLANG_WARN_INFINITE_RECURSION = YES;
				CLANG_WARN_INT_CONVERSION = YES;
				CLANG_WARN_NON_LITERAL_NULL_CONVERSION = YES;
				CLANG_WARN_OBJC_IMPLICIT_RETAIN_SELF = YES;
				CLANG_WARN_OBJC_LITERAL_CONVERSION = YES;
				CLANG_WARN_OBJC_ROOT_CLASS = YES_ERROR;
				CLANG_WARN_RANGE_LOOP_ANALYSIS = YES;
				CLANG_WARN_STRICT_PROTOTYPES = YES;
				CLANG_WARN_SUSPICIOUS_MOVE = YES;
				CLANG_WARN_UNGUARDED_AVAILABILITY = YES_AGGRESSIVE;
				CLANG_WARN_UNREACHABLE_CODE = YES;
				CLANG_WARN__DUPLICATE_METHOD_MATCH = YES;
				COPY_PHASE_STRIP = NO;
				DEBUG_INFORMATION_FORMAT = dwarf;
				ENABLE_STRICT_OBJC_MSGSEND = YES;
				ENABLE_TESTABILITY = YES;
				GCC_C_LANGUAGE_STANDARD = gnu11;
				GCC_DYNAMIC_NO_PIC = NO;
				GCC_NO_COMMON_BLOCKS = YES;
				GCC_OPTIMIZATION_LEVEL = 0;
				GCC_PREPROCESSOR_DEFINITIONS = (
					"DEBUG=1",
					"$(inherited)",
				);
				GCC_WARN_64_TO_32_BIT_CONVERSION = YES;
				GCC_WARN_ABOUT_RETURN_TYPE = YES_ERROR;
				GCC_WARN_UNDECLARED_SELECTOR = YES;
				GCC_WARN_UNINITIALIZED_AUTOS = YES_AGGRESSIVE;
				GCC_WARN_UNUSED_FUNCTION = YES;
				GCC_WARN_UNUSED_VARIABLE = YES;
				IPHONEOS_DEPLOYMENT_TARGET = 13.4;
				MTL_ENABLE_DEBUG_INFO = INCLUDE_SOURCE;
				MTL_FAST_MATH = YES;
				ONLY_ACTIVE_ARCH = YES;
				SDKROOT = iphoneos;
				SWIFT_ACTIVE_COMPILATION_CONDITIONS = DEBUG;
				SWIFT_OPTIMIZATION_LEVEL = "-Onone";
			};
			name = Debug;
		};
		984A2105244DDF7F002301BF /* Release */ = {
			isa = XCBuildConfiguration;
			buildSettings = {
				ALWAYS_SEARCH_USER_PATHS = NO;
				CLANG_ANALYZER_NONNULL = YES;
				CLANG_ANALYZER_NUMBER_OBJECT_CONVERSION = YES_AGGRESSIVE;
				CLANG_CXX_LANGUAGE_STANDARD = "gnu++14";
				CLANG_CXX_LIBRARY = "libc++";
				CLANG_ENABLE_MODULES = YES;
				CLANG_ENABLE_OBJC_ARC = YES;
				CLANG_ENABLE_OBJC_WEAK = YES;
				CLANG_WARN_BLOCK_CAPTURE_AUTORELEASING = YES;
				CLANG_WARN_BOOL_CONVERSION = YES;
				CLANG_WARN_COMMA = YES;
				CLANG_WARN_CONSTANT_CONVERSION = YES;
				CLANG_WARN_DEPRECATED_OBJC_IMPLEMENTATIONS = YES;
				CLANG_WARN_DIRECT_OBJC_ISA_USAGE = YES_ERROR;
				CLANG_WARN_DOCUMENTATION_COMMENTS = YES;
				CLANG_WARN_EMPTY_BODY = YES;
				CLANG_WARN_ENUM_CONVERSION = YES;
				CLANG_WARN_INFINITE_RECURSION = YES;
				CLANG_WARN_INT_CONVERSION = YES;
				CLANG_WARN_NON_LITERAL_NULL_CONVERSION = YES;
				CLANG_WARN_OBJC_IMPLICIT_RETAIN_SELF = YES;
				CLANG_WARN_OBJC_LITERAL_CONVERSION = YES;
				CLANG_WARN_OBJC_ROOT_CLASS = YES_ERROR;
				CLANG_WARN_RANGE_LOOP_ANALYSIS = YES;
				CLANG_WARN_STRICT_PROTOTYPES = YES;
				CLANG_WARN_SUSPICIOUS_MOVE = YES;
				CLANG_WARN_UNGUARDED_AVAILABILITY = YES_AGGRESSIVE;
				CLANG_WARN_UNREACHABLE_CODE = YES;
				CLANG_WARN__DUPLICATE_METHOD_MATCH = YES;
				COPY_PHASE_STRIP = NO;
				DEBUG_INFORMATION_FORMAT = "dwarf-with-dsym";
				ENABLE_NS_ASSERTIONS = NO;
				ENABLE_STRICT_OBJC_MSGSEND = YES;
				GCC_C_LANGUAGE_STANDARD = gnu11;
				GCC_NO_COMMON_BLOCKS = YES;
				GCC_WARN_64_TO_32_BIT_CONVERSION = YES;
				GCC_WARN_ABOUT_RETURN_TYPE = YES_ERROR;
				GCC_WARN_UNDECLARED_SELECTOR = YES;
				GCC_WARN_UNINITIALIZED_AUTOS = YES_AGGRESSIVE;
				GCC_WARN_UNUSED_FUNCTION = YES;
				GCC_WARN_UNUSED_VARIABLE = YES;
				IPHONEOS_DEPLOYMENT_TARGET = 13.4;
				MTL_ENABLE_DEBUG_INFO = NO;
				MTL_FAST_MATH = YES;
				SDKROOT = iphoneos;
				SWIFT_COMPILATION_MODE = wholemodule;
				SWIFT_OPTIMIZATION_LEVEL = "-O";
				VALIDATE_PRODUCT = YES;
			};
			name = Release;
		};
		984A2107244DDF7F002301BF /* Debug */ = {
			isa = XCBuildConfiguration;
			buildSettings = {
				ASSETCATALOG_COMPILER_APPICON_NAME = AppIcon;
				CODE_SIGN_STYLE = Automatic;
				DEVELOPMENT_ASSET_PATHS = "\"LayoutAndGeometry/Preview Content\"";
				DEVELOPMENT_TEAM = JQVSXS5J2X;
				ENABLE_PREVIEWS = YES;
				INFOPLIST_FILE = LayoutAndGeometry/Info.plist;
				LD_RUNPATH_SEARCH_PATHS = (
					"$(inherited)",
					"@executable_path/Frameworks",
				);
				PRODUCT_BUNDLE_IDENTIFIER = me.petroonishchuk.LayoutAndGeometry;
				PRODUCT_NAME = "$(TARGET_NAME)";
				SWIFT_VERSION = 5.0;
				TARGETED_DEVICE_FAMILY = "1,2";
			};
			name = Debug;
		};
		984A2108244DDF7F002301BF /* Release */ = {
			isa = XCBuildConfiguration;
			buildSettings = {
				ASSETCATALOG_COMPILER_APPICON_NAME = AppIcon;
				CODE_SIGN_STYLE = Automatic;
				DEVELOPMENT_ASSET_PATHS = "\"LayoutAndGeometry/Preview Content\"";
				DEVELOPMENT_TEAM = JQVSXS5J2X;
				ENABLE_PREVIEWS = YES;
				INFOPLIST_FILE = LayoutAndGeometry/Info.plist;
				LD_RUNPATH_SEARCH_PATHS = (
					"$(inherited)",
					"@executable_path/Frameworks",
				);
				PRODUCT_BUNDLE_IDENTIFIER = me.petroonishchuk.LayoutAndGeometry;
				PRODUCT_NAME = "$(TARGET_NAME)";
				SWIFT_VERSION = 5.0;
				TARGETED_DEVICE_FAMILY = "1,2";
			};
			name = Release;
		};
/* End XCBuildConfiguration section */

/* Begin XCConfigurationList section */
		984A20EA244DDF7E002301BF /* Build configuration list for PBXProject "LayoutAndGeometry" */ = {
			isa = XCConfigurationList;
			buildConfigurations = (
				984A2104244DDF7F002301BF /* Debug */,
				984A2105244DDF7F002301BF /* Release */,
			);
			defaultConfigurationIsVisible = 0;
			defaultConfigurationName = Release;
		};
		984A2106244DDF7F002301BF /* Build configuration list for PBXNativeTarget "LayoutAndGeometry" */ = {
			isa = XCConfigurationList;
			buildConfigurations = (
				984A2107244DDF7F002301BF /* Debug */,
				984A2108244DDF7F002301BF /* Release */,
			);
			defaultConfigurationIsVisible = 0;
			defaultConfigurationName = Release;
		};
/* End XCConfigurationList section */

/* Begin XCVersionGroup section */
		984A20F6244DDF7E002301BF /* LayoutAndGeometry.xcdatamodeld */ = {
			isa = XCVersionGroup;
			children = (
				984A20F7244DDF7E002301BF /* LayoutAndGeometry.xcdatamodel */,
			);
			currentVersion = 984A20F7244DDF7E002301BF /* LayoutAndGeometry.xcdatamodel */;
			path = LayoutAndGeometry.xcdatamodeld;
			sourceTree = "<group>";
			versionGroupType = wrapper.xcdatamodel;
		};
/* End XCVersionGroup section */
	};
	rootObject = 984A20E7244DDF7E002301BF /* Project object */;
}
