// !$*UTF8*$!
{
	archiveVersion = 1;
	classes = {
	};
	objectVersion = 50;
	objects = {

/* Begin PBXBuildFile section */
		98076810242F892B00AA9935 /* ModifiersView.swift in Sources */ = {isa = PBXBuildFile; fileRef = 9807680F242F892B00AA9935 /* ModifiersView.swift */; };
		98076812242F963E00AA9935 /* ManageData.swift in Sources */ = {isa = PBXBuildFile; fileRef = 98076811242F963E00AA9935 /* ManageData.swift */; };
		989F9A182430E5AC0068BA4A /* LocationFetcher.swift in Sources */ = {isa = PBXBuildFile; fileRef = 989F9A172430E5AC0068BA4A /* LocationFetcher.swift */; };
		989F9A1A2430E6170068BA4A /* CurrentLocation.swift in Sources */ = {isa = PBXBuildFile; fileRef = 989F9A192430E6170068BA4A /* CurrentLocation.swift */; };
		989F9A1E243122880068BA4A /* CodableMKPointAnnotation.swift in Sources */ = {isa = PBXBuildFile; fileRef = 989F9A1D243122880068BA4A /* CodableMKPointAnnotation.swift */; };
		989F9A20243122CE0068BA4A /* MapView.swift in Sources */ = {isa = PBXBuildFile; fileRef = 989F9A1F243122CE0068BA4A /* MapView.swift */; };
		989F9A22243123050068BA4A /* PlusButton.swift in Sources */ = {isa = PBXBuildFile; fileRef = 989F9A21243123050068BA4A /* PlusButton.swift */; };
		989F9A26243123550068BA4A /* CircleView.swift in Sources */ = {isa = PBXBuildFile; fileRef = 989F9A25243123550068BA4A /* CircleView.swift */; };
		989F9A28243123B90068BA4A /* EditView.swift in Sources */ = {isa = PBXBuildFile; fileRef = 989F9A27243123B90068BA4A /* EditView.swift */; };
		989F9A2A243123FC0068BA4A /* Result.swift in Sources */ = {isa = PBXBuildFile; fileRef = 989F9A29243123FC0068BA4A /* Result.swift */; };
		989F9A2C243124810068BA4A /* MKPointAnnotation-ObservableObject.swift in Sources */ = {isa = PBXBuildFile; fileRef = 989F9A2B243124810068BA4A /* MKPointAnnotation-ObservableObject.swift */; };
		989F9A2E243124D20068BA4A /* UnlockView.swift in Sources */ = {isa = PBXBuildFile; fileRef = 989F9A2D243124D20068BA4A /* UnlockView.swift */; };
		98A13952242D333B00CDF443 /* AppDelegate.swift in Sources */ = {isa = PBXBuildFile; fileRef = 98A13951242D333B00CDF443 /* AppDelegate.swift */; };
		98A13954242D333B00CDF443 /* SceneDelegate.swift in Sources */ = {isa = PBXBuildFile; fileRef = 98A13953242D333B00CDF443 /* SceneDelegate.swift */; };
		98A13957242D333B00CDF443 /* PhotoAlbum.xcdatamodeld in Sources */ = {isa = PBXBuildFile; fileRef = 98A13955242D333B00CDF443 /* PhotoAlbum.xcdatamodeld */; };
		98A13959242D333B00CDF443 /* ContentView.swift in Sources */ = {isa = PBXBuildFile; fileRef = 98A13958242D333B00CDF443 /* ContentView.swift */; };
		98A1395B242D333E00CDF443 /* Assets.xcassets in Resources */ = {isa = PBXBuildFile; fileRef = 98A1395A242D333E00CDF443 /* Assets.xcassets */; };
		98A1395E242D333E00CDF443 /* Preview Assets.xcassets in Resources */ = {isa = PBXBuildFile; fileRef = 98A1395D242D333E00CDF443 /* Preview Assets.xcassets */; };
		98A13961242D333E00CDF443 /* LaunchScreen.storyboard in Resources */ = {isa = PBXBuildFile; fileRef = 98A1395F242D333E00CDF443 /* LaunchScreen.storyboard */; };
		98A13969242D338D00CDF443 /* ImagePicker.swift in Sources */ = {isa = PBXBuildFile; fileRef = 98A13968242D338D00CDF443 /* ImagePicker.swift */; };
		98A1396B242D3DF400CDF443 /* DetailView.swift in Sources */ = {isa = PBXBuildFile; fileRef = 98A1396A242D3DF400CDF443 /* DetailView.swift */; };
		98A1396D242D3E6C00CDF443 /* Picture.swift in Sources */ = {isa = PBXBuildFile; fileRef = 98A1396C242D3E6C00CDF443 /* Picture.swift */; };
		98A13972242E811200CDF443 /* EditPictureView.swift in Sources */ = {isa = PBXBuildFile; fileRef = 98A13971242E811200CDF443 /* EditPictureView.swift */; };
/* End PBXBuildFile section */

/* Begin PBXFileReference section */
		9807680F242F892B00AA9935 /* ModifiersView.swift */ = {isa = PBXFileReference; lastKnownFileType = sourcecode.swift; path = ModifiersView.swift; sourceTree = "<group>"; };
		98076811242F963E00AA9935 /* ManageData.swift */ = {isa = PBXFileReference; lastKnownFileType = sourcecode.swift; path = ManageData.swift; sourceTree = "<group>"; };
		989F9A172430E5AC0068BA4A /* LocationFetcher.swift */ = {isa = PBXFileReference; lastKnownFileType = sourcecode.swift; path = LocationFetcher.swift; sourceTree = "<group>"; };
		989F9A192430E6170068BA4A /* CurrentLocation.swift */ = {isa = PBXFileReference; lastKnownFileType = sourcecode.swift; path = CurrentLocation.swift; sourceTree = "<group>"; };
		989F9A1D243122880068BA4A /* CodableMKPointAnnotation.swift */ = {isa = PBXFileReference; lastKnownFileType = sourcecode.swift; path = CodableMKPointAnnotation.swift; sourceTree = "<group>"; };
		989F9A1F243122CE0068BA4A /* MapView.swift */ = {isa = PBXFileReference; lastKnownFileType = sourcecode.swift; path = MapView.swift; sourceTree = "<group>"; };
		989F9A21243123050068BA4A /* PlusButton.swift */ = {isa = PBXFileReference; lastKnownFileType = sourcecode.swift; path = PlusButton.swift; sourceTree = "<group>"; };
		989F9A25243123550068BA4A /* CircleView.swift */ = {isa = PBXFileReference; lastKnownFileType = sourcecode.swift; path = CircleView.swift; sourceTree = "<group>"; };
		989F9A27243123B90068BA4A /* EditView.swift */ = {isa = PBXFileReference; lastKnownFileType = sourcecode.swift; path = EditView.swift; sourceTree = "<group>"; };
		989F9A29243123FC0068BA4A /* Result.swift */ = {isa = PBXFileReference; lastKnownFileType = sourcecode.swift; path = Result.swift; sourceTree = "<group>"; };
		989F9A2B243124810068BA4A /* MKPointAnnotation-ObservableObject.swift */ = {isa = PBXFileReference; lastKnownFileType = sourcecode.swift; path = "MKPointAnnotation-ObservableObject.swift"; sourceTree = "<group>"; };
		989F9A2D243124D20068BA4A /* UnlockView.swift */ = {isa = PBXFileReference; lastKnownFileType = sourcecode.swift; path = UnlockView.swift; sourceTree = "<group>"; };
		98A1394E242D333B00CDF443 /* PhotoAlbum.app */ = {isa = PBXFileReference; explicitFileType = wrapper.application; includeInIndex = 0; path = PhotoAlbum.app; sourceTree = BUILT_PRODUCTS_DIR; };
		98A13951242D333B00CDF443 /* AppDelegate.swift */ = {isa = PBXFileReference; lastKnownFileType = sourcecode.swift; path = AppDelegate.swift; sourceTree = "<group>"; };
		98A13953242D333B00CDF443 /* SceneDelegate.swift */ = {isa = PBXFileReference; lastKnownFileType = sourcecode.swift; path = SceneDelegate.swift; sourceTree = "<group>"; };
		98A13956242D333B00CDF443 /* PhotoAlbum.xcdatamodel */ = {isa = PBXFileReference; lastKnownFileType = wrapper.xcdatamodel; path = PhotoAlbum.xcdatamodel; sourceTree = "<group>"; };
		98A13958242D333B00CDF443 /* ContentView.swift */ = {isa = PBXFileReference; lastKnownFileType = sourcecode.swift; path = ContentView.swift; sourceTree = "<group>"; };
		98A1395A242D333E00CDF443 /* Assets.xcassets */ = {isa = PBXFileReference; lastKnownFileType = folder.assetcatalog; path = Assets.xcassets; sourceTree = "<group>"; };
		98A1395D242D333E00CDF443 /* Preview Assets.xcassets */ = {isa = PBXFileReference; lastKnownFileType = folder.assetcatalog; path = "Preview Assets.xcassets"; sourceTree = "<group>"; };
		98A13960242D333E00CDF443 /* Base */ = {isa = PBXFileReference; lastKnownFileType = file.storyboard; name = Base; path = Base.lproj/LaunchScreen.storyboard; sourceTree = "<group>"; };
		98A13962242D333E00CDF443 /* Info.plist */ = {isa = PBXFileReference; lastKnownFileType = text.plist.xml; path = Info.plist; sourceTree = "<group>"; };
		98A13968242D338D00CDF443 /* ImagePicker.swift */ = {isa = PBXFileReference; lastKnownFileType = sourcecode.swift; path = ImagePicker.swift; sourceTree = "<group>"; };
		98A1396A242D3DF400CDF443 /* DetailView.swift */ = {isa = PBXFileReference; lastKnownFileType = sourcecode.swift; path = DetailView.swift; sourceTree = "<group>"; };
		98A1396C242D3E6C00CDF443 /* Picture.swift */ = {isa = PBXFileReference; lastKnownFileType = sourcecode.swift; path = Picture.swift; sourceTree = "<group>"; };
		98A13971242E811200CDF443 /* EditPictureView.swift */ = {isa = PBXFileReference; lastKnownFileType = sourcecode.swift; path = EditPictureView.swift; sourceTree = "<group>"; };
/* End PBXFileReference section */

/* Begin PBXFrameworksBuildPhase section */
		98A1394B242D333B00CDF443 /* Frameworks */ = {
			isa = PBXFrameworksBuildPhase;
			buildActionMask = 2147483647;
			files = (
			);
			runOnlyForDeploymentPostprocessing = 0;
		};
/* End PBXFrameworksBuildPhase section */

/* Begin PBXGroup section */
		98A13945242D333B00CDF443 = {
			isa = PBXGroup;
			children = (
				98A13950242D333B00CDF443 /* PhotoAlbum */,
				98A1394F242D333B00CDF443 /* Products */,
			);
			sourceTree = "<group>";
		};
		98A1394F242D333B00CDF443 /* Products */ = {
			isa = PBXGroup;
			children = (
				98A1394E242D333B00CDF443 /* PhotoAlbum.app */,
			);
			name = Products;
			sourceTree = "<group>";
		};
		98A13950242D333B00CDF443 /* PhotoAlbum */ = {
			isa = PBXGroup;
			children = (
				98A13951242D333B00CDF443 /* AppDelegate.swift */,
				98A13953242D333B00CDF443 /* SceneDelegate.swift */,
				98A13970242E80BA00CDF443 /* View */,
				98A1396C242D3E6C00CDF443 /* Picture.swift */,
				98A1395A242D333E00CDF443 /* Assets.xcassets */,
				98A1395F242D333E00CDF443 /* LaunchScreen.storyboard */,
				98A13962242D333E00CDF443 /* Info.plist */,
				98A13955242D333B00CDF443 /* PhotoAlbum.xcdatamodeld */,
				98A1395C242D333E00CDF443 /* Preview Content */,
				98A13968242D338D00CDF443 /* ImagePicker.swift */,
			);
			path = PhotoAlbum;
			sourceTree = "<group>";
		};
		98A1395C242D333E00CDF443 /* Preview Content */ = {
			isa = PBXGroup;
			children = (
				98A1395D242D333E00CDF443 /* Preview Assets.xcassets */,
			);
			path = "Preview Content";
			sourceTree = "<group>";
		};
		98A13970242E80BA00CDF443 /* View */ = {
			isa = PBXGroup;
			children = (
				98A13958242D333B00CDF443 /* ContentView.swift */,
				98A13971242E811200CDF443 /* EditPictureView.swift */,
				98A1396A242D3DF400CDF443 /* DetailView.swift */,
				9807680F242F892B00AA9935 /* ModifiersView.swift */,
				98076811242F963E00AA9935 /* ManageData.swift */,
				989F9A172430E5AC0068BA4A /* LocationFetcher.swift */,
				989F9A192430E6170068BA4A /* CurrentLocation.swift */,
				989F9A1D243122880068BA4A /* CodableMKPointAnnotation.swift */,
				989F9A1F243122CE0068BA4A /* MapView.swift */,
				989F9A25243123550068BA4A /* CircleView.swift */,
				989F9A21243123050068BA4A /* PlusButton.swift */,
				989F9A27243123B90068BA4A /* EditView.swift */,
				989F9A29243123FC0068BA4A /* Result.swift */,
				989F9A2B243124810068BA4A /* MKPointAnnotation-ObservableObject.swift */,
				989F9A2D243124D20068BA4A /* UnlockView.swift */,
			);
			path = View;
			sourceTree = "<group>";
		};
/* End PBXGroup section */

/* Begin PBXNativeTarget section */
		98A1394D242D333B00CDF443 /* PhotoAlbum */ = {
			isa = PBXNativeTarget;
			buildConfigurationList = 98A13965242D333E00CDF443 /* Build configuration list for PBXNativeTarget "PhotoAlbum" */;
			buildPhases = (
				98A1394A242D333B00CDF443 /* Sources */,
				98A1394B242D333B00CDF443 /* Frameworks */,
				98A1394C242D333B00CDF443 /* Resources */,
			);
			buildRules = (
			);
			dependencies = (
			);
			name = PhotoAlbum;
			productName = PhotoAlbum;
			productReference = 98A1394E242D333B00CDF443 /* PhotoAlbum.app */;
			productType = "com.apple.product-type.application";
		};
/* End PBXNativeTarget section */

/* Begin PBXProject section */
		98A13946242D333B00CDF443 /* Project object */ = {
			isa = PBXProject;
			attributes = {
				LastSwiftUpdateCheck = 1140;
				LastUpgradeCheck = 1140;
				ORGANIZATIONNAME = "Petro Onishchuk";
				TargetAttributes = {
					98A1394D242D333B00CDF443 = {
						CreatedOnToolsVersion = 11.4;
					};
				};
			};
			buildConfigurationList = 98A13949242D333B00CDF443 /* Build configuration list for PBXProject "PhotoAlbum" */;
			compatibilityVersion = "Xcode 9.3";
			developmentRegion = en;
			hasScannedForEncodings = 0;
			knownRegions = (
				en,
				Base,
			);
			mainGroup = 98A13945242D333B00CDF443;
			productRefGroup = 98A1394F242D333B00CDF443 /* Products */;
			projectDirPath = "";
			projectRoot = "";
			targets = (
				98A1394D242D333B00CDF443 /* PhotoAlbum */,
			);
		};
/* End PBXProject section */

/* Begin PBXResourcesBuildPhase section */
		98A1394C242D333B00CDF443 /* Resources */ = {
			isa = PBXResourcesBuildPhase;
			buildActionMask = 2147483647;
			files = (
				98A13961242D333E00CDF443 /* LaunchScreen.storyboard in Resources */,
				98A1395E242D333E00CDF443 /* Preview Assets.xcassets in Resources */,
				98A1395B242D333E00CDF443 /* Assets.xcassets in Resources */,
			);
			runOnlyForDeploymentPostprocessing = 0;
		};
/* End PBXResourcesBuildPhase section */

/* Begin PBXSourcesBuildPhase section */
		98A1394A242D333B00CDF443 /* Sources */ = {
			isa = PBXSourcesBuildPhase;
			buildActionMask = 2147483647;
			files = (
				989F9A2A243123FC0068BA4A /* Result.swift in Sources */,
				989F9A1A2430E6170068BA4A /* CurrentLocation.swift in Sources */,
				989F9A28243123B90068BA4A /* EditView.swift in Sources */,
				98A13957242D333B00CDF443 /* PhotoAlbum.xcdatamodeld in Sources */,
				98A1396B242D3DF400CDF443 /* DetailView.swift in Sources */,
				98A13952242D333B00CDF443 /* AppDelegate.swift in Sources */,
				98A13969242D338D00CDF443 /* ImagePicker.swift in Sources */,
				989F9A2C243124810068BA4A /* MKPointAnnotation-ObservableObject.swift in Sources */,
				989F9A182430E5AC0068BA4A /* LocationFetcher.swift in Sources */,
				989F9A1E243122880068BA4A /* CodableMKPointAnnotation.swift in Sources */,
				989F9A20243122CE0068BA4A /* MapView.swift in Sources */,
				989F9A26243123550068BA4A /* CircleView.swift in Sources */,
				989F9A22243123050068BA4A /* PlusButton.swift in Sources */,
				98076812242F963E00AA9935 /* ManageData.swift in Sources */,
				989F9A2E243124D20068BA4A /* UnlockView.swift in Sources */,
				98A1396D242D3E6C00CDF443 /* Picture.swift in Sources */,
				98A13972242E811200CDF443 /* EditPictureView.swift in Sources */,
				98A13959242D333B00CDF443 /* ContentView.swift in Sources */,
				98A13954242D333B00CDF443 /* SceneDelegate.swift in Sources */,
				98076810242F892B00AA9935 /* ModifiersView.swift in Sources */,
			);
			runOnlyForDeploymentPostprocessing = 0;
		};
/* End PBXSourcesBuildPhase section */

/* Begin PBXVariantGroup section */
		98A1395F242D333E00CDF443 /* LaunchScreen.storyboard */ = {
			isa = PBXVariantGroup;
			children = (
				98A13960242D333E00CDF443 /* Base */,
			);
			name = LaunchScreen.storyboard;
			sourceTree = "<group>";
		};
/* End PBXVariantGroup section */

/* Begin XCBuildConfiguration section */
		98A13963242D333E00CDF443 /* Debug */ = {
			isa = XCBuildConfiguration;
			buildSettings = {
				ALWAYS_SEARCH_USER_PATHS = NO;
				CLANG_ANALYZER_NONNULL = YES;
				CLANG_ANALYZER_NUMBER_OBJECT_CONVERSION = YES_AGGRESSIVE;
				CLANG_CXX_LANGUAGE_STANDARD = "gnu++14";
				CLANG_CXX_LIBRARY = "libc++";
				CLANG_ENABLE_MODULES = YES;
				CLANG_ENABLE_OBJC_ARC = YES;
				CLANG_ENABLE_OBJC_WEAK = YES;
				CLANG_WARN_BLOCK_CAPTURE_AUTORELEASING = YES;
				CLANG_WARN_BOOL_CONVERSION = YES;
				CLANG_WARN_COMMA = YES;
				CLANG_WARN_CONSTANT_CONVERSION = YES;
				CLANG_WARN_DEPRECATED_OBJC_IMPLEMENTATIONS = YES;
				CLANG_WARN_DIRECT_OBJC_ISA_USAGE = YES_ERROR;
				CLANG_WARN_DOCUMENTATION_COMMENTS = YES;
				CLANG_WARN_EMPTY_BODY = YES;
				CLANG_WARN_ENUM_CONVERSION = YES;
				CLANG_WARN_INFINITE_RECURSION = YES;
				CLANG_WARN_INT_CONVERSION = YES;
				CLANG_WARN_NON_LITERAL_NULL_CONVERSION = YES;
				CLANG_WARN_OBJC_IMPLICIT_RETAIN_SELF = YES;
				CLANG_WARN_OBJC_LITERAL_CONVERSION = YES;
				CLANG_WARN_OBJC_ROOT_CLASS = YES_ERROR;
				CLANG_WARN_RANGE_LOOP_ANALYSIS = YES;
				CLANG_WARN_STRICT_PROTOTYPES = YES;
				CLANG_WARN_SUSPICIOUS_MOVE = YES;
				CLANG_WARN_UNGUARDED_AVAILABILITY = YES_AGGRESSIVE;
				CLANG_WARN_UNREACHABLE_CODE = YES;
				CLANG_WARN__DUPLICATE_METHOD_MATCH = YES;
				COPY_PHASE_STRIP = NO;
				DEBUG_INFORMATION_FORMAT = dwarf;
				ENABLE_STRICT_OBJC_MSGSEND = YES;
				ENABLE_TESTABILITY = YES;
				GCC_C_LANGUAGE_STANDARD = gnu11;
				GCC_DYNAMIC_NO_PIC = NO;
				GCC_NO_COMMON_BLOCKS = YES;
				GCC_OPTIMIZATION_LEVEL = 0;
				GCC_PREPROCESSOR_DEFINITIONS = (
					"DEBUG=1",
					"$(inherited)",
				);
				GCC_WARN_64_TO_32_BIT_CONVERSION = YES;
				GCC_WARN_ABOUT_RETURN_TYPE = YES_ERROR;
				GCC_WARN_UNDECLARED_SELECTOR = YES;
				GCC_WARN_UNINITIALIZED_AUTOS = YES_AGGRESSIVE;
				GCC_WARN_UNUSED_FUNCTION = YES;
				GCC_WARN_UNUSED_VARIABLE = YES;
				IPHONEOS_DEPLOYMENT_TARGET = 13.4;
				MTL_ENABLE_DEBUG_INFO = INCLUDE_SOURCE;
				MTL_FAST_MATH = YES;
				ONLY_ACTIVE_ARCH = YES;
				SDKROOT = iphoneos;
				SWIFT_ACTIVE_COMPILATION_CONDITIONS = DEBUG;
				SWIFT_OPTIMIZATION_LEVEL = "-Onone";
			};
			name = Debug;
		};
		98A13964242D333E00CDF443 /* Release */ = {
			isa = XCBuildConfiguration;
			buildSettings = {
				ALWAYS_SEARCH_USER_PATHS = NO;
				CLANG_ANALYZER_NONNULL = YES;
				CLANG_ANALYZER_NUMBER_OBJECT_CONVERSION = YES_AGGRESSIVE;
				CLANG_CXX_LANGUAGE_STANDARD = "gnu++14";
				CLANG_CXX_LIBRARY = "libc++";
				CLANG_ENABLE_MODULES = YES;
				CLANG_ENABLE_OBJC_ARC = YES;
				CLANG_ENABLE_OBJC_WEAK = YES;
				CLANG_WARN_BLOCK_CAPTURE_AUTORELEASING = YES;
				CLANG_WARN_BOOL_CONVERSION = YES;
				CLANG_WARN_COMMA = YES;
				CLANG_WARN_CONSTANT_CONVERSION = YES;
				CLANG_WARN_DEPRECATED_OBJC_IMPLEMENTATIONS = YES;
				CLANG_WARN_DIRECT_OBJC_ISA_USAGE = YES_ERROR;
				CLANG_WARN_DOCUMENTATION_COMMENTS = YES;
				CLANG_WARN_EMPTY_BODY = YES;
				CLANG_WARN_ENUM_CONVERSION = YES;
				CLANG_WARN_INFINITE_RECURSION = YES;
				CLANG_WARN_INT_CONVERSION = YES;
				CLANG_WARN_NON_LITERAL_NULL_CONVERSION = YES;
				CLANG_WARN_OBJC_IMPLICIT_RETAIN_SELF = YES;
				CLANG_WARN_OBJC_LITERAL_CONVERSION = YES;
				CLANG_WARN_OBJC_ROOT_CLASS = YES_ERROR;
				CLANG_WARN_RANGE_LOOP_ANALYSIS = YES;
				CLANG_WARN_STRICT_PROTOTYPES = YES;
				CLANG_WARN_SUSPICIOUS_MOVE = YES;
				CLANG_WARN_UNGUARDED_AVAILABILITY = YES_AGGRESSIVE;
				CLANG_WARN_UNREACHABLE_CODE = YES;
				CLANG_WARN__DUPLICATE_METHOD_MATCH = YES;
				COPY_PHASE_STRIP = NO;
				DEBUG_INFORMATION_FORMAT = "dwarf-with-dsym";
				ENABLE_NS_ASSERTIONS = NO;
				ENABLE_STRICT_OBJC_MSGSEND = YES;
				GCC_C_LANGUAGE_STANDARD = gnu11;
				GCC_NO_COMMON_BLOCKS = YES;
				GCC_WARN_64_TO_32_BIT_CONVERSION = YES;
				GCC_WARN_ABOUT_RETURN_TYPE = YES_ERROR;
				GCC_WARN_UNDECLARED_SELECTOR = YES;
				GCC_WARN_UNINITIALIZED_AUTOS = YES_AGGRESSIVE;
				GCC_WARN_UNUSED_FUNCTION = YES;
				GCC_WARN_UNUSED_VARIABLE = YES;
				IPHONEOS_DEPLOYMENT_TARGET = 13.4;
				MTL_ENABLE_DEBUG_INFO = NO;
				MTL_FAST_MATH = YES;
				SDKROOT = iphoneos;
				SWIFT_COMPILATION_MODE = wholemodule;
				SWIFT_OPTIMIZATION_LEVEL = "-O";
				VALIDATE_PRODUCT = YES;
			};
			name = Release;
		};
		98A13966242D333E00CDF443 /* Debug */ = {
			isa = XCBuildConfiguration;
			buildSettings = {
				ASSETCATALOG_COMPILER_APPICON_NAME = AppIcon;
				CODE_SIGN_STYLE = Automatic;
				DEVELOPMENT_ASSET_PATHS = "\"PhotoAlbum/Preview Content\"";
				DEVELOPMENT_TEAM = JQVSXS5J2X;
				ENABLE_PREVIEWS = YES;
				INFOPLIST_FILE = PhotoAlbum/Info.plist;
				LD_RUNPATH_SEARCH_PATHS = (
					"$(inherited)",
					"@executable_path/Frameworks",
				);
				PRODUCT_BUNDLE_IDENTIFIER = me.petroonishchuk.PhotoAlbum;
				PRODUCT_NAME = "$(TARGET_NAME)";
				SWIFT_VERSION = 5.0;
				TARGETED_DEVICE_FAMILY = "1,2";
			};
			name = Debug;
		};
		98A13967242D333E00CDF443 /* Release */ = {
			isa = XCBuildConfiguration;
			buildSettings = {
				ASSETCATALOG_COMPILER_APPICON_NAME = AppIcon;
				CODE_SIGN_STYLE = Automatic;
				DEVELOPMENT_ASSET_PATHS = "\"PhotoAlbum/Preview Content\"";
				DEVELOPMENT_TEAM = JQVSXS5J2X;
				ENABLE_PREVIEWS = YES;
				INFOPLIST_FILE = PhotoAlbum/Info.plist;
				LD_RUNPATH_SEARCH_PATHS = (
					"$(inherited)",
					"@executable_path/Frameworks",
				);
				PRODUCT_BUNDLE_IDENTIFIER = me.petroonishchuk.PhotoAlbum;
				PRODUCT_NAME = "$(TARGET_NAME)";
				SWIFT_VERSION = 5.0;
				TARGETED_DEVICE_FAMILY = "1,2";
			};
			name = Release;
		};
/* End XCBuildConfiguration section */

/* Begin XCConfigurationList section */
		98A13949242D333B00CDF443 /* Build configuration list for PBXProject "PhotoAlbum" */ = {
			isa = XCConfigurationList;
			buildConfigurations = (
				98A13963242D333E00CDF443 /* Debug */,
				98A13964242D333E00CDF443 /* Release */,
			);
			defaultConfigurationIsVisible = 0;
			defaultConfigurationName = Release;
		};
		98A13965242D333E00CDF443 /* Build configuration list for PBXNativeTarget "PhotoAlbum" */ = {
			isa = XCConfigurationList;
			buildConfigurations = (
				98A13966242D333E00CDF443 /* Debug */,
				98A13967242D333E00CDF443 /* Release */,
			);
			defaultConfigurationIsVisible = 0;
			defaultConfigurationName = Release;
		};
/* End XCConfigurationList section */

/* Begin XCVersionGroup section */
		98A13955242D333B00CDF443 /* PhotoAlbum.xcdatamodeld */ = {
			isa = XCVersionGroup;
			children = (
				98A13956242D333B00CDF443 /* PhotoAlbum.xcdatamodel */,
			);
			currentVersion = 98A13956242D333B00CDF443 /* PhotoAlbum.xcdatamodel */;
			path = PhotoAlbum.xcdatamodeld;
			sourceTree = "<group>";
			versionGroupType = wrapper.xcdatamodel;
		};
/* End XCVersionGroup section */
	};
	rootObject = 98A13946242D333B00CDF443 /* Project object */;
}
