// !$*UTF8*$!
{
	archiveVersion = 1;
	classes = {
	};
	objectVersion = 52;
	objects = {

/* Begin PBXBuildFile section */
		98354AF12439062D00321C67 /* ReadingCustomValues.swift in Sources */ = {isa = PBXBuildFile; fileRef = 98354AF02439062D00321C67 /* ReadingCustomValues.swift */; };
		98354AF3243911B100321C67 /* CreatingTabsWithTabView.swift in Sources */ = {isa = PBXBuildFile; fileRef = 98354AF2243911B100321C67 /* CreatingTabsWithTabView.swift */; };
		983CA7BA2438CB2800286A99 /* AppDelegate.swift in Sources */ = {isa = PBXBuildFile; fileRef = 983CA7B92438CB2800286A99 /* AppDelegate.swift */; };
		983CA7BC2438CB2800286A99 /* SceneDelegate.swift in Sources */ = {isa = PBXBuildFile; fileRef = 983CA7BB2438CB2800286A99 /* SceneDelegate.swift */; };
		983CA7BF2438CB2800286A99 /* HotProspects.xcdatamodeld in Sources */ = {isa = PBXBuildFile; fileRef = 983CA7BD2438CB2800286A99 /* HotProspects.xcdatamodeld */; };
		983CA7C12438CB2800286A99 /* ContentView.swift in Sources */ = {isa = PBXBuildFile; fileRef = 983CA7C02438CB2800286A99 /* ContentView.swift */; };
		983CA7C32438CB2900286A99 /* Assets.xcassets in Resources */ = {isa = PBXBuildFile; fileRef = 983CA7C22438CB2900286A99 /* Assets.xcassets */; };
		983CA7C62438CB2900286A99 /* Preview Assets.xcassets in Resources */ = {isa = PBXBuildFile; fileRef = 983CA7C52438CB2900286A99 /* Preview Assets.xcassets */; };
		983CA7C92438CB2900286A99 /* LaunchScreen.storyboard in Resources */ = {isa = PBXBuildFile; fileRef = 983CA7C72438CB2900286A99 /* LaunchScreen.storyboard */; };
		98E0B0D2243A58C900974092 /* SchedulingLocalNotifications.swift in Sources */ = {isa = PBXBuildFile; fileRef = 98E0B0D1243A58C900974092 /* SchedulingLocalNotifications.swift */; };
		98E0B0D5243A637800974092 /* SamplePackage in Frameworks */ = {isa = PBXBuildFile; productRef = 98E0B0D4243A637800974092 /* SamplePackage */; };
		98E0B0D7243A663100974092 /* AddingSwiftPackageDependenciesInXcode.swift in Sources */ = {isa = PBXBuildFile; fileRef = 98E0B0D6243A663100974092 /* AddingSwiftPackageDependenciesInXcode.swift */; };
		98FAC3E4243A11BB003F2AF0 /* Understanding Swift'sResultType.swift in Sources */ = {isa = PBXBuildFile; fileRef = 98FAC3E3243A11BB003F2AF0 /* Understanding Swift'sResultType.swift */; };
		98FAC3E6243A1549003F2AF0 /* ControllingImageInterpolationInSwiftUI.swift in Sources */ = {isa = PBXBuildFile; fileRef = 98FAC3E5243A1549003F2AF0 /* ControllingImageInterpolationInSwiftUI.swift */; };
		98FAC3E8243A1E31003F2AF0 /* Manually publishing ObservableObjectChanges.swift in Sources */ = {isa = PBXBuildFile; fileRef = 98FAC3E7243A1E31003F2AF0 /* Manually publishing ObservableObjectChanges.swift */; };
		98FAC3EA243A261F003F2AF0 /* CreatingContextMenu.swift in Sources */ = {isa = PBXBuildFile; fileRef = 98FAC3E9243A261F003F2AF0 /* CreatingContextMenu.swift */; };
/* End PBXBuildFile section */

/* Begin PBXFileReference section */
		98354AF02439062D00321C67 /* ReadingCustomValues.swift */ = {isa = PBXFileReference; lastKnownFileType = sourcecode.swift; path = ReadingCustomValues.swift; sourceTree = "<group>"; };
		98354AF2243911B100321C67 /* CreatingTabsWithTabView.swift */ = {isa = PBXFileReference; lastKnownFileType = sourcecode.swift; path = CreatingTabsWithTabView.swift; sourceTree = "<group>"; };
		983CA7B62438CB2800286A99 /* HotProspects.app */ = {isa = PBXFileReference; explicitFileType = wrapper.application; includeInIndex = 0; path = HotProspects.app; sourceTree = BUILT_PRODUCTS_DIR; };
		983CA7B92438CB2800286A99 /* AppDelegate.swift */ = {isa = PBXFileReference; lastKnownFileType = sourcecode.swift; path = AppDelegate.swift; sourceTree = "<group>"; };
		983CA7BB2438CB2800286A99 /* SceneDelegate.swift */ = {isa = PBXFileReference; lastKnownFileType = sourcecode.swift; path = SceneDelegate.swift; sourceTree = "<group>"; };
		983CA7BE2438CB2800286A99 /* HotProspects.xcdatamodel */ = {isa = PBXFileReference; lastKnownFileType = wrapper.xcdatamodel; path = HotProspects.xcdatamodel; sourceTree = "<group>"; };
		983CA7C02438CB2800286A99 /* ContentView.swift */ = {isa = PBXFileReference; lastKnownFileType = sourcecode.swift; path = ContentView.swift; sourceTree = "<group>"; };
		983CA7C22438CB2900286A99 /* Assets.xcassets */ = {isa = PBXFileReference; lastKnownFileType = folder.assetcatalog; path = Assets.xcassets; sourceTree = "<group>"; };
		983CA7C52438CB2900286A99 /* Preview Assets.xcassets */ = {isa = PBXFileReference; lastKnownFileType = folder.assetcatalog; path = "Preview Assets.xcassets"; sourceTree = "<group>"; };
		983CA7C82438CB2900286A99 /* Base */ = {isa = PBXFileReference; lastKnownFileType = file.storyboard; name = Base; path = Base.lproj/LaunchScreen.storyboard; sourceTree = "<group>"; };
		983CA7CA2438CB2900286A99 /* Info.plist */ = {isa = PBXFileReference; lastKnownFileType = text.plist.xml; path = Info.plist; sourceTree = "<group>"; };
		98E0B0D1243A58C900974092 /* SchedulingLocalNotifications.swift */ = {isa = PBXFileReference; lastKnownFileType = sourcecode.swift; path = SchedulingLocalNotifications.swift; sourceTree = "<group>"; };
		98E0B0D6243A663100974092 /* AddingSwiftPackageDependenciesInXcode.swift */ = {isa = PBXFileReference; lastKnownFileType = sourcecode.swift; path = AddingSwiftPackageDependenciesInXcode.swift; sourceTree = "<group>"; };
		98FAC3E3243A11BB003F2AF0 /* Understanding Swift'sResultType.swift */ = {isa = PBXFileReference; lastKnownFileType = sourcecode.swift; path = "Understanding Swift'sResultType.swift"; sourceTree = "<group>"; };
		98FAC3E5243A1549003F2AF0 /* ControllingImageInterpolationInSwiftUI.swift */ = {isa = PBXFileReference; lastKnownFileType = sourcecode.swift; path = ControllingImageInterpolationInSwiftUI.swift; sourceTree = "<group>"; };
		98FAC3E7243A1E31003F2AF0 /* Manually publishing ObservableObjectChanges.swift */ = {isa = PBXFileReference; lastKnownFileType = sourcecode.swift; path = "Manually publishing ObservableObjectChanges.swift"; sourceTree = "<group>"; };
		98FAC3E9243A261F003F2AF0 /* CreatingContextMenu.swift */ = {isa = PBXFileReference; lastKnownFileType = sourcecode.swift; path = CreatingContextMenu.swift; sourceTree = "<group>"; };
/* End PBXFileReference section */

/* Begin PBXFrameworksBuildPhase section */
		983CA7B32438CB2800286A99 /* Frameworks */ = {
			isa = PBXFrameworksBuildPhase;
			buildActionMask = 2147483647;
			files = (
				98E0B0D5243A637800974092 /* SamplePackage in Frameworks */,
			);
			runOnlyForDeploymentPostprocessing = 0;
		};
/* End PBXFrameworksBuildPhase section */

/* Begin PBXGroup section */
		98354AEF243902B200321C67 /* View */ = {
			isa = PBXGroup;
			children = (
				98354AF02439062D00321C67 /* ReadingCustomValues.swift */,
				98354AF2243911B100321C67 /* CreatingTabsWithTabView.swift */,
				98FAC3E3243A11BB003F2AF0 /* Understanding Swift'sResultType.swift */,
				98FAC3E7243A1E31003F2AF0 /* Manually publishing ObservableObjectChanges.swift */,
				98FAC3E5243A1549003F2AF0 /* ControllingImageInterpolationInSwiftUI.swift */,
				98FAC3E9243A261F003F2AF0 /* CreatingContextMenu.swift */,
				98E0B0D1243A58C900974092 /* SchedulingLocalNotifications.swift */,
				98E0B0D6243A663100974092 /* AddingSwiftPackageDependenciesInXcode.swift */,
			);
			path = View;
			sourceTree = "<group>";
		};
		983CA7AD2438CB2800286A99 = {
			isa = PBXGroup;
			children = (
				983CA7B82438CB2800286A99 /* HotProspects */,
				983CA7B72438CB2800286A99 /* Products */,
			);
			sourceTree = "<group>";
		};
		983CA7B72438CB2800286A99 /* Products */ = {
			isa = PBXGroup;
			children = (
				983CA7B62438CB2800286A99 /* HotProspects.app */,
			);
			name = Products;
			sourceTree = "<group>";
		};
		983CA7B82438CB2800286A99 /* HotProspects */ = {
			isa = PBXGroup;
			children = (
				98354AEF243902B200321C67 /* View */,
				983CA7B92438CB2800286A99 /* AppDelegate.swift */,
				983CA7BB2438CB2800286A99 /* SceneDelegate.swift */,
				983CA7C02438CB2800286A99 /* ContentView.swift */,
				983CA7C22438CB2900286A99 /* Assets.xcassets */,
				983CA7C72438CB2900286A99 /* LaunchScreen.storyboard */,
				983CA7CA2438CB2900286A99 /* Info.plist */,
				983CA7BD2438CB2800286A99 /* HotProspects.xcdatamodeld */,
				983CA7C42438CB2900286A99 /* Preview Content */,
			);
			path = HotProspects;
			sourceTree = "<group>";
		};
		983CA7C42438CB2900286A99 /* Preview Content */ = {
			isa = PBXGroup;
			children = (
				983CA7C52438CB2900286A99 /* Preview Assets.xcassets */,
			);
			path = "Preview Content";
			sourceTree = "<group>";
		};
/* End PBXGroup section */

/* Begin PBXNativeTarget section */
		983CA7B52438CB2800286A99 /* HotProspects */ = {
			isa = PBXNativeTarget;
			buildConfigurationList = 983CA7CD2438CB2900286A99 /* Build configuration list for PBXNativeTarget "HotProspects" */;
			buildPhases = (
				983CA7B22438CB2800286A99 /* Sources */,
				983CA7B32438CB2800286A99 /* Frameworks */,
				983CA7B42438CB2800286A99 /* Resources */,
			);
			buildRules = (
			);
			dependencies = (
			);
			name = HotProspects;
			packageProductDependencies = (
				98E0B0D4243A637800974092 /* SamplePackage */,
			);
			productName = HotProspects;
			productReference = 983CA7B62438CB2800286A99 /* HotProspects.app */;
			productType = "com.apple.product-type.application";
		};
/* End PBXNativeTarget section */

/* Begin PBXProject section */
		983CA7AE2438CB2800286A99 /* Project object */ = {
			isa = PBXProject;
			attributes = {
				LastSwiftUpdateCheck = 1140;
				LastUpgradeCheck = 1140;
				ORGANIZATIONNAME = "Petro Onishchuk";
				TargetAttributes = {
					983CA7B52438CB2800286A99 = {
						CreatedOnToolsVersion = 11.4;
					};
				};
			};
			buildConfigurationList = 983CA7B12438CB2800286A99 /* Build configuration list for PBXProject "HotProspects" */;
			compatibilityVersion = "Xcode 9.3";
			developmentRegion = en;
			hasScannedForEncodings = 0;
			knownRegions = (
				en,
				Base,
			);
			mainGroup = 983CA7AD2438CB2800286A99;
			packageReferences = (
				98E0B0D3243A637800974092 /* XCRemoteSwiftPackageReference "SamplePackage" */,
			);
			productRefGroup = 983CA7B72438CB2800286A99 /* Products */;
			projectDirPath = "";
			projectRoot = "";
			targets = (
				983CA7B52438CB2800286A99 /* HotProspects */,
			);
		};
/* End PBXProject section */

/* Begin PBXResourcesBuildPhase section */
		983CA7B42438CB2800286A99 /* Resources */ = {
			isa = PBXResourcesBuildPhase;
			buildActionMask = 2147483647;
			files = (
				983CA7C92438CB2900286A99 /* LaunchScreen.storyboard in Resources */,
				983CA7C62438CB2900286A99 /* Preview Assets.xcassets in Resources */,
				983CA7C32438CB2900286A99 /* Assets.xcassets in Resources */,
			);
			runOnlyForDeploymentPostprocessing = 0;
		};
/* End PBXResourcesBuildPhase section */

/* Begin PBXSourcesBuildPhase section */
		983CA7B22438CB2800286A99 /* Sources */ = {
			isa = PBXSourcesBuildPhase;
			buildActionMask = 2147483647;
			files = (
				983CA7BA2438CB2800286A99 /* AppDelegate.swift in Sources */,
				98FAC3EA243A261F003F2AF0 /* CreatingContextMenu.swift in Sources */,
				98FAC3E8243A1E31003F2AF0 /* Manually publishing ObservableObjectChanges.swift in Sources */,
				98354AF3243911B100321C67 /* CreatingTabsWithTabView.swift in Sources */,
				983CA7BC2438CB2800286A99 /* SceneDelegate.swift in Sources */,
				983CA7C12438CB2800286A99 /* ContentView.swift in Sources */,
				983CA7BF2438CB2800286A99 /* HotProspects.xcdatamodeld in Sources */,
				98E0B0D7243A663100974092 /* AddingSwiftPackageDependenciesInXcode.swift in Sources */,
				98FAC3E4243A11BB003F2AF0 /* Understanding Swift'sResultType.swift in Sources */,
				98354AF12439062D00321C67 /* ReadingCustomValues.swift in Sources */,
				98E0B0D2243A58C900974092 /* SchedulingLocalNotifications.swift in Sources */,
				98FAC3E6243A1549003F2AF0 /* ControllingImageInterpolationInSwiftUI.swift in Sources */,
			);
			runOnlyForDeploymentPostprocessing = 0;
		};
/* End PBXSourcesBuildPhase section */

/* Begin PBXVariantGroup section */
		983CA7C72438CB2900286A99 /* LaunchScreen.storyboard */ = {
			isa = PBXVariantGroup;
			children = (
				983CA7C82438CB2900286A99 /* Base */,
			);
			name = LaunchScreen.storyboard;
			sourceTree = "<group>";
		};
/* End PBXVariantGroup section */

/* Begin XCBuildConfiguration section */
		983CA7CB2438CB2900286A99 /* Debug */ = {
			isa = XCBuildConfiguration;
			buildSettings = {
				ALWAYS_SEARCH_USER_PATHS = NO;
				CLANG_ANALYZER_NONNULL = YES;
				CLANG_ANALYZER_NUMBER_OBJECT_CONVERSION = YES_AGGRESSIVE;
				CLANG_CXX_LANGUAGE_STANDARD = "gnu++14";
				CLANG_CXX_LIBRARY = "libc++";
				CLANG_ENABLE_MODULES = YES;
				CLANG_ENABLE_OBJC_ARC = YES;
				CLANG_ENABLE_OBJC_WEAK = YES;
				CLANG_WARN_BLOCK_CAPTURE_AUTORELEASING = YES;
				CLANG_WARN_BOOL_CONVERSION = YES;
				CLANG_WARN_COMMA = YES;
				CLANG_WARN_CONSTANT_CONVERSION = YES;
				CLANG_WARN_DEPRECATED_OBJC_IMPLEMENTATIONS = YES;
				CLANG_WARN_DIRECT_OBJC_ISA_USAGE = YES_ERROR;
				CLANG_WARN_DOCUMENTATION_COMMENTS = YES;
				CLANG_WARN_EMPTY_BODY = YES;
				CLANG_WARN_ENUM_CONVERSION = YES;
				CLANG_WARN_INFINITE_RECURSION = YES;
				CLANG_WARN_INT_CONVERSION = YES;
				CLANG_WARN_NON_LITERAL_NULL_CONVERSION = YES;
				CLANG_WARN_OBJC_IMPLICIT_RETAIN_SELF = YES;
				CLANG_WARN_OBJC_LITERAL_CONVERSION = YES;
				CLANG_WARN_OBJC_ROOT_CLASS = YES_ERROR;
				CLANG_WARN_RANGE_LOOP_ANALYSIS = YES;
				CLANG_WARN_STRICT_PROTOTYPES = YES;
				CLANG_WARN_SUSPICIOUS_MOVE = YES;
				CLANG_WARN_UNGUARDED_AVAILABILITY = YES_AGGRESSIVE;
				CLANG_WARN_UNREACHABLE_CODE = YES;
				CLANG_WARN__DUPLICATE_METHOD_MATCH = YES;
				COPY_PHASE_STRIP = NO;
				DEBUG_INFORMATION_FORMAT = dwarf;
				ENABLE_STRICT_OBJC_MSGSEND = YES;
				ENABLE_TESTABILITY = YES;
				GCC_C_LANGUAGE_STANDARD = gnu11;
				GCC_DYNAMIC_NO_PIC = NO;
				GCC_NO_COMMON_BLOCKS = YES;
				GCC_OPTIMIZATION_LEVEL = 0;
				GCC_PREPROCESSOR_DEFINITIONS = (
					"DEBUG=1",
					"$(inherited)",
				);
				GCC_WARN_64_TO_32_BIT_CONVERSION = YES;
				GCC_WARN_ABOUT_RETURN_TYPE = YES_ERROR;
				GCC_WARN_UNDECLARED_SELECTOR = YES;
				GCC_WARN_UNINITIALIZED_AUTOS = YES_AGGRESSIVE;
				GCC_WARN_UNUSED_FUNCTION = YES;
				GCC_WARN_UNUSED_VARIABLE = YES;
				IPHONEOS_DEPLOYMENT_TARGET = 13.4;
				MTL_ENABLE_DEBUG_INFO = INCLUDE_SOURCE;
				MTL_FAST_MATH = YES;
				ONLY_ACTIVE_ARCH = YES;
				SDKROOT = iphoneos;
				SWIFT_ACTIVE_COMPILATION_CONDITIONS = DEBUG;
				SWIFT_OPTIMIZATION_LEVEL = "-Onone";
			};
			name = Debug;
		};
		983CA7CC2438CB2900286A99 /* Release */ = {
			isa = XCBuildConfiguration;
			buildSettings = {
				ALWAYS_SEARCH_USER_PATHS = NO;
				CLANG_ANALYZER_NONNULL = YES;
				CLANG_ANALYZER_NUMBER_OBJECT_CONVERSION = YES_AGGRESSIVE;
				CLANG_CXX_LANGUAGE_STANDARD = "gnu++14";
				CLANG_CXX_LIBRARY = "libc++";
				CLANG_ENABLE_MODULES = YES;
				CLANG_ENABLE_OBJC_ARC = YES;
				CLANG_ENABLE_OBJC_WEAK = YES;
				CLANG_WARN_BLOCK_CAPTURE_AUTORELEASING = YES;
				CLANG_WARN_BOOL_CONVERSION = YES;
				CLANG_WARN_COMMA = YES;
				CLANG_WARN_CONSTANT_CONVERSION = YES;
				CLANG_WARN_DEPRECATED_OBJC_IMPLEMENTATIONS = YES;
				CLANG_WARN_DIRECT_OBJC_ISA_USAGE = YES_ERROR;
				CLANG_WARN_DOCUMENTATION_COMMENTS = YES;
				CLANG_WARN_EMPTY_BODY = YES;
				CLANG_WARN_ENUM_CONVERSION = YES;
				CLANG_WARN_INFINITE_RECURSION = YES;
				CLANG_WARN_INT_CONVERSION = YES;
				CLANG_WARN_NON_LITERAL_NULL_CONVERSION = YES;
				CLANG_WARN_OBJC_IMPLICIT_RETAIN_SELF = YES;
				CLANG_WARN_OBJC_LITERAL_CONVERSION = YES;
				CLANG_WARN_OBJC_ROOT_CLASS = YES_ERROR;
				CLANG_WARN_RANGE_LOOP_ANALYSIS = YES;
				CLANG_WARN_STRICT_PROTOTYPES = YES;
				CLANG_WARN_SUSPICIOUS_MOVE = YES;
				CLANG_WARN_UNGUARDED_AVAILABILITY = YES_AGGRESSIVE;
				CLANG_WARN_UNREACHABLE_CODE = YES;
				CLANG_WARN__DUPLICATE_METHOD_MATCH = YES;
				COPY_PHASE_STRIP = NO;
				DEBUG_INFORMATION_FORMAT = "dwarf-with-dsym";
				ENABLE_NS_ASSERTIONS = NO;
				ENABLE_STRICT_OBJC_MSGSEND = YES;
				GCC_C_LANGUAGE_STANDARD = gnu11;
				GCC_NO_COMMON_BLOCKS = YES;
				GCC_WARN_64_TO_32_BIT_CONVERSION = YES;
				GCC_WARN_ABOUT_RETURN_TYPE = YES_ERROR;
				GCC_WARN_UNDECLARED_SELECTOR = YES;
				GCC_WARN_UNINITIALIZED_AUTOS = YES_AGGRESSIVE;
				GCC_WARN_UNUSED_FUNCTION = YES;
				GCC_WARN_UNUSED_VARIABLE = YES;
				IPHONEOS_DEPLOYMENT_TARGET = 13.4;
				MTL_ENABLE_DEBUG_INFO = NO;
				MTL_FAST_MATH = YES;
				SDKROOT = iphoneos;
				SWIFT_COMPILATION_MODE = wholemodule;
				SWIFT_OPTIMIZATION_LEVEL = "-O";
				VALIDATE_PRODUCT = YES;
			};
			name = Release;
		};
		983CA7CE2438CB2900286A99 /* Debug */ = {
			isa = XCBuildConfiguration;
			buildSettings = {
				ASSETCATALOG_COMPILER_APPICON_NAME = AppIcon;
				CODE_SIGN_STYLE = Automatic;
				DEVELOPMENT_ASSET_PATHS = "\"HotProspects/Preview Content\"";
				DEVELOPMENT_TEAM = JQVSXS5J2X;
				ENABLE_PREVIEWS = YES;
				INFOPLIST_FILE = HotProspects/Info.plist;
				LD_RUNPATH_SEARCH_PATHS = (
					"$(inherited)",
					"@executable_path/Frameworks",
				);
				PRODUCT_BUNDLE_IDENTIFIER = me.petroonishchuk.HotProspects;
				PRODUCT_NAME = "$(TARGET_NAME)";
				SWIFT_VERSION = 5.0;
				TARGETED_DEVICE_FAMILY = "1,2";
			};
			name = Debug;
		};
		983CA7CF2438CB2900286A99 /* Release */ = {
			isa = XCBuildConfiguration;
			buildSettings = {
				ASSETCATALOG_COMPILER_APPICON_NAME = AppIcon;
				CODE_SIGN_STYLE = Automatic;
				DEVELOPMENT_ASSET_PATHS = "\"HotProspects/Preview Content\"";
				DEVELOPMENT_TEAM = JQVSXS5J2X;
				ENABLE_PREVIEWS = YES;
				INFOPLIST_FILE = HotProspects/Info.plist;
				LD_RUNPATH_SEARCH_PATHS = (
					"$(inherited)",
					"@executable_path/Frameworks",
				);
				PRODUCT_BUNDLE_IDENTIFIER = me.petroonishchuk.HotProspects;
				PRODUCT_NAME = "$(TARGET_NAME)";
				SWIFT_VERSION = 5.0;
				TARGETED_DEVICE_FAMILY = "1,2";
			};
			name = Release;
		};
/* End XCBuildConfiguration section */

/* Begin XCConfigurationList section */
		983CA7B12438CB2800286A99 /* Build configuration list for PBXProject "HotProspects" */ = {
			isa = XCConfigurationList;
			buildConfigurations = (
				983CA7CB2438CB2900286A99 /* Debug */,
				983CA7CC2438CB2900286A99 /* Release */,
			);
			defaultConfigurationIsVisible = 0;
			defaultConfigurationName = Release;
		};
		983CA7CD2438CB2900286A99 /* Build configuration list for PBXNativeTarget "HotProspects" */ = {
			isa = XCConfigurationList;
			buildConfigurations = (
				983CA7CE2438CB2900286A99 /* Debug */,
				983CA7CF2438CB2900286A99 /* Release */,
			);
			defaultConfigurationIsVisible = 0;
			defaultConfigurationName = Release;
		};
/* End XCConfigurationList section */

/* Begin XCRemoteSwiftPackageReference section */
		98E0B0D3243A637800974092 /* XCRemoteSwiftPackageReference "SamplePackage" */ = {
			isa = XCRemoteSwiftPackageReference;
			repositoryURL = "https://github.com/twostraws/SamplePackage";
			requirement = {
				kind = upToNextMajorVersion;
				minimumVersion = 1.0.0;
			};
		};
/* End XCRemoteSwiftPackageReference section */

/* Begin XCSwiftPackageProductDependency section */
		98E0B0D4243A637800974092 /* SamplePackage */ = {
			isa = XCSwiftPackageProductDependency;
			package = 98E0B0D3243A637800974092 /* XCRemoteSwiftPackageReference "SamplePackage" */;
			productName = SamplePackage;
		};
/* End XCSwiftPackageProductDependency section */

/* Begin XCVersionGroup section */
		983CA7BD2438CB2800286A99 /* HotProspects.xcdatamodeld */ = {
			isa = XCVersionGroup;
			children = (
				983CA7BE2438CB2800286A99 /* HotProspects.xcdatamodel */,
			);
			currentVersion = 983CA7BE2438CB2800286A99 /* HotProspects.xcdatamodel */;
			path = HotProspects.xcdatamodeld;
			sourceTree = "<group>";
			versionGroupType = wrapper.xcdatamodel;
		};
/* End XCVersionGroup section */
	};
	rootObject = 983CA7AE2438CB2800286A99 /* Project object */;
}
