// !$*UTF8*$!
{
	archiveVersion = 1;
	classes = {
	};
	objectVersion = 50;
	objects = {

/* Begin PBXBuildFile section */
		981A80222440C28B006DF8AC /* MagnificationGestureView.swift in Sources */ = {isa = PBXBuildFile; fileRef = 981A80212440C28B006DF8AC /* MagnificationGestureView.swift */; };
		981A80242440E43E006DF8AC /* RotationEffectView.swift in Sources */ = {isa = PBXBuildFile; fileRef = 981A80232440E43E006DF8AC /* RotationEffectView.swift */; };
		981A80262440E5C0006DF8AC /* HighPriorityGestureView.swift in Sources */ = {isa = PBXBuildFile; fileRef = 981A80252440E5C0006DF8AC /* HighPriorityGestureView.swift */; };
		981A80282440E636006DF8AC /* SimultaneousGestureView.swift in Sources */ = {isa = PBXBuildFile; fileRef = 981A80272440E636006DF8AC /* SimultaneousGestureView.swift */; };
		981A802A2440EF97006DF8AC /* GestureSequencingView.swift in Sources */ = {isa = PBXBuildFile; fileRef = 981A80292440EF97006DF8AC /* GestureSequencingView.swift */; };
		981A802C2440FBD4006DF8AC /* MakingVibrationsView.swift in Sources */ = {isa = PBXBuildFile; fileRef = 981A802B2440FBD4006DF8AC /* MakingVibrationsView.swift */; };
		981A802E24410339006DF8AC /* HitTestingView.swift in Sources */ = {isa = PBXBuildFile; fileRef = 981A802D24410339006DF8AC /* HitTestingView.swift */; };
		981CB88B243F9B250099756E /* AppDelegate.swift in Sources */ = {isa = PBXBuildFile; fileRef = 981CB88A243F9B250099756E /* AppDelegate.swift */; };
		981CB88D243F9B250099756E /* SceneDelegate.swift in Sources */ = {isa = PBXBuildFile; fileRef = 981CB88C243F9B250099756E /* SceneDelegate.swift */; };
		981CB890243F9B250099756E /* Flashzilla.xcdatamodeld in Sources */ = {isa = PBXBuildFile; fileRef = 981CB88E243F9B250099756E /* Flashzilla.xcdatamodeld */; };
		981CB892243F9B250099756E /* ContentView.swift in Sources */ = {isa = PBXBuildFile; fileRef = 981CB891243F9B250099756E /* ContentView.swift */; };
		981CB894243F9B260099756E /* Assets.xcassets in Resources */ = {isa = PBXBuildFile; fileRef = 981CB893243F9B260099756E /* Assets.xcassets */; };
		981CB897243F9B260099756E /* Preview Assets.xcassets in Resources */ = {isa = PBXBuildFile; fileRef = 981CB896243F9B260099756E /* Preview Assets.xcassets */; };
		981CB89A243F9B260099756E /* LaunchScreen.storyboard in Resources */ = {isa = PBXBuildFile; fileRef = 981CB898243F9B260099756E /* LaunchScreen.storyboard */; };
		98401C8124474843009F7E21 /* EditCards.swift in Sources */ = {isa = PBXBuildFile; fileRef = 98401C8024474843009F7E21 /* EditCards.swift */; };
		989779B52441F8AD00195DD4 /* TimerView.swift in Sources */ = {isa = PBXBuildFile; fileRef = 989779B42441F8AD00195DD4 /* TimerView.swift */; };
		989779B724420A4800195DD4 /* NotifictionCenterViewView.swift in Sources */ = {isa = PBXBuildFile; fileRef = 989779B624420A4800195DD4 /* NotifictionCenterViewView.swift */; };
		989779B924420E8D00195DD4 /* differentiateWithoutColorView.swift in Sources */ = {isa = PBXBuildFile; fileRef = 989779B824420E8D00195DD4 /* differentiateWithoutColorView.swift */; };
		989779BB2442120600195DD4 /* ReduceMotionView.swift in Sources */ = {isa = PBXBuildFile; fileRef = 989779BA2442120600195DD4 /* ReduceMotionView.swift */; };
		989779BD2442137C00195DD4 /* ReduceTransparencyView.swift in Sources */ = {isa = PBXBuildFile; fileRef = 989779BC2442137C00195DD4 /* ReduceTransparencyView.swift */; };
		989779C02442411000195DD4 /* Card.swift in Sources */ = {isa = PBXBuildFile; fileRef = 989779BF2442411000195DD4 /* Card.swift */; };
		989779C3244244E900195DD4 /* CardView.swift in Sources */ = {isa = PBXBuildFile; fileRef = 989779C2244244E900195DD4 /* CardView.swift */; };
/* End PBXBuildFile section */

/* Begin PBXFileReference section */
		981A80212440C28B006DF8AC /* MagnificationGestureView.swift */ = {isa = PBXFileReference; lastKnownFileType = sourcecode.swift; path = MagnificationGestureView.swift; sourceTree = "<group>"; };
		981A80232440E43E006DF8AC /* RotationEffectView.swift */ = {isa = PBXFileReference; lastKnownFileType = sourcecode.swift; path = RotationEffectView.swift; sourceTree = "<group>"; };
		981A80252440E5C0006DF8AC /* HighPriorityGestureView.swift */ = {isa = PBXFileReference; lastKnownFileType = sourcecode.swift; path = HighPriorityGestureView.swift; sourceTree = "<group>"; };
		981A80272440E636006DF8AC /* SimultaneousGestureView.swift */ = {isa = PBXFileReference; lastKnownFileType = sourcecode.swift; path = SimultaneousGestureView.swift; sourceTree = "<group>"; };
		981A80292440EF97006DF8AC /* GestureSequencingView.swift */ = {isa = PBXFileReference; lastKnownFileType = sourcecode.swift; path = GestureSequencingView.swift; sourceTree = "<group>"; };
		981A802B2440FBD4006DF8AC /* MakingVibrationsView.swift */ = {isa = PBXFileReference; lastKnownFileType = sourcecode.swift; path = MakingVibrationsView.swift; sourceTree = "<group>"; };
		981A802D24410339006DF8AC /* HitTestingView.swift */ = {isa = PBXFileReference; lastKnownFileType = sourcecode.swift; path = HitTestingView.swift; sourceTree = "<group>"; };
		981CB887243F9B250099756E /* Flashzilla.app */ = {isa = PBXFileReference; explicitFileType = wrapper.application; includeInIndex = 0; path = Flashzilla.app; sourceTree = BUILT_PRODUCTS_DIR; };
		981CB88A243F9B250099756E /* AppDelegate.swift */ = {isa = PBXFileReference; lastKnownFileType = sourcecode.swift; path = AppDelegate.swift; sourceTree = "<group>"; };
		981CB88C243F9B250099756E /* SceneDelegate.swift */ = {isa = PBXFileReference; lastKnownFileType = sourcecode.swift; path = SceneDelegate.swift; sourceTree = "<group>"; };
		981CB88F243F9B250099756E /* Flashzilla.xcdatamodel */ = {isa = PBXFileReference; lastKnownFileType = wrapper.xcdatamodel; path = Flashzilla.xcdatamodel; sourceTree = "<group>"; };
		981CB891243F9B250099756E /* ContentView.swift */ = {isa = PBXFileReference; lastKnownFileType = sourcecode.swift; path = ContentView.swift; sourceTree = "<group>"; };
		981CB893243F9B260099756E /* Assets.xcassets */ = {isa = PBXFileReference; lastKnownFileType = folder.assetcatalog; path = Assets.xcassets; sourceTree = "<group>"; };
		981CB896243F9B260099756E /* Preview Assets.xcassets */ = {isa = PBXFileReference; lastKnownFileType = folder.assetcatalog; path = "Preview Assets.xcassets"; sourceTree = "<group>"; };
		981CB899243F9B260099756E /* Base */ = {isa = PBXFileReference; lastKnownFileType = file.storyboard; name = Base; path = Base.lproj/LaunchScreen.storyboard; sourceTree = "<group>"; };
		981CB89B243F9B260099756E /* Info.plist */ = {isa = PBXFileReference; lastKnownFileType = text.plist.xml; path = Info.plist; sourceTree = "<group>"; };
		98401C8024474843009F7E21 /* EditCards.swift */ = {isa = PBXFileReference; lastKnownFileType = sourcecode.swift; path = EditCards.swift; sourceTree = "<group>"; };
		989779B42441F8AD00195DD4 /* TimerView.swift */ = {isa = PBXFileReference; lastKnownFileType = sourcecode.swift; path = TimerView.swift; sourceTree = "<group>"; };
		989779B624420A4800195DD4 /* NotifictionCenterViewView.swift */ = {isa = PBXFileReference; lastKnownFileType = sourcecode.swift; path = NotifictionCenterViewView.swift; sourceTree = "<group>"; };
		989779B824420E8D00195DD4 /* differentiateWithoutColorView.swift */ = {isa = PBXFileReference; lastKnownFileType = sourcecode.swift; path = differentiateWithoutColorView.swift; sourceTree = "<group>"; };
		989779BA2442120600195DD4 /* ReduceMotionView.swift */ = {isa = PBXFileReference; lastKnownFileType = sourcecode.swift; path = ReduceMotionView.swift; sourceTree = "<group>"; };
		989779BC2442137C00195DD4 /* ReduceTransparencyView.swift */ = {isa = PBXFileReference; lastKnownFileType = sourcecode.swift; path = ReduceTransparencyView.swift; sourceTree = "<group>"; };
		989779BF2442411000195DD4 /* Card.swift */ = {isa = PBXFileReference; lastKnownFileType = sourcecode.swift; path = Card.swift; sourceTree = "<group>"; };
		989779C2244244E900195DD4 /* CardView.swift */ = {isa = PBXFileReference; lastKnownFileType = sourcecode.swift; path = CardView.swift; sourceTree = "<group>"; };
/* End PBXFileReference section */

/* Begin PBXFrameworksBuildPhase section */
		981CB884243F9B250099756E /* Frameworks */ = {
			isa = PBXFrameworksBuildPhase;
			buildActionMask = 2147483647;
			files = (
			);
			runOnlyForDeploymentPostprocessing = 0;
		};
/* End PBXFrameworksBuildPhase section */

/* Begin PBXGroup section */
		981A80202440C1E7006DF8AC /* TechiquesView */ = {
			isa = PBXGroup;
			children = (
				981A80212440C28B006DF8AC /* MagnificationGestureView.swift */,
				981A80232440E43E006DF8AC /* RotationEffectView.swift */,
				981A80252440E5C0006DF8AC /* HighPriorityGestureView.swift */,
				981A80272440E636006DF8AC /* SimultaneousGestureView.swift */,
				981A80292440EF97006DF8AC /* GestureSequencingView.swift */,
				981A802B2440FBD4006DF8AC /* MakingVibrationsView.swift */,
				981A802D24410339006DF8AC /* HitTestingView.swift */,
				989779B42441F8AD00195DD4 /* TimerView.swift */,
				989779B624420A4800195DD4 /* NotifictionCenterViewView.swift */,
				989779B824420E8D00195DD4 /* differentiateWithoutColorView.swift */,
				989779BA2442120600195DD4 /* ReduceMotionView.swift */,
				989779BC2442137C00195DD4 /* ReduceTransparencyView.swift */,
			);
			path = TechiquesView;
			sourceTree = "<group>";
		};
		981CB87E243F9B250099756E = {
			isa = PBXGroup;
			children = (
				981CB889243F9B250099756E /* Flashzilla */,
				981CB888243F9B250099756E /* Products */,
			);
			sourceTree = "<group>";
		};
		981CB888243F9B250099756E /* Products */ = {
			isa = PBXGroup;
			children = (
				981CB887243F9B250099756E /* Flashzilla.app */,
			);
			name = Products;
			sourceTree = "<group>";
		};
		981CB889243F9B250099756E /* Flashzilla */ = {
			isa = PBXGroup;
			children = (
				981A80202440C1E7006DF8AC /* TechiquesView */,
				989779BE244240F300195DD4 /* Model */,
				989779C12442449B00195DD4 /* FlashzillaView */,
				981CB88A243F9B250099756E /* AppDelegate.swift */,
				981CB88C243F9B250099756E /* SceneDelegate.swift */,
				981CB893243F9B260099756E /* Assets.xcassets */,
				981CB898243F9B260099756E /* LaunchScreen.storyboard */,
				981CB89B243F9B260099756E /* Info.plist */,
				981CB88E243F9B250099756E /* Flashzilla.xcdatamodeld */,
				981CB895243F9B260099756E /* Preview Content */,
			);
			path = Flashzilla;
			sourceTree = "<group>";
		};
		981CB895243F9B260099756E /* Preview Content */ = {
			isa = PBXGroup;
			children = (
				981CB896243F9B260099756E /* Preview Assets.xcassets */,
			);
			path = "Preview Content";
			sourceTree = "<group>";
		};
		989779BE244240F300195DD4 /* Model */ = {
			isa = PBXGroup;
			children = (
				989779BF2442411000195DD4 /* Card.swift */,
			);
			path = Model;
			sourceTree = "<group>";
		};
		989779C12442449B00195DD4 /* FlashzillaView */ = {
			isa = PBXGroup;
			children = (
				981CB891243F9B250099756E /* ContentView.swift */,
				989779C2244244E900195DD4 /* CardView.swift */,
				98401C8024474843009F7E21 /* EditCards.swift */,
			);
			path = FlashzillaView;
			sourceTree = "<group>";
		};
/* End PBXGroup section */

/* Begin PBXNativeTarget section */
		981CB886243F9B250099756E /* Flashzilla */ = {
			isa = PBXNativeTarget;
			buildConfigurationList = 981CB89E243F9B260099756E /* Build configuration list for PBXNativeTarget "Flashzilla" */;
			buildPhases = (
				981CB883243F9B250099756E /* Sources */,
				981CB884243F9B250099756E /* Frameworks */,
				981CB885243F9B250099756E /* Resources */,
			);
			buildRules = (
			);
			dependencies = (
			);
			name = Flashzilla;
			productName = Flashzilla;
			productReference = 981CB887243F9B250099756E /* Flashzilla.app */;
			productType = "com.apple.product-type.application";
		};
/* End PBXNativeTarget section */

/* Begin PBXProject section */
		981CB87F243F9B250099756E /* Project object */ = {
			isa = PBXProject;
			attributes = {
				LastSwiftUpdateCheck = 1140;
				LastUpgradeCheck = 1140;
				ORGANIZATIONNAME = "Petro Onishchuk";
				TargetAttributes = {
					981CB886243F9B250099756E = {
						CreatedOnToolsVersion = 11.4;
					};
				};
			};
			buildConfigurationList = 981CB882243F9B250099756E /* Build configuration list for PBXProject "Flashzilla" */;
			compatibilityVersion = "Xcode 9.3";
			developmentRegion = en;
			hasScannedForEncodings = 0;
			knownRegions = (
				en,
				Base,
			);
			mainGroup = 981CB87E243F9B250099756E;
			productRefGroup = 981CB888243F9B250099756E /* Products */;
			projectDirPath = "";
			projectRoot = "";
			targets = (
				981CB886243F9B250099756E /* Flashzilla */,
			);
		};
/* End PBXProject section */

/* Begin PBXResourcesBuildPhase section */
		981CB885243F9B250099756E /* Resources */ = {
			isa = PBXResourcesBuildPhase;
			buildActionMask = 2147483647;
			files = (
				981CB89A243F9B260099756E /* LaunchScreen.storyboard in Resources */,
				981CB897243F9B260099756E /* Preview Assets.xcassets in Resources */,
				981CB894243F9B260099756E /* Assets.xcassets in Resources */,
			);
			runOnlyForDeploymentPostprocessing = 0;
		};
/* End PBXResourcesBuildPhase section */

/* Begin PBXSourcesBuildPhase section */
		981CB883243F9B250099756E /* Sources */ = {
			isa = PBXSourcesBuildPhase;
			buildActionMask = 2147483647;
			files = (
				981A802C2440FBD4006DF8AC /* MakingVibrationsView.swift in Sources */,
				981CB890243F9B250099756E /* Flashzilla.xcdatamodeld in Sources */,
				981CB88B243F9B250099756E /* AppDelegate.swift in Sources */,
				981A80222440C28B006DF8AC /* MagnificationGestureView.swift in Sources */,
				989779BD2442137C00195DD4 /* ReduceTransparencyView.swift in Sources */,
				981A802E24410339006DF8AC /* HitTestingView.swift in Sources */,
				989779C02442411000195DD4 /* Card.swift in Sources */,
				981A80282440E636006DF8AC /* SimultaneousGestureView.swift in Sources */,
				989779B52441F8AD00195DD4 /* TimerView.swift in Sources */,
				989779B724420A4800195DD4 /* NotifictionCenterViewView.swift in Sources */,
				98401C8124474843009F7E21 /* EditCards.swift in Sources */,
				989779C3244244E900195DD4 /* CardView.swift in Sources */,
				981A80242440E43E006DF8AC /* RotationEffectView.swift in Sources */,
				981A802A2440EF97006DF8AC /* GestureSequencingView.swift in Sources */,
				989779B924420E8D00195DD4 /* differentiateWithoutColorView.swift in Sources */,
				981CB892243F9B250099756E /* ContentView.swift in Sources */,
				981CB88D243F9B250099756E /* SceneDelegate.swift in Sources */,
				981A80262440E5C0006DF8AC /* HighPriorityGestureView.swift in Sources */,
				989779BB2442120600195DD4 /* ReduceMotionView.swift in Sources */,
			);
			runOnlyForDeploymentPostprocessing = 0;
		};
/* End PBXSourcesBuildPhase section */

/* Begin PBXVariantGroup section */
		981CB898243F9B260099756E /* LaunchScreen.storyboard */ = {
			isa = PBXVariantGroup;
			children = (
				981CB899243F9B260099756E /* Base */,
			);
			name = LaunchScreen.storyboard;
			sourceTree = "<group>";
		};
/* End PBXVariantGroup section */

/* Begin XCBuildConfiguration section */
		981CB89C243F9B260099756E /* Debug */ = {
			isa = XCBuildConfiguration;
			buildSettings = {
				ALWAYS_SEARCH_USER_PATHS = NO;
				CLANG_ANALYZER_NONNULL = YES;
				CLANG_ANALYZER_NUMBER_OBJECT_CONVERSION = YES_AGGRESSIVE;
				CLANG_CXX_LANGUAGE_STANDARD = "gnu++14";
				CLANG_CXX_LIBRARY = "libc++";
				CLANG_ENABLE_MODULES = YES;
				CLANG_ENABLE_OBJC_ARC = YES;
				CLANG_ENABLE_OBJC_WEAK = YES;
				CLANG_WARN_BLOCK_CAPTURE_AUTORELEASING = YES;
				CLANG_WARN_BOOL_CONVERSION = YES;
				CLANG_WARN_COMMA = YES;
				CLANG_WARN_CONSTANT_CONVERSION = YES;
				CLANG_WARN_DEPRECATED_OBJC_IMPLEMENTATIONS = YES;
				CLANG_WARN_DIRECT_OBJC_ISA_USAGE = YES_ERROR;
				CLANG_WARN_DOCUMENTATION_COMMENTS = YES;
				CLANG_WARN_EMPTY_BODY = YES;
				CLANG_WARN_ENUM_CONVERSION = YES;
				CLANG_WARN_INFINITE_RECURSION = YES;
				CLANG_WARN_INT_CONVERSION = YES;
				CLANG_WARN_NON_LITERAL_NULL_CONVERSION = YES;
				CLANG_WARN_OBJC_IMPLICIT_RETAIN_SELF = YES;
				CLANG_WARN_OBJC_LITERAL_CONVERSION = YES;
				CLANG_WARN_OBJC_ROOT_CLASS = YES_ERROR;
				CLANG_WARN_RANGE_LOOP_ANALYSIS = YES;
				CLANG_WARN_STRICT_PROTOTYPES = YES;
				CLANG_WARN_SUSPICIOUS_MOVE = YES;
				CLANG_WARN_UNGUARDED_AVAILABILITY = YES_AGGRESSIVE;
				CLANG_WARN_UNREACHABLE_CODE = YES;
				CLANG_WARN__DUPLICATE_METHOD_MATCH = YES;
				COPY_PHASE_STRIP = NO;
				DEBUG_INFORMATION_FORMAT = dwarf;
				ENABLE_STRICT_OBJC_MSGSEND = YES;
				ENABLE_TESTABILITY = YES;
				GCC_C_LANGUAGE_STANDARD = gnu11;
				GCC_DYNAMIC_NO_PIC = NO;
				GCC_NO_COMMON_BLOCKS = YES;
				GCC_OPTIMIZATION_LEVEL = 0;
				GCC_PREPROCESSOR_DEFINITIONS = (
					"DEBUG=1",
					"$(inherited)",
				);
				GCC_WARN_64_TO_32_BIT_CONVERSION = YES;
				GCC_WARN_ABOUT_RETURN_TYPE = YES_ERROR;
				GCC_WARN_UNDECLARED_SELECTOR = YES;
				GCC_WARN_UNINITIALIZED_AUTOS = YES_AGGRESSIVE;
				GCC_WARN_UNUSED_FUNCTION = YES;
				GCC_WARN_UNUSED_VARIABLE = YES;
				IPHONEOS_DEPLOYMENT_TARGET = 13.4;
				MTL_ENABLE_DEBUG_INFO = INCLUDE_SOURCE;
				MTL_FAST_MATH = YES;
				ONLY_ACTIVE_ARCH = YES;
				SDKROOT = iphoneos;
				SWIFT_ACTIVE_COMPILATION_CONDITIONS = DEBUG;
				SWIFT_OPTIMIZATION_LEVEL = "-Onone";
			};
			name = Debug;
		};
		981CB89D243F9B260099756E /* Release */ = {
			isa = XCBuildConfiguration;
			buildSettings = {
				ALWAYS_SEARCH_USER_PATHS = NO;
				CLANG_ANALYZER_NONNULL = YES;
				CLANG_ANALYZER_NUMBER_OBJECT_CONVERSION = YES_AGGRESSIVE;
				CLANG_CXX_LANGUAGE_STANDARD = "gnu++14";
				CLANG_CXX_LIBRARY = "libc++";
				CLANG_ENABLE_MODULES = YES;
				CLANG_ENABLE_OBJC_ARC = YES;
				CLANG_ENABLE_OBJC_WEAK = YES;
				CLANG_WARN_BLOCK_CAPTURE_AUTORELEASING = YES;
				CLANG_WARN_BOOL_CONVERSION = YES;
				CLANG_WARN_COMMA = YES;
				CLANG_WARN_CONSTANT_CONVERSION = YES;
				CLANG_WARN_DEPRECATED_OBJC_IMPLEMENTATIONS = YES;
				CLANG_WARN_DIRECT_OBJC_ISA_USAGE = YES_ERROR;
				CLANG_WARN_DOCUMENTATION_COMMENTS = YES;
				CLANG_WARN_EMPTY_BODY = YES;
				CLANG_WARN_ENUM_CONVERSION = YES;
				CLANG_WARN_INFINITE_RECURSION = YES;
				CLANG_WARN_INT_CONVERSION = YES;
				CLANG_WARN_NON_LITERAL_NULL_CONVERSION = YES;
				CLANG_WARN_OBJC_IMPLICIT_RETAIN_SELF = YES;
				CLANG_WARN_OBJC_LITERAL_CONVERSION = YES;
				CLANG_WARN_OBJC_ROOT_CLASS = YES_ERROR;
				CLANG_WARN_RANGE_LOOP_ANALYSIS = YES;
				CLANG_WARN_STRICT_PROTOTYPES = YES;
				CLANG_WARN_SUSPICIOUS_MOVE = YES;
				CLANG_WARN_UNGUARDED_AVAILABILITY = YES_AGGRESSIVE;
				CLANG_WARN_UNREACHABLE_CODE = YES;
				CLANG_WARN__DUPLICATE_METHOD_MATCH = YES;
				COPY_PHASE_STRIP = NO;
				DEBUG_INFORMATION_FORMAT = "dwarf-with-dsym";
				ENABLE_NS_ASSERTIONS = NO;
				ENABLE_STRICT_OBJC_MSGSEND = YES;
				GCC_C_LANGUAGE_STANDARD = gnu11;
				GCC_NO_COMMON_BLOCKS = YES;
				GCC_WARN_64_TO_32_BIT_CONVERSION = YES;
				GCC_WARN_ABOUT_RETURN_TYPE = YES_ERROR;
				GCC_WARN_UNDECLARED_SELECTOR = YES;
				GCC_WARN_UNINITIALIZED_AUTOS = YES_AGGRESSIVE;
				GCC_WARN_UNUSED_FUNCTION = YES;
				GCC_WARN_UNUSED_VARIABLE = YES;
				IPHONEOS_DEPLOYMENT_TARGET = 13.4;
				MTL_ENABLE_DEBUG_INFO = NO;
				MTL_FAST_MATH = YES;
				SDKROOT = iphoneos;
				SWIFT_COMPILATION_MODE = wholemodule;
				SWIFT_OPTIMIZATION_LEVEL = "-O";
				VALIDATE_PRODUCT = YES;
			};
			name = Release;
		};
		981CB89F243F9B260099756E /* Debug */ = {
			isa = XCBuildConfiguration;
			buildSettings = {
				ASSETCATALOG_COMPILER_APPICON_NAME = AppIcon;
				CODE_SIGN_STYLE = Automatic;
				DEVELOPMENT_ASSET_PATHS = "\"Flashzilla/Preview Content\"";
				DEVELOPMENT_TEAM = JQVSXS5J2X;
				ENABLE_PREVIEWS = YES;
				INFOPLIST_FILE = Flashzilla/Info.plist;
				IPHONEOS_DEPLOYMENT_TARGET = 13.4;
				LD_RUNPATH_SEARCH_PATHS = (
					"$(inherited)",
					"@executable_path/Frameworks",
				);
				PRODUCT_BUNDLE_IDENTIFIER = me.petroonishchuk.Flashzilla;
				PRODUCT_NAME = "$(TARGET_NAME)";
				SWIFT_VERSION = 5.0;
				TARGETED_DEVICE_FAMILY = "1,2";
			};
			name = Debug;
		};
		981CB8A0243F9B260099756E /* Release */ = {
			isa = XCBuildConfiguration;
			buildSettings = {
				ASSETCATALOG_COMPILER_APPICON_NAME = AppIcon;
				CODE_SIGN_STYLE = Automatic;
				DEVELOPMENT_ASSET_PATHS = "\"Flashzilla/Preview Content\"";
				DEVELOPMENT_TEAM = JQVSXS5J2X;
				ENABLE_PREVIEWS = YES;
				INFOPLIST_FILE = Flashzilla/Info.plist;
				IPHONEOS_DEPLOYMENT_TARGET = 13.4;
				LD_RUNPATH_SEARCH_PATHS = (
					"$(inherited)",
					"@executable_path/Frameworks",
				);
				PRODUCT_BUNDLE_IDENTIFIER = me.petroonishchuk.Flashzilla;
				PRODUCT_NAME = "$(TARGET_NAME)";
				SWIFT_VERSION = 5.0;
				TARGETED_DEVICE_FAMILY = "1,2";
			};
			name = Release;
		};
/* End XCBuildConfiguration section */

/* Begin XCConfigurationList section */
		981CB882243F9B250099756E /* Build configuration list for PBXProject "Flashzilla" */ = {
			isa = XCConfigurationList;
			buildConfigurations = (
				981CB89C243F9B260099756E /* Debug */,
				981CB89D243F9B260099756E /* Release */,
			);
			defaultConfigurationIsVisible = 0;
			defaultConfigurationName = Release;
		};
		981CB89E243F9B260099756E /* Build configuration list for PBXNativeTarget "Flashzilla" */ = {
			isa = XCConfigurationList;
			buildConfigurations = (
				981CB89F243F9B260099756E /* Debug */,
				981CB8A0243F9B260099756E /* Release */,
			);
			defaultConfigurationIsVisible = 0;
			defaultConfigurationName = Release;
		};
/* End XCConfigurationList section */

/* Begin XCVersionGroup section */
		981CB88E243F9B250099756E /* Flashzilla.xcdatamodeld */ = {
			isa = XCVersionGroup;
			children = (
				981CB88F243F9B250099756E /* Flashzilla.xcdatamodel */,
			);
			currentVersion = 981CB88F243F9B250099756E /* Flashzilla.xcdatamodel */;
			path = Flashzilla.xcdatamodeld;
			sourceTree = "<group>";
			versionGroupType = wrapper.xcdatamodel;
		};
/* End XCVersionGroup section */
	};
	rootObject = 981CB87F243F9B250099756E /* Project object */;
}
